
Microsoft Visual Studio Solution File, Format Version 12.00
# Visual Studio Version 17
VisualStudioVersion = 17.7.34009.444
MinimumVisualStudioVersion = 10.0.40219.1
Project("{FAE04EC0-301F-11D3-BF4B-00C04F79EFBC}") = "Unbreakable Tackles", "Unbreakable Tackles.csproj", "{D4F5D47C-2E1D-471F-8740-6B4107FEE9D3}"
EndProject
Global
	GlobalSection(SolutionConfigurationPlatforms) = preSolution
		Debug|Any CPU = Debug|Any CPU
		Release|Any CPU = Release|Any CPU
	EndGlobalSection
	GlobalSection(ProjectConfigurationPlatforms) = postSolution
		{D4F5D47C-2E1D-471F-8740-6B4107FEE9D3}.Debug|Any CPU.ActiveCfg = Debug|Any CPU
		{D4F5D47C-2E1D-471F-8740-6B4107FEE9D3}.Debug|Any CPU.Build.0 = Debug|Any CPU
		{D4F5D47C-2E1D-471F-8740-6B4107FEE9D3}.Release|Any CPU.ActiveCfg = Release|Any CPU
		{D4F5D47C-2E1D-471F-8740-6B4107FEE9D3}.Release|Any CPU.Build.0 = Release|Any CPU
	EndGlobalSection
	GlobalSection(SolutionProperties) = preSolution
		HideSolutionNode = FALSE
	EndGlobalSection
	GlobalSection(ExtensibilityGlobals) = postSolution
		SolutionGuid = {1489995D-2709-4D6D-8933-A028D2C62617}
	EndGlobalSection
EndGlobal
