
Microsoft Visual Studio Solution File, Format Version 12.00
# Visual Studio Version 16
VisualStudioVersion = 16.0.28803.352
MinimumVisualStudioVersion = 10.0.40219.1
Project("{2150E333-8FDC-42A3-9474-1A3956D46DE8}") = ".metadata", ".metadata", "{ACEE3349-CD26-4969-8693-5CB58786A2AA}"
	ProjectSection(SolutionItems) = preProject
		.gitattributes = .gitattributes
		.gitignore = .gitignore
		deploy-mod.targets = deploy-mod.targets
		README.md = README.md
		stardewvalley.targets = stardewvalley.targets
	EndProjectSection
EndProject
Project("{9A19103F-16F7-4668-BE54-9A1E7A4F7556}") = "ClimatesOfFerngill", "ClimatesOfFerngill\ClimatesOfFerngill.csproj", "{05619393-D9AA-441D-AEE6-08A9867A8A8A}"
EndProject
Project("{9A19103F-16F7-4668-BE54-9A1E7A4F7556}") = "CustomizableCartRedux", "CustomizableCartRedux\CustomizableCartRedux.csproj", "{2C01E33D-677B-495C-AF34-C974D6A8153F}"
EndProject
Project("{9A19103F-16F7-4668-BE54-9A1E7A4F7556}") = "DynamicNightTime", "DynamicNightTime\DynamicNightTime.csproj", "{548156A4-534F-45D6-9659-1828B5C32FA5}"
EndProject
Project("{9A19103F-16F7-4668-BE54-9A1E7A4F7556}") = "LunarDisturbances", "LunarDisturbances\LunarDisturbances.csproj", "{6660C087-67FD-453A-BD05-8B313EB21A5F}"
EndProject
Project("{9A19103F-16F7-4668-BE54-9A1E7A4F7556}") = "StardewNotification", "StardewNotification\StardewNotification.csproj", "{F7652AF6-8727-4F00-8699-32FF49F901D9}"
EndProject
Project("{9A19103F-16F7-4668-BE54-9A1E7A4F7556}") = "SummitReborn", "SummitReborn\SummitReborn.csproj", "{FB52480F-F19E-4FED-8DC8-FF8F0D239A75}"
EndProject
Project("{9A19103F-16F7-4668-BE54-9A1E7A4F7556}") = "TimeReminder", "TimeReminder\TimeReminder.csproj", "{0F884B11-11BE-479F-B328-3EE49966B58B}"
EndProject
Project("{D954291E-2A0B-460D-934E-DC6B0785DB48}") = "TwilightCoreShared", "TwilightCoreShared\TwilightCoreShared.shproj", "{01DA90D0-EEC8-427B-9409-3168A8089F20}"
EndProject
Project("{9A19103F-16F7-4668-BE54-9A1E7A4F7556}") = "WeatherIllnesses", "WeatherIllnesses\WeatherIllnesses.csproj", "{32A91CA3-CAAB-4E95-BAE5-FBF459DE6927}"
EndProject
Project("{9A19103F-16F7-4668-BE54-9A1E7A4F7556}") = "RealisticWeatherEffects", "RealisticWeatherEffects\RealisticWeatherEffects.csproj", "{9433AC91-87C7-42A8-A594-34CF88BFE01B}"
EndProject
Global
	GlobalSection(SharedMSBuildProjectFiles) = preSolution
		TwilightCoreShared\TwilightCoreShared.projitems*{01da90d0-eec8-427b-9409-3168a8089f20}*SharedItemsImports = 13
	EndGlobalSection
	GlobalSection(SolutionConfigurationPlatforms) = preSolution
		Debug|Any CPU = Debug|Any CPU
		Debug|x86 = Debug|x86
		Release|Any CPU = Release|Any CPU
		Release|x86 = Release|x86
	EndGlobalSection
	GlobalSection(ProjectConfigurationPlatforms) = postSolution
		{05619393-D9AA-441D-AEE6-08A9867A8A8A}.Debug|Any CPU.ActiveCfg = Debug|x86
		{05619393-D9AA-441D-AEE6-08A9867A8A8A}.Debug|x86.ActiveCfg = Debug|x86
		{05619393-D9AA-441D-AEE6-08A9867A8A8A}.Debug|x86.Build.0 = Debug|x86
		{05619393-D9AA-441D-AEE6-08A9867A8A8A}.Release|Any CPU.ActiveCfg = Release|x86
		{05619393-D9AA-441D-AEE6-08A9867A8A8A}.Release|x86.ActiveCfg = Release|x86
		{05619393-D9AA-441D-AEE6-08A9867A8A8A}.Release|x86.Build.0 = Release|x86
		{2C01E33D-677B-495C-AF34-C974D6A8153F}.Debug|Any CPU.ActiveCfg = Debug|x86
		{2C01E33D-677B-495C-AF34-C974D6A8153F}.Debug|x86.ActiveCfg = Debug|x86
		{2C01E33D-677B-495C-AF34-C974D6A8153F}.Debug|x86.Build.0 = Debug|x86
		{2C01E33D-677B-495C-AF34-C974D6A8153F}.Release|Any CPU.ActiveCfg = Release|x86
		{2C01E33D-677B-495C-AF34-C974D6A8153F}.Release|x86.ActiveCfg = Release|x86
		{2C01E33D-677B-495C-AF34-C974D6A8153F}.Release|x86.Build.0 = Release|x86
		{548156A4-534F-45D6-9659-1828B5C32FA5}.Debug|Any CPU.ActiveCfg = Debug|x86
		{548156A4-534F-45D6-9659-1828B5C32FA5}.Debug|x86.ActiveCfg = Debug|x86
		{548156A4-534F-45D6-9659-1828B5C32FA5}.Debug|x86.Build.0 = Debug|x86
		{548156A4-534F-45D6-9659-1828B5C32FA5}.Release|Any CPU.ActiveCfg = Release|x86
		{548156A4-534F-45D6-9659-1828B5C32FA5}.Release|x86.ActiveCfg = Release|x86
		{548156A4-534F-45D6-9659-1828B5C32FA5}.Release|x86.Build.0 = Release|x86
		{6660C087-67FD-453A-BD05-8B313EB21A5F}.Debug|Any CPU.ActiveCfg = Debug|x86
		{6660C087-67FD-453A-BD05-8B313EB21A5F}.Debug|x86.ActiveCfg = Debug|x86
		{6660C087-67FD-453A-BD05-8B313EB21A5F}.Debug|x86.Build.0 = Debug|x86
		{6660C087-67FD-453A-BD05-8B313EB21A5F}.Release|Any CPU.ActiveCfg = Release|x86
		{6660C087-67FD-453A-BD05-8B313EB21A5F}.Release|x86.ActiveCfg = Release|x86
		{6660C087-67FD-453A-BD05-8B313EB21A5F}.Release|x86.Build.0 = Release|x86
		{F7652AF6-8727-4F00-8699-32FF49F901D9}.Debug|Any CPU.ActiveCfg = Debug|x86
		{F7652AF6-8727-4F00-8699-32FF49F901D9}.Debug|x86.ActiveCfg = Debug|x86
		{F7652AF6-8727-4F00-8699-32FF49F901D9}.Debug|x86.Build.0 = Debug|x86
		{F7652AF6-8727-4F00-8699-32FF49F901D9}.Release|Any CPU.ActiveCfg = Release|x86
		{F7652AF6-8727-4F00-8699-32FF49F901D9}.Release|x86.ActiveCfg = Release|x86
		{F7652AF6-8727-4F00-8699-32FF49F901D9}.Release|x86.Build.0 = Release|x86
		{FB52480F-F19E-4FED-8DC8-FF8F0D239A75}.Debug|Any CPU.ActiveCfg = Debug|x86
		{FB52480F-F19E-4FED-8DC8-FF8F0D239A75}.Debug|x86.ActiveCfg = Debug|x86
		{FB52480F-F19E-4FED-8DC8-FF8F0D239A75}.Debug|x86.Build.0 = Debug|x86
		{FB52480F-F19E-4FED-8DC8-FF8F0D239A75}.Release|Any CPU.ActiveCfg = Release|x86
		{FB52480F-F19E-4FED-8DC8-FF8F0D239A75}.Release|x86.ActiveCfg = Release|x86
		{FB52480F-F19E-4FED-8DC8-FF8F0D239A75}.Release|x86.Build.0 = Release|x86
		{0F884B11-11BE-479F-B328-3EE49966B58B}.Debug|Any CPU.ActiveCfg = Debug|x86
		{0F884B11-11BE-479F-B328-3EE49966B58B}.Debug|x86.ActiveCfg = Debug|x86
		{0F884B11-11BE-479F-B328-3EE49966B58B}.Debug|x86.Build.0 = Debug|x86
		{0F884B11-11BE-479F-B328-3EE49966B58B}.Release|Any CPU.ActiveCfg = Release|x86
		{0F884B11-11BE-479F-B328-3EE49966B58B}.Release|x86.ActiveCfg = Release|x86
		{0F884B11-11BE-479F-B328-3EE49966B58B}.Release|x86.Build.0 = Release|x86
		{32A91CA3-CAAB-4E95-BAE5-FBF459DE6927}.Debug|Any CPU.ActiveCfg = Debug|x86
		{32A91CA3-CAAB-4E95-BAE5-FBF459DE6927}.Debug|x86.ActiveCfg = Debug|x86
		{32A91CA3-CAAB-4E95-BAE5-FBF459DE6927}.Debug|x86.Build.0 = Debug|x86
		{32A91CA3-CAAB-4E95-BAE5-FBF459DE6927}.Release|Any CPU.ActiveCfg = Release|x86
		{32A91CA3-CAAB-4E95-BAE5-FBF459DE6927}.Release|x86.ActiveCfg = Release|x86
		{32A91CA3-CAAB-4E95-BAE5-FBF459DE6927}.Release|x86.Build.0 = Release|x86
		{9433AC91-87C7-42A8-A594-34CF88BFE01B}.Debug|Any CPU.ActiveCfg = Debug|x86
		{9433AC91-87C7-42A8-A594-34CF88BFE01B}.Debug|x86.ActiveCfg = Debug|x86
		{9433AC91-87C7-42A8-A594-34CF88BFE01B}.Debug|x86.Build.0 = Debug|x86
		{9433AC91-87C7-42A8-A594-34CF88BFE01B}.Release|Any CPU.ActiveCfg = Release|x86
		{9433AC91-87C7-42A8-A594-34CF88BFE01B}.Release|x86.ActiveCfg = Release|x86
		{9433AC91-87C7-42A8-A594-34CF88BFE01B}.Release|x86.Build.0 = Release|x86
	EndGlobalSection
	GlobalSection(SolutionProperties) = preSolution
		HideSolutionNode = FALSE
	EndGlobalSection
	GlobalSection(ExtensibilityGlobals) = postSolution
		SolutionGuid = {1EB72F81-CEFC-4B96-86E3-BAFF4280E4A1}
	EndGlobalSection
EndGlobal
