
Microsoft Visual Studio Solution File, Format Version 12.00
# Visual Studio Version 17
VisualStudioVersion = 17.10.35013.160
MinimumVisualStudioVersion = 10.0.40219.1
Project("{FAE04EC0-301F-11D3-BF4B-00C04F79EFBC}") = "DayLimiter", "DayLimiter\DayLimiter.csproj", "{73D3A2FC-5523-48E1-936A-FAA9C15C1305}"
EndProject
Global
	GlobalSection(SolutionConfigurationPlatforms) = preSolution
		Debug|Any CPU = Debug|Any CPU
		Release|Any CPU = Release|Any CPU
	EndGlobalSection
	GlobalSection(ProjectConfigurationPlatforms) = postSolution
		{73D3A2FC-5523-48E1-936A-FAA9C15C1305}.Debug|Any CPU.ActiveCfg = Debug|Any CPU
		{73D3A2FC-5523-48E1-936A-FAA9C15C1305}.Debug|Any CPU.Build.0 = Debug|Any CPU
		{73D3A2FC-5523-48E1-936A-FAA9C15C1305}.Release|Any CPU.ActiveCfg = Release|Any CPU
		{73D3A2FC-5523-48E1-936A-FAA9C15C1305}.Release|Any CPU.Build.0 = Release|Any CPU
	EndGlobalSection
	GlobalSection(SolutionProperties) = preSolution
		HideSolutionNode = FALSE
	EndGlobalSection
	GlobalSection(ExtensibilityGlobals) = postSolution
		SolutionGuid = {D38735AB-C113-4ED7-8C52-AB81C8BACC9A}
	EndGlobalSection
EndGlobal
