
Microsoft Visual Studio Solution File, Format Version 12.00
# Visual Studio 2012
Project("{FAE04EC0-301F-11D3-BF4B-00C04F79EFBC}") = "StardewNotification", "StardewNotification.csproj", "{030F3895-BE23-48E8-9A54-2AC1010C2BCA}"
EndProject
Global
	GlobalSection(SolutionConfigurationPlatforms) = preSolution
		Debug|Any CPU = Debug|Any CPU
		Release|Any CPU = Release|Any CPU
	EndGlobalSection
	GlobalSection(ProjectConfigurationPlatforms) = postSolution
		{030F3895-BE23-48E8-9A54-2AC1010C2BCA}.Debug|Any CPU.ActiveCfg = Debug|Any CPU
		{030F3895-BE23-48E8-9A54-2AC1010C2BCA}.Debug|Any CPU.Build.0 = Debug|Any CPU
		{030F3895-BE23-48E8-9A54-2AC1010C2BCA}.Release|Any CPU.ActiveCfg = Release|Any CPU
		{030F3895-BE23-48E8-9A54-2AC1010C2BCA}.Release|Any CPU.Build.0 = Release|Any CPU
	EndGlobalSection
	GlobalSection(MonoDevelopProperties) = preSolution
		Policies = $0
		$0.DotNetNamingPolicy = $1
		$1.DirectoryNamespaceAssociation = None
		$1.ResourceNamePolicy = FileFormatDefault
	EndGlobalSection
EndGlobal
