
Microsoft Visual Studio Solution File, Format Version 12.00
# Visual Studio Version 16
VisualStudioVersion = 16.0.30413.136
MinimumVisualStudioVersion = 10.0.40219.1
Project("{FAE04EC0-301F-11D3-BF4B-00C04F79EFBC}") = "CustomDeathPenaltyPlus", "CustomDeathPenaltyPlus\CustomDeathPenaltyPlus.csproj", "{EB5DCB3C-48AB-4D52-A570-37AA5830E310}"
EndProject
Global
	GlobalSection(SolutionConfigurationPlatforms) = preSolution
		Debug|Any CPU = Debug|Any CPU
		Release|Any CPU = Release|Any CPU
	EndGlobalSection
	GlobalSection(ProjectConfigurationPlatforms) = postSolution
		{EB5DCB3C-48AB-4D52-A570-37AA5830E310}.Debug|Any CPU.ActiveCfg = Debug|Any CPU
		{EB5DCB3C-48AB-4D52-A570-37AA5830E310}.Debug|Any CPU.Build.0 = Debug|Any CPU
		{EB5DCB3C-48AB-4D52-A570-37AA5830E310}.Release|Any CPU.ActiveCfg = Release|Any CPU
		{EB5DCB3C-48AB-4D52-A570-37AA5830E310}.Release|Any CPU.Build.0 = Release|Any CPU
	EndGlobalSection
	GlobalSection(SolutionProperties) = preSolution
		HideSolutionNode = FALSE
	EndGlobalSection
	GlobalSection(ExtensibilityGlobals) = postSolution
		SolutionGuid = {BBCDEE4B-7D22-4E6A-A2B5-FAFAB373368F}
	EndGlobalSection
EndGlobal
