
Microsoft Visual Studio Solution File, Format Version 12.00
# Visual Studio Version 16
VisualStudioVersion = 16.0.32510.428
MinimumVisualStudioVersion = 10.0.40219.1
Project("{D954291E-2A0B-460D-934E-DC6B0785DB48}") = "MaddUtil", "MaddUtil.shproj", "{240D8D2B-FD9C-479D-8748-E13D8B2FAA0F}"
EndProject
Global
	GlobalSection(SharedMSBuildProjectFiles) = preSolution
		MaddUtil.projitems*{240d8d2b-fd9c-479d-8748-e13d8b2faa0f}*SharedItemsImports = 13
	EndGlobalSection
	GlobalSection(SolutionProperties) = preSolution
		HideSolutionNode = FALSE
	EndGlobalSection
	GlobalSection(ExtensibilityGlobals) = postSolution
		SolutionGuid = {79FC56AB-F40C-4F9B-9249-B8F192EDC9FB}
	EndGlobalSection
EndGlobal
