
Microsoft Visual Studio Solution File, Format Version 12.00
# Visual Studio Version 17
VisualStudioVersion = 17.4.33213.308
MinimumVisualStudioVersion = 10.0.40219.1
Project("{9A19103F-16F7-4668-BE54-9A1E7A4F7556}") = "GroupableChests", "GroupableChests\GroupableChests.csproj", "{1203AC6F-B2D3-415F-B72E-59AD01C13CB1}"
EndProject
Global
	GlobalSection(SolutionConfigurationPlatforms) = preSolution
		Debug|Any CPU = Debug|Any CPU
		Release|Any CPU = Release|Any CPU
	EndGlobalSection
	GlobalSection(ProjectConfigurationPlatforms) = postSolution
		{1203AC6F-B2D3-415F-B72E-59AD01C13CB1}.Debug|Any CPU.ActiveCfg = Debug|Any CPU
		{1203AC6F-B2D3-415F-B72E-59AD01C13CB1}.Debug|Any CPU.Build.0 = Debug|Any CPU
		{1203AC6F-B2D3-415F-B72E-59AD01C13CB1}.Release|Any CPU.ActiveCfg = Release|Any CPU
		{1203AC6F-B2D3-415F-B72E-59AD01C13CB1}.Release|Any CPU.Build.0 = Release|Any CPU
	EndGlobalSection
	GlobalSection(SolutionProperties) = preSolution
		HideSolutionNode = FALSE
	EndGlobalSection
	GlobalSection(ExtensibilityGlobals) = postSolution
		SolutionGuid = {65CAF6D8-A577-4D84-9C02-659F38D59DE5}
	EndGlobalSection
EndGlobal
