
Microsoft Visual Studio Solution File, Format Version 12.00
# Visual Studio Version 17
VisualStudioVersion = 17.5.33414.496
MinimumVisualStudioVersion = 10.0.40219.1
Project("{FAE04EC0-301F-11D3-BF4B-00C04F79EFBC}") = "SortShippingCollection", "SortShippingCollection.csproj", "{BC1253FB-5B51-4804-B6A2-C153E1ABE6B8}"
EndProject
Global
	GlobalSection(SolutionConfigurationPlatforms) = preSolution
		Debug|Any CPU = Debug|Any CPU
		Release|Any CPU = Release|Any CPU
	EndGlobalSection
	GlobalSection(ProjectConfigurationPlatforms) = postSolution
		{BC1253FB-5B51-4804-B6A2-C153E1ABE6B8}.Debug|Any CPU.ActiveCfg = Debug|Any CPU
		{BC1253FB-5B51-4804-B6A2-C153E1ABE6B8}.Debug|Any CPU.Build.0 = Debug|Any CPU
		{BC1253FB-5B51-4804-B6A2-C153E1ABE6B8}.Release|Any CPU.ActiveCfg = Release|Any CPU
		{BC1253FB-5B51-4804-B6A2-C153E1ABE6B8}.Release|Any CPU.Build.0 = Release|Any CPU
	EndGlobalSection
	GlobalSection(SolutionProperties) = preSolution
		HideSolutionNode = FALSE
	EndGlobalSection
	GlobalSection(ExtensibilityGlobals) = postSolution
		SolutionGuid = {EEAB28F6-8859-4DB6-B94D-C16DEE15D781}
	EndGlobalSection
EndGlobal
