
Microsoft Visual Studio Solution File, Format Version 12.00
# Visual Studio Version 16
VisualStudioVersion = 16.0.31205.134
MinimumVisualStudioVersion = 10.0.40219.1
Project("{FAE04EC0-301F-11D3-BF4B-00C04F79EFBC}") = "MoreBundles", "MoreBundles\MoreBundles.csproj", "{33DE85F2-D2B7-4CF6-8329-E2DF7685AF2A}"
EndProject
Global
	GlobalSection(SolutionConfigurationPlatforms) = preSolution
		Debug|Any CPU = Debug|Any CPU
		Release|Any CPU = Release|Any CPU
	EndGlobalSection
	GlobalSection(ProjectConfigurationPlatforms) = postSolution
		{33DE85F2-D2B7-4CF6-8329-E2DF7685AF2A}.Debug|Any CPU.ActiveCfg = Debug|Any CPU
		{33DE85F2-D2B7-4CF6-8329-E2DF7685AF2A}.Debug|Any CPU.Build.0 = Debug|Any CPU
		{33DE85F2-D2B7-4CF6-8329-E2DF7685AF2A}.Release|Any CPU.ActiveCfg = Release|Any CPU
		{33DE85F2-D2B7-4CF6-8329-E2DF7685AF2A}.Release|Any CPU.Build.0 = Release|Any CPU
	EndGlobalSection
	GlobalSection(SolutionProperties) = preSolution
		HideSolutionNode = FALSE
	EndGlobalSection
	GlobalSection(ExtensibilityGlobals) = postSolution
		SolutionGuid = {7C63D9F8-F88C-4546-B94B-EB9176F13A8A}
	EndGlobalSection
EndGlobal
