
Microsoft Visual Studio Solution File, Format Version 12.00
# Visual Studio 15
VisualStudioVersion = 15.0.27703.2042
MinimumVisualStudioVersion = 10.0.40219.1
Project("{FAE04EC0-301F-11D3-BF4B-00C04F79EFBC}") = "CleanCellar", "CleanCellar\CleanCellar.csproj", "{F98375A3-2FDF-48E1-A648-3A5B7582D8F3}"
EndProject
Project("{FAE04EC0-301F-11D3-BF4B-00C04F79EFBC}") = "BetterMixedSeeds", "BetterMixedSeeds\BetterMixedSeeds.csproj", "{836B52BE-2E94-4819-8572-E1F6A48D8692}"
EndProject
Project("{FAE04EC0-301F-11D3-BF4B-00C04F79EFBC}") = "BetterCrabPots", "BetterCrabPots\BetterCrabPots.csproj", "{0D0062D6-8B3A-4BDC-B2EC-A7D557A20CA5}"
EndProject
Project("{FAE04EC0-301F-11D3-BF4B-00C04F79EFBC}") = "BetterRarecrows", "BetterRareCrows\BetterRarecrows.csproj", "{38797228-CC51-4301-8975-33426362C045}"
EndProject
Global
	GlobalSection(SolutionConfigurationPlatforms) = preSolution
		Debug|Any CPU = Debug|Any CPU
		Debug|x86 = Debug|x86
		Release|Any CPU = Release|Any CPU
		Release|x86 = Release|x86
	EndGlobalSection
	GlobalSection(ProjectConfigurationPlatforms) = postSolution
		{F98375A3-2FDF-48E1-A648-3A5B7582D8F3}.Debug|Any CPU.ActiveCfg = Debug|Any CPU
		{F98375A3-2FDF-48E1-A648-3A5B7582D8F3}.Debug|Any CPU.Build.0 = Debug|Any CPU
		{F98375A3-2FDF-48E1-A648-3A5B7582D8F3}.Debug|x86.ActiveCfg = Debug|Any CPU
		{F98375A3-2FDF-48E1-A648-3A5B7582D8F3}.Release|Any CPU.ActiveCfg = Release|Any CPU
		{F98375A3-2FDF-48E1-A648-3A5B7582D8F3}.Release|Any CPU.Build.0 = Release|Any CPU
		{F98375A3-2FDF-48E1-A648-3A5B7582D8F3}.Release|x86.ActiveCfg = Release|Any CPU
		{F98375A3-2FDF-48E1-A648-3A5B7582D8F3}.Release|x86.Build.0 = Release|Any CPU
		{836B52BE-2E94-4819-8572-E1F6A48D8692}.Debug|Any CPU.ActiveCfg = Debug|Any CPU
		{836B52BE-2E94-4819-8572-E1F6A48D8692}.Debug|Any CPU.Build.0 = Debug|Any CPU
		{836B52BE-2E94-4819-8572-E1F6A48D8692}.Debug|x86.ActiveCfg = Debug|Any CPU
		{836B52BE-2E94-4819-8572-E1F6A48D8692}.Release|Any CPU.ActiveCfg = Release|Any CPU
		{836B52BE-2E94-4819-8572-E1F6A48D8692}.Release|Any CPU.Build.0 = Release|Any CPU
		{836B52BE-2E94-4819-8572-E1F6A48D8692}.Release|x86.ActiveCfg = Release|Any CPU
		{836B52BE-2E94-4819-8572-E1F6A48D8692}.Release|x86.Build.0 = Release|Any CPU
		{0D0062D6-8B3A-4BDC-B2EC-A7D557A20CA5}.Debug|Any CPU.ActiveCfg = Debug|Any CPU
		{0D0062D6-8B3A-4BDC-B2EC-A7D557A20CA5}.Debug|x86.ActiveCfg = Debug|Any CPU
		{0D0062D6-8B3A-4BDC-B2EC-A7D557A20CA5}.Release|Any CPU.ActiveCfg = Release|Any CPU
		{0D0062D6-8B3A-4BDC-B2EC-A7D557A20CA5}.Release|Any CPU.Build.0 = Release|Any CPU
		{0D0062D6-8B3A-4BDC-B2EC-A7D557A20CA5}.Release|x86.ActiveCfg = Release|Any CPU
		{0D0062D6-8B3A-4BDC-B2EC-A7D557A20CA5}.Release|x86.Build.0 = Release|Any CPU
		{38797228-CC51-4301-8975-33426362C045}.Debug|Any CPU.ActiveCfg = Debug|Any CPU
		{38797228-CC51-4301-8975-33426362C045}.Debug|Any CPU.Build.0 = Debug|Any CPU
		{38797228-CC51-4301-8975-33426362C045}.Debug|x86.ActiveCfg = Debug|Any CPU
		{38797228-CC51-4301-8975-33426362C045}.Debug|x86.Build.0 = Debug|Any CPU
		{38797228-CC51-4301-8975-33426362C045}.Release|Any CPU.ActiveCfg = Release|Any CPU
		{38797228-CC51-4301-8975-33426362C045}.Release|Any CPU.Build.0 = Release|Any CPU
		{38797228-CC51-4301-8975-33426362C045}.Release|x86.ActiveCfg = Release|Any CPU
		{38797228-CC51-4301-8975-33426362C045}.Release|x86.Build.0 = Release|Any CPU
	EndGlobalSection
	GlobalSection(SolutionProperties) = preSolution
		HideSolutionNode = FALSE
	EndGlobalSection
	GlobalSection(ExtensibilityGlobals) = postSolution
		SolutionGuid = {5FFAFADF-9C9C-45A0-814F-BB8392C8E736}
	EndGlobalSection
EndGlobal
