
Microsoft Visual Studio Solution File, Format Version 12.00
# Visual Studio 2012
Project("{FAE04EC0-301F-11D3-BF4B-00C04F79EFBC}") = "AutoGrabberMod", "AutoGrabberMod\AutoGrabberMod.csproj", "{612E2FD3-509A-4948-9F6A-AD4ACDCC27FE}"
EndProject
Global
	GlobalSection(SolutionConfigurationPlatforms) = preSolution
		Debug|Any CPU = Debug|Any CPU
		Release|Any CPU = Release|Any CPU
	EndGlobalSection
	GlobalSection(ProjectConfigurationPlatforms) = postSolution
		{612E2FD3-509A-4948-9F6A-AD4ACDCC27FE}.Debug|Any CPU.ActiveCfg = Debug|Any CPU
		{612E2FD3-509A-4948-9F6A-AD4ACDCC27FE}.Debug|Any CPU.Build.0 = Debug|Any CPU
		{612E2FD3-509A-4948-9F6A-AD4ACDCC27FE}.Release|Any CPU.ActiveCfg = Release|Any CPU
		{612E2FD3-509A-4948-9F6A-AD4ACDCC27FE}.Release|Any CPU.Build.0 = Release|Any CPU
	EndGlobalSection
EndGlobal
