
Microsoft Visual Studio Solution File, Format Version 12.00
# Visual Studio 15
VisualStudioVersion = 15.0.27130.2024
MinimumVisualStudioVersion = 10.0.40219.1
Project("{FAE04EC0-301F-11D3-BF4B-00C04F79EFBC}") = "Randomizer", "More Random Edition\Randomizer.csproj", "{CBB9B70C-98A7-47F3-B67D-FE0846285782}"
EndProject
Global
	GlobalSection(SolutionConfigurationPlatforms) = preSolution
		Debug|Any CPU = Debug|Any CPU
		Release|Any CPU = Release|Any CPU
	EndGlobalSection
	GlobalSection(ProjectConfigurationPlatforms) = postSolution
		{CBB9B70C-98A7-47F3-B67D-FE0846285782}.Debug|Any CPU.ActiveCfg = Debug|Any CPU
		{CBB9B70C-98A7-47F3-B67D-FE0846285782}.Debug|Any CPU.Build.0 = Debug|Any CPU
		{CBB9B70C-98A7-47F3-B67D-FE0846285782}.Release|Any CPU.ActiveCfg = Release|Any CPU
		{CBB9B70C-98A7-47F3-B67D-FE0846285782}.Release|Any CPU.Build.0 = Release|Any CPU
	EndGlobalSection
	GlobalSection(SolutionProperties) = preSolution
		HideSolutionNode = FALSE
	EndGlobalSection
	GlobalSection(ExtensibilityGlobals) = postSolution
		SolutionGuid = {C036EC09-146A-4891-B716-DDBFBACC606F}
	EndGlobalSection
EndGlobal
