
Microsoft Visual Studio Solution File, Format Version 12.00
# Visual Studio 15
VisualStudioVersion = 15.0.27130.2027
MinimumVisualStudioVersion = 10.0.40219.1
Project("{FAE04EC0-301F-11D3-BF4B-00C04F79EFBC}") = "FarmHelper", "FarmHelper\FarmHelper.csproj", "{5791E757-6D66-40EA-AF1E-7E8AD2E2CD57}"
EndProject
Project("{D954291E-2A0B-460D-934E-DC6B0785DB48}") = ".Common", "..\..\..\Desktop\StardewModding\stardewvalley-master\Common\.Common.shproj", "{EDC6B19B-A212-4692-8318-992A16D4DD44}"
EndProject
Global
	GlobalSection(SharedMSBuildProjectFiles) = preSolution
		..\..\..\Desktop\StardewModding\stardewvalley-master\Common\Common.projitems*{edc6b19b-a212-4692-8318-992a16d4dd44}*SharedItemsImports = 13
	EndGlobalSection
	GlobalSection(SolutionConfigurationPlatforms) = preSolution
		Debug|Any CPU = Debug|Any CPU
		Release|Any CPU = Release|Any CPU
	EndGlobalSection
	GlobalSection(ProjectConfigurationPlatforms) = postSolution
		{5791E757-6D66-40EA-AF1E-7E8AD2E2CD57}.Debug|Any CPU.ActiveCfg = Debug|Any CPU
		{5791E757-6D66-40EA-AF1E-7E8AD2E2CD57}.Debug|Any CPU.Build.0 = Debug|Any CPU
		{5791E757-6D66-40EA-AF1E-7E8AD2E2CD57}.Release|Any CPU.ActiveCfg = Release|Any CPU
		{5791E757-6D66-40EA-AF1E-7E8AD2E2CD57}.Release|Any CPU.Build.0 = Release|Any CPU
	EndGlobalSection
	GlobalSection(SolutionProperties) = preSolution
		HideSolutionNode = FALSE
	EndGlobalSection
	GlobalSection(ExtensibilityGlobals) = postSolution
		SolutionGuid = {0697BC9F-4CA3-4F61-ABEC-FD93A6D57E7D}
	EndGlobalSection
EndGlobal
