
Microsoft Visual Studio Solution File, Format Version 12.00
# Visual Studio 15
VisualStudioVersion = 15.0.28307.960
MinimumVisualStudioVersion = 10.0.40219.1
Project("{FAE04EC0-301F-11D3-BF4B-00C04F79EFBC}") = "TreeOverhaul", "TreeOverhaul\TreeOverhaul.csproj", "{ECD8CF7C-6C42-43DD-98EA-182C91DA0D2B}"
EndProject
Global
	GlobalSection(SolutionConfigurationPlatforms) = preSolution
		Debug|Any CPU = Debug|Any CPU
		Release|Any CPU = Release|Any CPU
	EndGlobalSection
	GlobalSection(ProjectConfigurationPlatforms) = postSolution
		{ECD8CF7C-6C42-43DD-98EA-182C91DA0D2B}.Debug|Any CPU.ActiveCfg = Debug|Any CPU
		{ECD8CF7C-6C42-43DD-98EA-182C91DA0D2B}.Debug|Any CPU.Build.0 = Debug|Any CPU
		{ECD8CF7C-6C42-43DD-98EA-182C91DA0D2B}.Release|Any CPU.ActiveCfg = Release|Any CPU
		{ECD8CF7C-6C42-43DD-98EA-182C91DA0D2B}.Release|Any CPU.Build.0 = Release|Any CPU
	EndGlobalSection
	GlobalSection(SolutionProperties) = preSolution
		HideSolutionNode = FALSE
	EndGlobalSection
	GlobalSection(ExtensibilityGlobals) = postSolution
		SolutionGuid = {789F1D9A-44F3-4049-888C-69F6ECD7CD4E}
	EndGlobalSection
EndGlobal
