
Microsoft Visual Studio Solution File, Format Version 12.00
# Visual Studio 15
VisualStudioVersion = 15.0.27428.2015
MinimumVisualStudioVersion = 10.0.40219.1
Project("{FAE04EC0-301F-11D3-BF4B-00C04F79EFBC}") = "RandomTastes", "RandomTastes\RandomTastes.csproj", "{A449E4AB-4CAB-4D8C-A2A2-88E635C6EB63}"
EndProject
Global
	GlobalSection(SolutionConfigurationPlatforms) = preSolution
		Debug|Any CPU = Debug|Any CPU
		Release|Any CPU = Release|Any CPU
	EndGlobalSection
	GlobalSection(ProjectConfigurationPlatforms) = postSolution
		{A449E4AB-4CAB-4D8C-A2A2-88E635C6EB63}.Debug|Any CPU.ActiveCfg = Debug|Any CPU
		{A449E4AB-4CAB-4D8C-A2A2-88E635C6EB63}.Debug|Any CPU.Build.0 = Debug|Any CPU
		{A449E4AB-4CAB-4D8C-A2A2-88E635C6EB63}.Release|Any CPU.ActiveCfg = Release|Any CPU
		{A449E4AB-4CAB-4D8C-A2A2-88E635C6EB63}.Release|Any CPU.Build.0 = Release|Any CPU
	EndGlobalSection
	GlobalSection(SolutionProperties) = preSolution
		HideSolutionNode = FALSE
	EndGlobalSection
	GlobalSection(ExtensibilityGlobals) = postSolution
		SolutionGuid = {94D1FF20-B901-48AA-A220-0158EC60DB17}
	EndGlobalSection
EndGlobal
