
Microsoft Visual Studio Solution File, Format Version 12.00
# Visual Studio Version 16
VisualStudioVersion = 16.0.28803.352
MinimumVisualStudioVersion = 10.0.40219.1
Project("{2150E333-8FDC-42A3-9474-1A3956D46DE8}") = "root", "root", "{648C1A42-1161-44E5-9BBC-E7DAE1837BE6}"
	ProjectSection(SolutionItems) = preProject
		.gitattributes = .gitattributes
		.gitignore = .gitignore
		README.md = README.md
	EndProjectSection
EndProject
Project("{9A19103F-16F7-4668-BE54-9A1E7A4F7556}") = "StardewValleyEsp", "StardewValleyEsp\StardewValleyEsp.csproj", "{3E8E6986-1130-4145-AB75-020D422BB384}"
EndProject
Global
	GlobalSection(SolutionConfigurationPlatforms) = preSolution
		Debug|x86 = Debug|x86
		Release|x86 = Release|x86
	EndGlobalSection
	GlobalSection(ProjectConfigurationPlatforms) = postSolution
		{3E8E6986-1130-4145-AB75-020D422BB384}.Debug|x86.ActiveCfg = Debug|x86
		{3E8E6986-1130-4145-AB75-020D422BB384}.Debug|x86.Build.0 = Debug|x86
		{3E8E6986-1130-4145-AB75-020D422BB384}.Release|x86.ActiveCfg = Release|x86
		{3E8E6986-1130-4145-AB75-020D422BB384}.Release|x86.Build.0 = Release|x86
	EndGlobalSection
	GlobalSection(SolutionProperties) = preSolution
		HideSolutionNode = FALSE
	EndGlobalSection
	GlobalSection(ExtensibilityGlobals) = postSolution
		SolutionGuid = {6617A233-735B-4924-AB00-591A3D29625A}
	EndGlobalSection
EndGlobal
