
Microsoft Visual Studio Solution File, Format Version 12.00
# Visual Studio Version 17
VisualStudioVersion = 17.0.32112.339
MinimumVisualStudioVersion = 10.0.40219.1
Project("{9A19103F-16F7-4668-BE54-9A1E7A4F7556}") = "BetterCrystalariums", "BetterCrystalariums\BetterCrystalariums.csproj", "{21FB831F-FE78-49C2-8021-F1DAA2412F6B}"
EndProject
Project("{9A19103F-16F7-4668-BE54-9A1E7A4F7556}") = "DialogueTester", "DialogueTester\DialogueTester.csproj", "{F364508B-0872-49EB-8138-1F3823FE8615}"
EndProject
Project("{9A19103F-16F7-4668-BE54-9A1E7A4F7556}") = "GiveMeMyCursorBack", "GiveMeMyCursorBack\GiveMeMyCursorBack.csproj", "{696FE4A5-8016-4124-9B2D-88345AA6DD4A}"
EndProject
Project("{9A19103F-16F7-4668-BE54-9A1E7A4F7556}") = "PlayerCoordinates", "PlayerCoordinates\PlayerCoordinates.csproj", "{22032773-4558-4FFB-AA77-A12E3C91BB7A}"
EndProject
Project("{9A19103F-16F7-4668-BE54-9A1E7A4F7556}") = "DefaultWindowSize", "DefaultWindowSize\DefaultWindowSize.csproj", "{4183A8C4-29C8-4E04-BC21-E0CDCAC6909B}"
EndProject
Project("{9A19103F-16F7-4668-BE54-9A1E7A4F7556}") = "StardewRituals", "StardewRituals\StardewRituals.csproj", "{8D42C1AC-3020-4F12-9087-3E5A2F1B575B}"
EndProject
Project("{9A19103F-16F7-4668-BE54-9A1E7A4F7556}") = "SmartBuilding", "SmartBuilding\SmartBuilding.csproj", "{62962075-ACD4-4B15-AE27-452EF2D8220A}"
EndProject
Project("{9A19103F-16F7-4668-BE54-9A1E7A4F7556}") = "CarryYourPet", "CarryYourPet\CarryYourPet.csproj", "{E6C8517E-9125-4649-95ED-F6E941F36651}"
EndProject
Project("{FAE04EC0-301F-11D3-BF4B-00C04F79EFBC}") = "BetterReturnScepter", "BetterReturnScepter\BetterReturnScepter.csproj", "{5A84543F-C413-48D8-9625-B1D0CD65DD5A}"
EndProject
Project("{FAE04EC0-301F-11D3-BF4B-00C04F79EFBC}") = "EveryoneIsGrandpa", "EveryoneIsGrandpa\EveryoneIsGrandpa.csproj", "{CF36CB73-3FD9-47F6-BCB9-EEDA5EFB73D4}"
EndProject
Project("{9A19103F-16F7-4668-BE54-9A1E7A4F7556}") = "BridgeOnTheWater", "BridgeOnTheWater\BridgeOnTheWater.csproj", "{FCD3D60C-F509-4C41-AD90-9E88F9B92531}"
EndProject
Project("{FAE04EC0-301F-11D3-BF4B-00C04F79EFBC}") = "SaveLoadedNotifier", "SaveLoadedNotifier\SaveLoadedNotifier.csproj", "{69AF8818-CF20-45AD-A765-57C1AC9E9B39}"
EndProject
Project("{9A19103F-16F7-4668-BE54-9A1E7A4F7556}") = "SARDIS", "SARDIS\SARDIS.csproj", "{B09AD28B-CE9C-40F0-82C6-0395048E117B}"
EndProject
Project("{9A19103F-16F7-4668-BE54-9A1E7A4F7556}") = "TeleportAnywhere", "TeleportAnywhere\TeleportAnywhere.csproj", "{B5788BDA-6137-4471-85FC-325565E45636}"
EndProject
Project("{D954291E-2A0B-460D-934E-DC6B0785DB48}") = "DecidedlyShared", "DecidedlyShared\DecidedlyShared.shproj", "{4023C62A-75D3-4025-8C07-B43DBCE13A2D}"
EndProject
Project("{9A19103F-16F7-4668-BE54-9A1E7A4F7556}") = "TemplateProject", "TemplateProject\TemplateProject.csproj", "{299882B5-AC42-420D-8747-A33DCA1F991F}"
EndProject
Project("{9A19103F-16F7-4668-BE54-9A1E7A4F7556}") = "SmartCursor", "SmartCursor\SmartCursor.csproj", "{EF597C9B-9B78-4AA4-9808-CF1BB911FD38}"
EndProject
Project("{2150E333-8FDC-42A3-9474-1A3956D46DE8}") = "Active Development", "Active Development", "{E69DF8DB-8E6B-4051-A8CC-10300BBFE99B}"
EndProject
Project("{2150E333-8FDC-42A3-9474-1A3956D46DE8}") = "Shared", "Shared", "{03C05091-3D1F-4393-B00B-392EE2ABCD26}"
EndProject
Project("{2150E333-8FDC-42A3-9474-1A3956D46DE8}") = "Bug Reports Only", "Bug Reports Only", "{CDE9D996-1C34-4899-9E84-FC1593E58E00}"
EndProject
Project("{9A19103F-16F7-4668-BE54-9A1E7A4F7556}") = "FarmInTheSky", "FarmInTheSky\FarmInTheSky.csproj", "{C2C13B19-8A13-44CB-93BB-CEC39690BB63}"
EndProject
Project("{2150E333-8FDC-42A3-9474-1A3956D46DE8}") = "High Priority — Favours", "High Priority — Favours", "{84D0FB3B-306E-40C1-9A30-CFA14C2B12B4}"
EndProject
Project("{2150E333-8FDC-42A3-9474-1A3956D46DE8}") = "Unreleased", "Unreleased", "{F88E595E-45B6-4785-8DFE-E92D5E85B5D8}"
EndProject
Project("{2150E333-8FDC-42A3-9474-1A3956D46DE8}") = "Working On", "Working On", "{720DEC3E-0863-44B6-B086-4D92A1EDA6AE}"
EndProject
Project("{2150E333-8FDC-42A3-9474-1A3956D46DE8}") = "Waiting for 1.6", "Waiting for 1.6", "{542F8803-394A-4E9A-99BA-2360F7A9146E}"
EndProject
Project("{2150E333-8FDC-42A3-9474-1A3956D46DE8}") = "Will Not Continue", "Will Not Continue", "{EE97BFCC-12A3-4EFE-B9D0-9C98311B86E9}"
EndProject
Project("{2150E333-8FDC-42A3-9474-1A3956D46DE8}") = "Improve Art Skills First", "Improve Art Skills First", "{1C196574-E834-4EC3-B3D3-5516C18C59E3}"
EndProject
Project("{2150E333-8FDC-42A3-9474-1A3956D46DE8}") = "Distant Future", "Distant Future", "{274A160A-42E0-4153-8C7A-A0E4743077B3}"
EndProject
Project("{2150E333-8FDC-42A3-9474-1A3956D46DE8}") = "Git Gud First", "Git Gud First", "{2AB0F3AA-A97D-4169-B30D-D9583893CADE}"
EndProject
Project("{9A19103F-16F7-4668-BE54-9A1E7A4F7556}") = "ModFIleDump", "ModFileDump\ModFIleDump.csproj", "{3DBD6F4C-2841-4FAE-9C79-B3C071276F03}"
EndProject
Project("{9A19103F-16F7-4668-BE54-9A1E7A4F7556}") = "UITestbed", "UITestbed\UITestbed.csproj", "{6BC01533-4A22-4E97-B230-853E60126E44}"
EndProject
Project("{9A19103F-16F7-4668-BE54-9A1E7A4F7556}") = "MappingExtensionsAndExtraProperties", "MappingExtensionsAndExtraProperties\MappingExtensionsAndExtraProperties.csproj", "{0C825A82-5391-41B3-B5FE-C7E6F6C68FAF}"
EndProject
Project("{2150E333-8FDC-42A3-9474-1A3956D46DE8}") = "_Released", "_Released", "{EE472D03-42A8-4A0C-9F4D-0496E0818833}"
EndProject
Project("{2150E333-8FDC-42A3-9474-1A3956D46DE8}") = "Experiments", "Experiments", "{E9889FE3-12D1-4D48-96CC-8DB2F816A9C9}"
EndProject
Project("{9A19103F-16F7-4668-BE54-9A1E7A4F7556}") = "TerrainFeatureRefresh", "TerrainFeatureRefresh\TerrainFeatureRefresh.csproj", "{BC400663-E35B-4004-A45D-02C6ACC461E3}"
EndProject
Project("{9A19103F-16F7-4668-BE54-9A1E7A4F7556}") = "RPGBattles", "RPGBatles\RPGBattles.csproj", "{66E0AA61-A368-4B62-BD37-C1E40F423BE7}"
EndProject
Project("{2150E333-8FDC-42A3-9474-1A3956D46DE8}") = "1.6", "1.6", "{55387993-C2DD-43B5-B626-2140DB5696ED}"
EndProject
Project("{9A19103F-16F7-4668-BE54-9A1E7A4F7556}") = "AnotherClickMovementExperience", "AnotherClickMovementExperience\AnotherClickMovementExperience.csproj", "{3CB4161A-062C-41C6-8376-4800D9064F3B}"
EndProject
Project("{2150E333-8FDC-42A3-9474-1A3956D46DE8}") = "Misc", "Misc", "{2610D8DD-8814-4E51-8698-A1F902969B5E}"
	ProjectSection(SolutionItems) = preProject
		update-progress.md = update-progress.md
	EndProjectSection
EndProject
Project("{2150E333-8FDC-42A3-9474-1A3956D46DE8}") = "Deprecated", "Deprecated", "{F4494E79-5AB2-4F3F-B8DA-8B3000C64EAF}"
EndProject
Project("{FAE04EC0-301F-11D3-BF4B-00C04F79EFBC}") = "ZoomPerMap", "ZoomPerMap\ZoomPerMap.csproj", "{4C7E56C1-0446-49A1-9336-6CC4FE49A552}"
EndProject
Global
	GlobalSection(SolutionConfigurationPlatforms) = preSolution
		Android|Any CPU = Android|Any CPU
		Debug|Any CPU = Debug|Any CPU
		Release|Any CPU = Release|Any CPU
	EndGlobalSection
	GlobalSection(ProjectConfigurationPlatforms) = postSolution
		{21FB831F-FE78-49C2-8021-F1DAA2412F6B}.Android|Any CPU.ActiveCfg = Debug|Any CPU
		{21FB831F-FE78-49C2-8021-F1DAA2412F6B}.Debug|Any CPU.ActiveCfg = Debug|Any CPU
		{21FB831F-FE78-49C2-8021-F1DAA2412F6B}.Release|Any CPU.ActiveCfg = Release|Any CPU
		{21FB831F-FE78-49C2-8021-F1DAA2412F6B}.Release|Any CPU.Build.0 = Release|Any CPU
		{21FB831F-FE78-49C2-8021-F1DAA2412F6B}.Debug|Any CPU.Build.0 = Debug|Any CPU
		{F364508B-0872-49EB-8138-1F3823FE8615}.Android|Any CPU.ActiveCfg = Debug|Any CPU
		{F364508B-0872-49EB-8138-1F3823FE8615}.Debug|Any CPU.ActiveCfg = Debug|Any CPU
		{F364508B-0872-49EB-8138-1F3823FE8615}.Release|Any CPU.ActiveCfg = Release|Any CPU
		{696FE4A5-8016-4124-9B2D-88345AA6DD4A}.Android|Any CPU.ActiveCfg = Debug|Any CPU
		{696FE4A5-8016-4124-9B2D-88345AA6DD4A}.Debug|Any CPU.ActiveCfg = Debug|Any CPU
		{696FE4A5-8016-4124-9B2D-88345AA6DD4A}.Release|Any CPU.ActiveCfg = Release|Any CPU
		{696FE4A5-8016-4124-9B2D-88345AA6DD4A}.Release|Any CPU.Build.0 = Release|Any CPU
		{696FE4A5-8016-4124-9B2D-88345AA6DD4A}.Debug|Any CPU.Build.0 = Debug|Any CPU
		{22032773-4558-4FFB-AA77-A12E3C91BB7A}.Android|Any CPU.ActiveCfg = Debug|Any CPU
		{22032773-4558-4FFB-AA77-A12E3C91BB7A}.Debug|Any CPU.ActiveCfg = Debug|Any CPU
		{22032773-4558-4FFB-AA77-A12E3C91BB7A}.Release|Any CPU.ActiveCfg = Release|Any CPU
		{22032773-4558-4FFB-AA77-A12E3C91BB7A}.Release|Any CPU.Build.0 = Release|Any CPU
		{22032773-4558-4FFB-AA77-A12E3C91BB7A}.Debug|Any CPU.Build.0 = Debug|Any CPU
		{4183A8C4-29C8-4E04-BC21-E0CDCAC6909B}.Android|Any CPU.ActiveCfg = Debug|Any CPU
		{4183A8C4-29C8-4E04-BC21-E0CDCAC6909B}.Debug|Any CPU.ActiveCfg = Debug|Any CPU
		{4183A8C4-29C8-4E04-BC21-E0CDCAC6909B}.Release|Any CPU.ActiveCfg = Release|Any CPU
		{4183A8C4-29C8-4E04-BC21-E0CDCAC6909B}.Release|Any CPU.Build.0 = Release|Any CPU
		{4183A8C4-29C8-4E04-BC21-E0CDCAC6909B}.Debug|Any CPU.Build.0 = Debug|Any CPU
		{8D42C1AC-3020-4F12-9087-3E5A2F1B575B}.Android|Any CPU.ActiveCfg = Debug|Any CPU
		{8D42C1AC-3020-4F12-9087-3E5A2F1B575B}.Debug|Any CPU.ActiveCfg = Debug|Any CPU
		{8D42C1AC-3020-4F12-9087-3E5A2F1B575B}.Release|Any CPU.ActiveCfg = Release|Any CPU
		{62962075-ACD4-4B15-AE27-452EF2D8220A}.Android|Any CPU.ActiveCfg = Debug|Any CPU
		{62962075-ACD4-4B15-AE27-452EF2D8220A}.Android|Any CPU.Build.0 = Debug|Any CPU
		{62962075-ACD4-4B15-AE27-452EF2D8220A}.Debug|Any CPU.ActiveCfg = Debug|Any CPU
		{62962075-ACD4-4B15-AE27-452EF2D8220A}.Release|Any CPU.ActiveCfg = Release|Any CPU
		{62962075-ACD4-4B15-AE27-452EF2D8220A}.Release|Any CPU.Build.0 = Release|Any CPU
		{62962075-ACD4-4B15-AE27-452EF2D8220A}.Debug|Any CPU.Build.0 = Debug|Any CPU
		{E6C8517E-9125-4649-95ED-F6E941F36651}.Android|Any CPU.ActiveCfg = Debug|Any CPU
		{E6C8517E-9125-4649-95ED-F6E941F36651}.Android|Any CPU.Build.0 = Debug|Any CPU
		{E6C8517E-9125-4649-95ED-F6E941F36651}.Debug|Any CPU.ActiveCfg = Debug|Any CPU
		{E6C8517E-9125-4649-95ED-F6E941F36651}.Release|Any CPU.ActiveCfg = Release|Any CPU
		{E6C8517E-9125-4649-95ED-F6E941F36651}.Release|Any CPU.Build.0 = Release|Any CPU
		{E6C8517E-9125-4649-95ED-F6E941F36651}.Debug|Any CPU.Build.0 = Debug|Any CPU
		{5A84543F-C413-48D8-9625-B1D0CD65DD5A}.Android|Any CPU.ActiveCfg = Debug|Any CPU
		{5A84543F-C413-48D8-9625-B1D0CD65DD5A}.Debug|Any CPU.ActiveCfg = Debug|Any CPU
		{5A84543F-C413-48D8-9625-B1D0CD65DD5A}.Release|Any CPU.ActiveCfg = Release|Any CPU
		{5A84543F-C413-48D8-9625-B1D0CD65DD5A}.Release|Any CPU.Build.0 = Release|Any CPU
		{5A84543F-C413-48D8-9625-B1D0CD65DD5A}.Debug|Any CPU.Build.0 = Debug|Any CPU
		{CF36CB73-3FD9-47F6-BCB9-EEDA5EFB73D4}.Android|Any CPU.ActiveCfg = Debug|Any CPU
		{CF36CB73-3FD9-47F6-BCB9-EEDA5EFB73D4}.Debug|Any CPU.ActiveCfg = Debug|Any CPU
		{CF36CB73-3FD9-47F6-BCB9-EEDA5EFB73D4}.Release|Any CPU.ActiveCfg = Release|Any CPU
		{FCD3D60C-F509-4C41-AD90-9E88F9B92531}.Android|Any CPU.ActiveCfg = Debug|Any CPU
		{FCD3D60C-F509-4C41-AD90-9E88F9B92531}.Android|Any CPU.Build.0 = Debug|Any CPU
		{FCD3D60C-F509-4C41-AD90-9E88F9B92531}.Debug|Any CPU.ActiveCfg = Debug|Any CPU
		{FCD3D60C-F509-4C41-AD90-9E88F9B92531}.Release|Any CPU.ActiveCfg = Release|Any CPU
		{69AF8818-CF20-45AD-A765-57C1AC9E9B39}.Android|Any CPU.ActiveCfg = Debug|Any CPU
		{69AF8818-CF20-45AD-A765-57C1AC9E9B39}.Debug|Any CPU.ActiveCfg = Debug|Any CPU
		{69AF8818-CF20-45AD-A765-57C1AC9E9B39}.Release|Any CPU.ActiveCfg = Release|Any CPU
		{69AF8818-CF20-45AD-A765-57C1AC9E9B39}.Release|Any CPU.Build.0 = Release|Any CPU
		{69AF8818-CF20-45AD-A765-57C1AC9E9B39}.Debug|Any CPU.Build.0 = Debug|Any CPU
		{B09AD28B-CE9C-40F0-82C6-0395048E117B}.Android|Any CPU.ActiveCfg = Debug|Any CPU
		{B09AD28B-CE9C-40F0-82C6-0395048E117B}.Android|Any CPU.Build.0 = Debug|Any CPU
		{B09AD28B-CE9C-40F0-82C6-0395048E117B}.Debug|Any CPU.ActiveCfg = Debug|Any CPU
		{B09AD28B-CE9C-40F0-82C6-0395048E117B}.Release|Any CPU.ActiveCfg = Release|Any CPU
		{B5788BDA-6137-4471-85FC-325565E45636}.Android|Any CPU.ActiveCfg = Debug|Any CPU
		{B5788BDA-6137-4471-85FC-325565E45636}.Android|Any CPU.Build.0 = Debug|Any CPU
		{B5788BDA-6137-4471-85FC-325565E45636}.Debug|Any CPU.ActiveCfg = Debug|Any CPU
		{B5788BDA-6137-4471-85FC-325565E45636}.Release|Any CPU.ActiveCfg = Release|Any CPU
		{299882B5-AC42-420D-8747-A33DCA1F991F}.Android|Any CPU.ActiveCfg = Debug|Any CPU
		{299882B5-AC42-420D-8747-A33DCA1F991F}.Android|Any CPU.Build.0 = Debug|Any CPU
		{299882B5-AC42-420D-8747-A33DCA1F991F}.Debug|Any CPU.ActiveCfg = Debug|Any CPU
		{299882B5-AC42-420D-8747-A33DCA1F991F}.Release|Any CPU.ActiveCfg = Release|Any CPU
		{EF597C9B-9B78-4AA4-9808-CF1BB911FD38}.Android|Any CPU.ActiveCfg = Debug|Any CPU
		{EF597C9B-9B78-4AA4-9808-CF1BB911FD38}.Android|Any CPU.Build.0 = Debug|Any CPU
		{EF597C9B-9B78-4AA4-9808-CF1BB911FD38}.Debug|Any CPU.ActiveCfg = Debug|Any CPU
		{EF597C9B-9B78-4AA4-9808-CF1BB911FD38}.Release|Any CPU.ActiveCfg = Release|Any CPU
		{EF597C9B-9B78-4AA4-9808-CF1BB911FD38}.Release|Any CPU.Build.0 = Release|Any CPU
		{EF597C9B-9B78-4AA4-9808-CF1BB911FD38}.Debug|Any CPU.Build.0 = Debug|Any CPU
		{C2C13B19-8A13-44CB-93BB-CEC39690BB63}.Android|Any CPU.ActiveCfg = Debug|Any CPU
		{C2C13B19-8A13-44CB-93BB-CEC39690BB63}.Android|Any CPU.Build.0 = Debug|Any CPU
		{C2C13B19-8A13-44CB-93BB-CEC39690BB63}.Debug|Any CPU.ActiveCfg = Debug|Any CPU
		{C2C13B19-8A13-44CB-93BB-CEC39690BB63}.Release|Any CPU.ActiveCfg = Release|Any CPU
		{3DBD6F4C-2841-4FAE-9C79-B3C071276F03}.Android|Any CPU.ActiveCfg = Debug|Any CPU
		{3DBD6F4C-2841-4FAE-9C79-B3C071276F03}.Android|Any CPU.Build.0 = Debug|Any CPU
		{3DBD6F4C-2841-4FAE-9C79-B3C071276F03}.Debug|Any CPU.ActiveCfg = Debug|Any CPU
		{3DBD6F4C-2841-4FAE-9C79-B3C071276F03}.Release|Any CPU.ActiveCfg = Release|Any CPU
		{6BC01533-4A22-4E97-B230-853E60126E44}.Android|Any CPU.ActiveCfg = Debug|Any CPU
		{6BC01533-4A22-4E97-B230-853E60126E44}.Android|Any CPU.Build.0 = Debug|Any CPU
		{6BC01533-4A22-4E97-B230-853E60126E44}.Debug|Any CPU.ActiveCfg = Debug|Any CPU
		{6BC01533-4A22-4E97-B230-853E60126E44}.Release|Any CPU.ActiveCfg = Release|Any CPU
		{0C825A82-5391-41B3-B5FE-C7E6F6C68FAF}.Android|Any CPU.ActiveCfg = Debug|Any CPU
		{0C825A82-5391-41B3-B5FE-C7E6F6C68FAF}.Android|Any CPU.Build.0 = Debug|Any CPU
		{0C825A82-5391-41B3-B5FE-C7E6F6C68FAF}.Debug|Any CPU.ActiveCfg = Debug|Any CPU
		{0C825A82-5391-41B3-B5FE-C7E6F6C68FAF}.Debug|Any CPU.Build.0 = Debug|Any CPU
		{0C825A82-5391-41B3-B5FE-C7E6F6C68FAF}.Release|Any CPU.ActiveCfg = Release|Any CPU
		{0C825A82-5391-41B3-B5FE-C7E6F6C68FAF}.Release|Any CPU.Build.0 = Release|Any CPU
		{BC400663-E35B-4004-A45D-02C6ACC461E3}.Android|Any CPU.ActiveCfg = Debug|Any CPU
		{BC400663-E35B-4004-A45D-02C6ACC461E3}.Android|Any CPU.Build.0 = Debug|Any CPU
		{BC400663-E35B-4004-A45D-02C6ACC461E3}.Debug|Any CPU.ActiveCfg = Debug|Any CPU
		{BC400663-E35B-4004-A45D-02C6ACC461E3}.Release|Any CPU.ActiveCfg = Release|Any CPU
		{BC400663-E35B-4004-A45D-02C6ACC461E3}.Debug|Any CPU.Build.0 = Debug|Any CPU
		{66E0AA61-A368-4B62-BD37-C1E40F423BE7}.Android|Any CPU.ActiveCfg = Debug|Any CPU
		{66E0AA61-A368-4B62-BD37-C1E40F423BE7}.Android|Any CPU.Build.0 = Debug|Any CPU
		{66E0AA61-A368-4B62-BD37-C1E40F423BE7}.Debug|Any CPU.ActiveCfg = Debug|Any CPU
		{66E0AA61-A368-4B62-BD37-C1E40F423BE7}.Release|Any CPU.ActiveCfg = Release|Any CPU
		{3CB4161A-062C-41C6-8376-4800D9064F3B}.Android|Any CPU.ActiveCfg = Debug|Any CPU
		{3CB4161A-062C-41C6-8376-4800D9064F3B}.Android|Any CPU.Build.0 = Debug|Any CPU
		{3CB4161A-062C-41C6-8376-4800D9064F3B}.Debug|Any CPU.ActiveCfg = Debug|Any CPU
		{3CB4161A-062C-41C6-8376-4800D9064F3B}.Release|Any CPU.ActiveCfg = Release|Any CPU
		{4C7E56C1-0446-49A1-9336-6CC4FE49A552}.Android|Any CPU.ActiveCfg = Debug|Any CPU
		{4C7E56C1-0446-49A1-9336-6CC4FE49A552}.Android|Any CPU.Build.0 = Debug|Any CPU
		{4C7E56C1-0446-49A1-9336-6CC4FE49A552}.Debug|Any CPU.ActiveCfg = Debug|Any CPU
		{4C7E56C1-0446-49A1-9336-6CC4FE49A552}.Debug|Any CPU.Build.0 = Debug|Any CPU
		{4C7E56C1-0446-49A1-9336-6CC4FE49A552}.Release|Any CPU.ActiveCfg = Release|Any CPU
		{4C7E56C1-0446-49A1-9336-6CC4FE49A552}.Release|Any CPU.Build.0 = Release|Any CPU
	EndGlobalSection
	GlobalSection(SolutionProperties) = preSolution
		HideSolutionNode = FALSE
	EndGlobalSection
	GlobalSection(NestedProjects) = preSolution
		{21FB831F-FE78-49C2-8021-F1DAA2412F6B} = {CDE9D996-1C34-4899-9E84-FC1593E58E00}
		{696FE4A5-8016-4124-9B2D-88345AA6DD4A} = {CDE9D996-1C34-4899-9E84-FC1593E58E00}
		{22032773-4558-4FFB-AA77-A12E3C91BB7A} = {CDE9D996-1C34-4899-9E84-FC1593E58E00}
		{4183A8C4-29C8-4E04-BC21-E0CDCAC6909B} = {CDE9D996-1C34-4899-9E84-FC1593E58E00}
		{8D42C1AC-3020-4F12-9087-3E5A2F1B575B} = {2AB0F3AA-A97D-4169-B30D-D9583893CADE}
		{62962075-ACD4-4B15-AE27-452EF2D8220A} = {EE472D03-42A8-4A0C-9F4D-0496E0818833}
		{E6C8517E-9125-4649-95ED-F6E941F36651} = {EE472D03-42A8-4A0C-9F4D-0496E0818833}
		{5A84543F-C413-48D8-9625-B1D0CD65DD5A} = {CDE9D996-1C34-4899-9E84-FC1593E58E00}
		{CF36CB73-3FD9-47F6-BCB9-EEDA5EFB73D4} = {F88E595E-45B6-4785-8DFE-E92D5E85B5D8}
		{FCD3D60C-F509-4C41-AD90-9E88F9B92531} = {F88E595E-45B6-4785-8DFE-E92D5E85B5D8}
		{69AF8818-CF20-45AD-A765-57C1AC9E9B39} = {CDE9D996-1C34-4899-9E84-FC1593E58E00}
		{B09AD28B-CE9C-40F0-82C6-0395048E117B} = {E69DF8DB-8E6B-4051-A8CC-10300BBFE99B}
		{B5788BDA-6137-4471-85FC-325565E45636} = {E69DF8DB-8E6B-4051-A8CC-10300BBFE99B}
		{4023C62A-75D3-4025-8C07-B43DBCE13A2D} = {03C05091-3D1F-4393-B00B-392EE2ABCD26}
		{EF597C9B-9B78-4AA4-9808-CF1BB911FD38} = {EE472D03-42A8-4A0C-9F4D-0496E0818833}
		{03C05091-3D1F-4393-B00B-392EE2ABCD26} = {EE472D03-42A8-4A0C-9F4D-0496E0818833}
		{CDE9D996-1C34-4899-9E84-FC1593E58E00} = {EE472D03-42A8-4A0C-9F4D-0496E0818833}
		{C2C13B19-8A13-44CB-93BB-CEC39690BB63} = {E69DF8DB-8E6B-4051-A8CC-10300BBFE99B}
		{720DEC3E-0863-44B6-B086-4D92A1EDA6AE} = {F88E595E-45B6-4785-8DFE-E92D5E85B5D8}
		{542F8803-394A-4E9A-99BA-2360F7A9146E} = {F88E595E-45B6-4785-8DFE-E92D5E85B5D8}
		{EE97BFCC-12A3-4EFE-B9D0-9C98311B86E9} = {F88E595E-45B6-4785-8DFE-E92D5E85B5D8}
		{1C196574-E834-4EC3-B3D3-5516C18C59E3} = {F88E595E-45B6-4785-8DFE-E92D5E85B5D8}
		{274A160A-42E0-4153-8C7A-A0E4743077B3} = {F88E595E-45B6-4785-8DFE-E92D5E85B5D8}
		{2AB0F3AA-A97D-4169-B30D-D9583893CADE} = {F88E595E-45B6-4785-8DFE-E92D5E85B5D8}
		{3DBD6F4C-2841-4FAE-9C79-B3C071276F03} = {E69DF8DB-8E6B-4051-A8CC-10300BBFE99B}
		{6BC01533-4A22-4E97-B230-853E60126E44} = {E69DF8DB-8E6B-4051-A8CC-10300BBFE99B}
		{0C825A82-5391-41B3-B5FE-C7E6F6C68FAF} = {EE472D03-42A8-4A0C-9F4D-0496E0818833}
		{BC400663-E35B-4004-A45D-02C6ACC461E3} = {E9889FE3-12D1-4D48-96CC-8DB2F816A9C9}
		{66E0AA61-A368-4B62-BD37-C1E40F423BE7} = {E69DF8DB-8E6B-4051-A8CC-10300BBFE99B}
		{55387993-C2DD-43B5-B626-2140DB5696ED} = {E69DF8DB-8E6B-4051-A8CC-10300BBFE99B}
		{3CB4161A-062C-41C6-8376-4800D9064F3B} = {E69DF8DB-8E6B-4051-A8CC-10300BBFE99B}
		{F364508B-0872-49EB-8138-1F3823FE8615} = {F4494E79-5AB2-4F3F-B8DA-8B3000C64EAF}
		{4C7E56C1-0446-49A1-9336-6CC4FE49A552} = {EE472D03-42A8-4A0C-9F4D-0496E0818833}
	EndGlobalSection
	GlobalSection(ExtensibilityGlobals) = postSolution
		SolutionGuid = {2C1F496A-0730-4F2A-801B-63D4F7725C12}
	EndGlobalSection
	GlobalSection(SharedMSBuildProjectFiles) = preSolution
		DecidedlyShared\DecidedlyShared.projitems*{0c825a82-5391-41b3-b5fe-c7e6f6c68faf}*SharedItemsImports = 5
		DecidedlyShared\DecidedlyShared.projitems*{21fb831f-fe78-49c2-8021-f1daa2412f6b}*SharedItemsImports = 5
		DecidedlyShared\DecidedlyShared.projitems*{22032773-4558-4ffb-aa77-a12e3c91bb7a}*SharedItemsImports = 5
		DecidedlyShared\DecidedlyShared.projitems*{299882b5-ac42-420d-8747-a33dca1f991f}*SharedItemsImports = 5
		DecidedlyShared\DecidedlyShared.projitems*{3cb4161a-062c-41c6-8376-4800d9064f3b}*SharedItemsImports = 5
		DecidedlyShared\DecidedlyShared.projitems*{3dbd6f4c-2841-4fae-9c79-b3c071276f03}*SharedItemsImports = 5
		DecidedlyShared\DecidedlyShared.projitems*{4023c62a-75d3-4025-8c07-b43dbce13a2d}*SharedItemsImports = 13
		DecidedlyShared\DecidedlyShared.projitems*{4183a8c4-29c8-4e04-bc21-e0cdcac6909b}*SharedItemsImports = 5
		DecidedlyShared\DecidedlyShared.projitems*{5a84543f-c413-48d8-9625-b1d0cd65dd5a}*SharedItemsImports = 5
		DecidedlyShared\DecidedlyShared.projitems*{62962075-acd4-4b15-ae27-452ef2d8220a}*SharedItemsImports = 5
		DecidedlyShared\DecidedlyShared.projitems*{66e0aa61-a368-4b62-bd37-c1e40f423be7}*SharedItemsImports = 5
		DecidedlyShared\DecidedlyShared.projitems*{696fe4a5-8016-4124-9b2d-88345aa6dd4a}*SharedItemsImports = 5
		DecidedlyShared\DecidedlyShared.projitems*{69af8818-cf20-45ad-a765-57c1ac9e9b39}*SharedItemsImports = 5
		DecidedlyShared\DecidedlyShared.projitems*{6bc01533-4a22-4e97-b230-853e60126e44}*SharedItemsImports = 5
		DecidedlyShared\DecidedlyShared.projitems*{b09ad28b-ce9c-40f0-82c6-0395048e117b}*SharedItemsImports = 5
		DecidedlyShared\DecidedlyShared.projitems*{b5788bda-6137-4471-85fc-325565e45636}*SharedItemsImports = 5
		DecidedlyShared\DecidedlyShared.projitems*{bc400663-e35b-4004-a45d-02c6acc461e3}*SharedItemsImports = 5
		DecidedlyShared\DecidedlyShared.projitems*{c1ec3265-4d58-4959-aa56-3faba9fa9140}*SharedItemsImports = 5
		DecidedlyShared\DecidedlyShared.projitems*{c2c13b19-8a13-44cb-93bb-cec39690bb63}*SharedItemsImports = 5
		DecidedlyShared\DecidedlyShared.projitems*{e6c8517e-9125-4649-95ed-f6e941f36651}*SharedItemsImports = 5
		DecidedlyShared\DecidedlyShared.projitems*{ef597c9b-9b78-4aa4-9808-cf1bb911fd38}*SharedItemsImports = 5
		DecidedlyShared\DecidedlyShared.projitems*{f364508b-0872-49eb-8138-1f3823fe8615}*SharedItemsImports = 5
		DecidedlyShared\DecidedlyShared.projitems*{fcd3d60c-f509-4c41-ad90-9e88f9b92531}*SharedItemsImports = 5
	EndGlobalSection
EndGlobal
