
Microsoft Visual Studio Solution File, Format Version 12.00
# Visual Studio Version 17
VisualStudioVersion = 17.9.34714.143
MinimumVisualStudioVersion = 10.0.40219.1
Project("{FAE04EC0-301F-11D3-BF4B-00C04F79EFBC}") = "AlwaysOrganizeChests", "AlwaysOrganizeChests\AlwaysOrganizeChests.csproj", "{37AC8066-E463-4606-B233-D037281C82D1}"
EndProject
Global
	GlobalSection(SolutionConfigurationPlatforms) = preSolution
		Debug|Any CPU = Debug|Any CPU
		Release|Any CPU = Release|Any CPU
	EndGlobalSection
	GlobalSection(ProjectConfigurationPlatforms) = postSolution
		{37AC8066-E463-4606-B233-D037281C82D1}.Debug|Any CPU.ActiveCfg = Debug|Any CPU
		{37AC8066-E463-4606-B233-D037281C82D1}.Debug|Any CPU.Build.0 = Debug|Any CPU
		{37AC8066-E463-4606-B233-D037281C82D1}.Release|Any CPU.ActiveCfg = Release|Any CPU
		{37AC8066-E463-4606-B233-D037281C82D1}.Release|Any CPU.Build.0 = Release|Any CPU
	EndGlobalSection
	GlobalSection(SolutionProperties) = preSolution
		HideSolutionNode = FALSE
	EndGlobalSection
	GlobalSection(ExtensibilityGlobals) = postSolution
		SolutionGuid = {8E33B1CA-8A0D-4647-B969-984BE2B50E47}
	EndGlobalSection
EndGlobal
