
Microsoft Visual Studio Solution File, Format Version 12.00
# Visual Studio Version 17
VisualStudioVersion = 17.9.34723.18
MinimumVisualStudioVersion = 10.0.40219.1
Project("{FAE04EC0-301F-11D3-BF4B-00C04F79EFBC}") = "PrecisionWheel", "PrecisionWheel.csproj", "{AE476315-78EA-4AC7-A1B1-14E08002DA07}"
EndProject
Global
	GlobalSection(SolutionConfigurationPlatforms) = preSolution
		Debug|Any CPU = Debug|Any CPU
		Release|Any CPU = Release|Any CPU
	EndGlobalSection
	GlobalSection(ProjectConfigurationPlatforms) = postSolution
		{AE476315-78EA-4AC7-A1B1-14E08002DA07}.Debug|Any CPU.ActiveCfg = Debug|Any CPU
		{AE476315-78EA-4AC7-A1B1-14E08002DA07}.Debug|Any CPU.Build.0 = Debug|Any CPU
		{AE476315-78EA-4AC7-A1B1-14E08002DA07}.Release|Any CPU.ActiveCfg = Release|Any CPU
		{AE476315-78EA-4AC7-A1B1-14E08002DA07}.Release|Any CPU.Build.0 = Release|Any CPU
	EndGlobalSection
	GlobalSection(SolutionProperties) = preSolution
		HideSolutionNode = FALSE
	EndGlobalSection
	GlobalSection(ExtensibilityGlobals) = postSolution
		SolutionGuid = {27066341-2AFA-456F-BBEB-F6B06996BB15}
	EndGlobalSection
EndGlobal
