
Microsoft Visual Studio Solution File, Format Version 12.00
# Visual Studio Version 17
VisualStudioVersion = 17.2.32526.322
MinimumVisualStudioVersion = 10.0.40219.1
Project("{FAE04EC0-301F-11D3-BF4B-00C04F79EFBC}") = "Desert Bloom", "Desert Bloom\Desert Bloom.csproj", "{5D6B152B-A909-412F-A342-A5314DE3990A}"
EndProject
Global
	GlobalSection(SolutionConfigurationPlatforms) = preSolution
		Debug|Any CPU = Debug|Any CPU
		Release|Any CPU = Release|Any CPU
	EndGlobalSection
	GlobalSection(ProjectConfigurationPlatforms) = postSolution
		{5D6B152B-A909-412F-A342-A5314DE3990A}.Debug|Any CPU.ActiveCfg = Debug|Any CPU
		{5D6B152B-A909-412F-A342-A5314DE3990A}.Debug|Any CPU.Build.0 = Debug|Any CPU
		{5D6B152B-A909-412F-A342-A5314DE3990A}.Release|Any CPU.ActiveCfg = Release|Any CPU
		{5D6B152B-A909-412F-A342-A5314DE3990A}.Release|Any CPU.Build.0 = Release|Any CPU
	EndGlobalSection
	GlobalSection(SolutionProperties) = preSolution
		HideSolutionNode = FALSE
	EndGlobalSection
	GlobalSection(ExtensibilityGlobals) = postSolution
		SolutionGuid = {D6E5FDC6-1D92-425E-9D73-D197C7B9114A}
	EndGlobalSection
EndGlobal
