
Microsoft Visual Studio Solution File, Format Version 12.00
# Visual Studio 15
VisualStudioVersion = 15.0.28307.271
MinimumVisualStudioVersion = 10.0.40219.1
Project("{FAE04EC0-301F-11D3-BF4B-00C04F79EFBC}") = "ConfigureMachineOutputs", "ConfigureMachineOutputs\ConfigureMachineOutputs.csproj", "{DCF1F766-6EA8-4A15-880A-579C80008F05}"
EndProject
Global
	GlobalSection(SolutionConfigurationPlatforms) = preSolution
		Debug|Any CPU = Debug|Any CPU
		Release|Any CPU = Release|Any CPU
	EndGlobalSection
	GlobalSection(ProjectConfigurationPlatforms) = postSolution
		{DCF1F766-6EA8-4A15-880A-579C80008F05}.Debug|Any CPU.ActiveCfg = Debug|Any CPU
		{DCF1F766-6EA8-4A15-880A-579C80008F05}.Debug|Any CPU.Build.0 = Debug|Any CPU
		{DCF1F766-6EA8-4A15-880A-579C80008F05}.Release|Any CPU.ActiveCfg = Release|Any CPU
		{DCF1F766-6EA8-4A15-880A-579C80008F05}.Release|Any CPU.Build.0 = Release|Any CPU
	EndGlobalSection
	GlobalSection(SolutionProperties) = preSolution
		HideSolutionNode = FALSE
	EndGlobalSection
	GlobalSection(ExtensibilityGlobals) = postSolution
		SolutionGuid = {F50CDA69-252C-48F7-AB11-5C518B2DD9EB}
	EndGlobalSection
EndGlobal
