
Microsoft Visual Studio Solution File, Format Version 12.00
# Visual Studio Version 17
VisualStudioVersion = 17.1.32210.238
MinimumVisualStudioVersion = 10.0.40219.1
Project("{FAE04EC0-301F-11D3-BF4B-00C04F79EFBC}") = "DeluxeJournal", "DeluxeJournal.csproj", "{0501ECD6-507A-4645-B8BB-8D1A5CA9178F}"
EndProject
Global
	GlobalSection(SolutionConfigurationPlatforms) = preSolution
		Debug|Any CPU = Debug|Any CPU
		Release|Any CPU = Release|Any CPU
	EndGlobalSection
	GlobalSection(ProjectConfigurationPlatforms) = postSolution
		{0501ECD6-507A-4645-B8BB-8D1A5CA9178F}.Debug|Any CPU.ActiveCfg = Debug|Any CPU
		{0501ECD6-507A-4645-B8BB-8D1A5CA9178F}.Debug|Any CPU.Build.0 = Debug|Any CPU
		{0501ECD6-507A-4645-B8BB-8D1A5CA9178F}.Release|Any CPU.ActiveCfg = Release|Any CPU
		{0501ECD6-507A-4645-B8BB-8D1A5CA9178F}.Release|Any CPU.Build.0 = Release|Any CPU
	EndGlobalSection
	GlobalSection(SolutionProperties) = preSolution
		HideSolutionNode = FALSE
	EndGlobalSection
	GlobalSection(ExtensibilityGlobals) = postSolution
		SolutionGuid = {6AD0C12D-3BD9-4C14-92CD-C59DD138B962}
	EndGlobalSection
EndGlobal
