
Microsoft Visual Studio Solution File, Format Version 12.00
Project("{FAE04EC0-301F-11D3-BF4B-00C04F79EFBC}") = "Labeling", "Labeling.csproj", "{FD61023F-4572-4B3B-A4C2-825726B67B44}"
EndProject
Global
	GlobalSection(SolutionConfigurationPlatforms) = preSolution
		Debug|Any CPU = Debug|Any CPU
		Release|Any CPU = Release|Any CPU
	EndGlobalSection
	GlobalSection(ProjectConfigurationPlatforms) = postSolution
		{FD61023F-4572-4B3B-A4C2-825726B67B44}.Debug|Any CPU.ActiveCfg = Debug|Any CPU
		{FD61023F-4572-4B3B-A4C2-825726B67B44}.Debug|Any CPU.Build.0 = Debug|Any CPU
		{FD61023F-4572-4B3B-A4C2-825726B67B44}.Release|Any CPU.ActiveCfg = Release|Any CPU
		{FD61023F-4572-4B3B-A4C2-825726B67B44}.Release|Any CPU.Build.0 = Release|Any CPU
	EndGlobalSection
EndGlobal
