
Microsoft Visual Studio Solution File, Format Version 12.00
# Visual Studio Version 17
VisualStudioVersion = 17.2.32516.85
MinimumVisualStudioVersion = 10.0.40219.1
Project("{9A19103F-16F7-4668-BE54-9A1E7A4F7556}") = "PanningFramework", "PanningFramework\PanningFramework\PanningFramework.csproj", "{ADEAC784-5C0D-4C5C-8AF3-583C5922DF9C}"
EndProject
Project("{9A19103F-16F7-4668-BE54-9A1E7A4F7556}") = "PelicanTownFoodBank", "PelicanTownFoodBank\PelicanTownFoodBank\PelicanTownFoodBank.csproj", "{5815ABD0-0749-46B2-8A19-1D6DCEAA0864}"
EndProject
Project("{9A19103F-16F7-4668-BE54-9A1E7A4F7556}") = "Pintail", "Pintail\Pintail\Pintail.csproj", "{AEAA0E76-B879-4B57-9018-763B644E9B5F}"
EndProject
Project("{9A19103F-16F7-4668-BE54-9A1E7A4F7556}") = "PintailTests", "Pintail\PintailTests\PintailTests.csproj", "{CCE19AF6-9247-4C2B-9FDD-3780CB34673D}"
EndProject
Project("{9A19103F-16F7-4668-BE54-9A1E7A4F7556}") = "SpecialOrdersExtended", "SpecialOrdersExtended\SpecialOrdersExtended\SpecialOrdersExtended.csproj", "{BA1490F8-81FB-46AD-B171-AFD05610CD78}"
EndProject
Project("{9A19103F-16F7-4668-BE54-9A1E7A4F7556}") = "StopRugRemoval", "StopRugRemoval\StopRugRemoval\StopRugRemoval.csproj", "{8BC9B253-C88B-4C91-AE0C-2789850EAC9B}"
EndProject
Project("{9A19103F-16F7-4668-BE54-9A1E7A4F7556}") = "TrashDoesNotConsumeBait", "TrashDoesNotConsumeBait\TrashDoesNotConsumeBait\TrashDoesNotConsumeBait.csproj", "{620B2C9C-CE6A-48BD-A221-556EABAD1621}"
EndProject
Project("{9A19103F-16F7-4668-BE54-9A1E7A4F7556}") = "AtraCore", "AtraCore\AtraCore.csproj", "{3B016280-A267-4C67-AFFE-999C2B25E527}"
EndProject
Project("{D954291E-2A0B-460D-934E-DC6B0785DB48}") = "AtraBase", "AtraBase\AtraBase\AtraBase.shproj", "{2DB924CC-3230-4C0A-8E9B-967CDEDA2E23}"
EndProject
Project("{9A19103F-16F7-4668-BE54-9A1E7A4F7556}") = "EasierDartPuzzle", "EasierDartPuzzle\EasierDartPuzzle.csproj", "{F0D52926-6F5F-45B8-8188-C95A51D383B4}"
EndProject
Project("{9A19103F-16F7-4668-BE54-9A1E7A4F7556}") = "ExpFromMonsterKillsOnFarm", "ExpFromMonsterKillsOnFarm\ExpFromMonsterKillsOnFarm\ExpFromMonsterKillsOnFarm.csproj", "{B4A3BB5F-F849-46CD-B673-461249466F78}"
EndProject
Project("{9A19103F-16F7-4668-BE54-9A1E7A4F7556}") = "FarmCaveSpawn", "FarmCaveSpawn\FarmCaveSpawn\FarmCaveSpawn.csproj", "{3876B9B7-AA50-460C-9F95-A9F75F49E707}"
EndProject
Project("{9A19103F-16F7-4668-BE54-9A1E7A4F7556}") = "ForgeMenuChoice", "ForgeMenuChoice\ForgeMenuChoice\ForgeMenuChoice.csproj", "{D4CD232B-B8E8-4F5F-94AB-0060B615585A}"
	ProjectSection(ProjectDependencies) = postProject
		{3B016280-A267-4C67-AFFE-999C2B25E527} = {3B016280-A267-4C67-AFFE-999C2B25E527}
		{AEAA0E76-B879-4B57-9018-763B644E9B5F} = {AEAA0E76-B879-4B57-9018-763B644E9B5F}
	EndProjectSection
EndProject
Project("{9A19103F-16F7-4668-BE54-9A1E7A4F7556}") = "HighlightEmptyMachines", "HighlightEmptyMachines\HighlightEmptyMachines\HighlightEmptyMachines.csproj", "{B20A0783-1E71-4315-825B-41DCA64D6B97}"
EndProject
Project("{9A19103F-16F7-4668-BE54-9A1E7A4F7556}") = "IdentifiableCombinedRings", "IdentifiableCombinedRings\IdentifiableCombinedRings.csproj", "{F238C35A-BAE7-491A-AE07-5B38B5ADAE7E}"
EndProject
Project("{9A19103F-16F7-4668-BE54-9A1E7A4F7556}") = "LessMiniShippingBin", "LessMiniShippingBin\LessMiniShippingBin\LessMiniShippingBin.csproj", "{2CC4A5D6-D722-48C7-9E89-6A5B9D773A16}"
EndProject
Project("{9A19103F-16F7-4668-BE54-9A1E7A4F7556}") = "MuseumRewardsIn", "MuseumRewardsIn\MuseumRewardsIn\MuseumRewardsIn.csproj", "{34E7D5AA-F3C2-43CC-8AFC-E74FA02E6637}"
EndProject
Project("{9A19103F-16F7-4668-BE54-9A1E7A4F7556}") = "QualityRings", "QualityRings\QualityRings.csproj", "{ED8AD8FC-061F-4F58-82D4-7FE255AFD1CE}"
EndProject
Project("{9A19103F-16F7-4668-BE54-9A1E7A4F7556}") = "HolidaySales", "HolidaySales\HolidaySales.csproj", "{8F84A6B4-A93B-48F4-A785-49998D40983D}"
EndProject
Project("{9A19103F-16F7-4668-BE54-9A1E7A4F7556}") = "ExperimentalLagReduction", "ExperimentalLagReduction\ExperimentalLagReduction.csproj", "{EBE7DA5A-E418-4A44-987D-393E2C4244CA}"
EndProject
Project("{9A19103F-16F7-4668-BE54-9A1E7A4F7556}") = "WhyAreMacs", "WhyAreMacs\WhyAreMacs.csproj", "{475A9E44-3A6B-4E3E-927D-7626AFD10A7C}"
EndProject
Project("{9A19103F-16F7-4668-BE54-9A1E7A4F7556}") = "PrismaticClothing", "PrismaticClothing\PrismaticClothing.csproj", "{A7F5E995-F627-4987-8F20-FAB1E4866691}"
EndProject
Project("{9A19103F-16F7-4668-BE54-9A1E7A4F7556}") = "PrismaticSlime", "PrismaticSlime\PrismaticSlime.csproj", "{7127755B-9473-4FF9-B736-8DD46DE1E0BF}"
EndProject
Project("{2150E333-8FDC-42A3-9474-1A3956D46DE8}") = "Solution Items", "Solution Items", "{70028B32-6F2B-41CB-907A-EDFA7416DE65}"
	ProjectSection(SolutionItems) = preProject
		.editorconfig = .editorconfig
		.gitignore = .gitignore
		base_dependencies.json = base_dependencies.json
		cp_dependencies.json = cp_dependencies.json
		csproj_common = csproj_common
		fake_pfm_dependency.json = fake_pfm_dependency.json
		ja_dependencies.json = ja_dependencies.json
		LICENSE = LICENSE
		spacecore_dependencies.json = spacecore_dependencies.json
	EndProjectSection
EndProject
Project("{9A19103F-16F7-4668-BE54-9A1E7A4F7556}") = "TapGiantCrops", "TapGiantCrops\TapGiantCrops.csproj", "{87CB4C6C-FD1B-490F-8ABC-F25DF6107D71}"
EndProject
Project("{9A19103F-16F7-4668-BE54-9A1E7A4F7556}") = "TapGiantCropsAutomateBridge", "TapGiantCropsAutomateBridge\TapGiantCropsAutomateBridge.csproj", "{C0414845-029D-4179-A4DE-BF002AACC8B3}"
EndProject
Project("{9A19103F-16F7-4668-BE54-9A1E7A4F7556}") = "SleepInWedding", "SleepInWedding\SleepInWedding.csproj", "{804B0BC3-6A50-485A-B648-52AC96077F0E}"
EndProject
Project("{9A19103F-16F7-4668-BE54-9A1E7A4F7556}") = "ReviveDeadCrops", "ReviveDeadCrops\ReviveDeadCrops.csproj", "{D475C23C-8C0F-495A-8035-A73126B90783}"
EndProject
Project("{9A19103F-16F7-4668-BE54-9A1E7A4F7556}") = "SingleParenthood", "SingleParenthood\SingleParenthood.csproj", "{54F0A691-5B61-4966-9AD5-B6D509E5E201}"
EndProject
Project("{9A19103F-16F7-4668-BE54-9A1E7A4F7556}") = "LastDayToPlantRedux", "LastDayToPlantRedux\LastDayToPlantRedux.csproj", "{05801588-35B3-41D4-A1C2-1CACE1EA68CD}"
EndProject
Project("{9A19103F-16F7-4668-BE54-9A1E7A4F7556}") = "RelationshipsMatter", "RelationshipsMatter\RelationshipsMatter.csproj", "{5EBCA94A-ADAF-437B-94CD-79F1AF766022}"
EndProject
Project("{D954291E-2A0B-460D-934E-DC6B0785DB48}") = "AtraShared", "AtraShared\AtraShared.shproj", "{7119B285-0356-4CE5-ADCA-CC008E9315DA}"
EndProject
Project("{9A19103F-16F7-4668-BE54-9A1E7A4F7556}") = "CatGiftsRedux", "CatGiftsRedux\CatGiftsRedux.csproj", "{DF32222E-CB54-408E-8DA7-5E6EF6D61EB8}"
EndProject
Project("{9A19103F-16F7-4668-BE54-9A1E7A4F7556}") = "AvoidLosingScepter", "AvoidLosingScepter\AvoidLosingScepter\AvoidLosingScepter.csproj", "{5265C6D3-EFAF-4753-938F-64B030411340}"
EndProject
Project("{9A19103F-16F7-4668-BE54-9A1E7A4F7556}") = "DrawFishPondsOverGrass", "DrawFishPondsOverGrass\DrawFishPondsOverGrass\DrawFishPondsOverGrass.csproj", "{5720274C-8290-459B-A0C4-BD4076DF0B19}"
EndProject
Project("{9A19103F-16F7-4668-BE54-9A1E7A4F7556}") = "FrameRateLogger", "FrameRateLogger\FrameRateLogger\FrameRateLogger.csproj", "{5C5A0F5C-FDF1-4819-9D38-E641C10909BA}"
EndProject
Project("{9A19103F-16F7-4668-BE54-9A1E7A4F7556}") = "FixPigRandom", "FixPigRandom\FixPigRandom.csproj", "{04FE418D-694E-4314-8B70-1FEB67586C22}"
EndProject
Project("{9A19103F-16F7-4668-BE54-9A1E7A4F7556}") = "MoreItemsOnFishPonds", "MoreItemsOnFishPonds\MoreItemsOnFishPonds.csproj", "{89FEAEA3-321A-4A36-8054-54D7C0744982}"
EndProject
Project("{9A19103F-16F7-4668-BE54-9A1E7A4F7556}") = "MoreFertilizers", "MoreFertilizers\MoreFertilizers\MoreFertilizers.csproj", "{D9316E06-84BE-4BCF-B671-83D5C95D71BA}"
EndProject
Project("{9A19103F-16F7-4668-BE54-9A1E7A4F7556}") = "GiantCropFertilizer", "GiantCropFertilizer\GiantCropFertilizer\GiantCropFertilizer.csproj", "{A61398DC-4E5F-4DB3-93FE-F462043E57BA}"
EndProject
Project("{9A19103F-16F7-4668-BE54-9A1E7A4F7556}") = "GingerIslandMainlandAdjustments", "Ginger Island Mainland Adjustments\Ginger Island Mainland Adjustments\GingerIslandMainlandAdjustments.csproj", "{8BD4D58A-19B1-4FF8-AB28-57C85FE6EC04}"
EndProject
Project("{9A19103F-16F7-4668-BE54-9A1E7A4F7556}") = "PamTries", "PamTries\PamTries\PamTries.csproj", "{23824CB7-4888-42F9-9E30-11993B7D9AE8}"
EndProject
Project("{9A19103F-16F7-4668-BE54-9A1E7A4F7556}") = "NerfCavePuzzle", "NerfCavePuzzle\NerfCavePuzzle\NerfCavePuzzle.csproj", "{2583DDEF-6C58-4312-8B9E-419301D3D975}"
EndProject
Project("{9A19103F-16F7-4668-BE54-9A1E7A4F7556}") = "BetterIntegratedModItems", "BetterIntegratedModItems\BetterIntegratedModItems.csproj", "{6CA7E38C-51E7-411C-86A9-D4406D03D942}"
EndProject
Project("{9A19103F-16F7-4668-BE54-9A1E7A4F7556}") = "Stackify", "Stackify\Stackify.csproj", "{059511A7-ECC8-4AD6-9322-1FA18AE7DE0B}"
EndProject
Project("{9A19103F-16F7-4668-BE54-9A1E7A4F7556}") = "FarmBuildingHelper", "FarmBuildingHelper\FarmBuildingHelper.csproj", "{4C663EAD-2C15-49AF-8434-B6541A41E49F}"
EndProject
Project("{9A19103F-16F7-4668-BE54-9A1E7A4F7556}") = "GrowableBushes", "GrowableBushes\GrowableBushes.csproj", "{50F93997-9C93-48BB-B745-BB59AD29BE19}"
EndProject
Project("{9A19103F-16F7-4668-BE54-9A1E7A4F7556}") = "GrowableGiantCrops", "GrowableGiantCrops\GrowableGiantCrops.csproj", "{6932AA8F-D4B7-4322-894E-00426002A8A5}"
EndProject
Project("{9A19103F-16F7-4668-BE54-9A1E7A4F7556}") = "CritterRings", "CritterRings\CritterRings.csproj", "{A55D6E3F-B6C1-4AEC-ADB8-B52E9AEAC9CA}"
EndProject
Project("{9A19103F-16F7-4668-BE54-9A1E7A4F7556}") = "CameraPan", "CameraPan\CameraPan.csproj", "{A6A3834A-337A-4D8C-849E-1D335A3D2D5D}"
EndProject
Project("{9A19103F-16F7-4668-BE54-9A1E7A4F7556}") = "NPCArrows", "NPCArrows\NPCArrows.csproj", "{BDD2422A-52C7-4025-ABEA-2F878495F0EF}"
EndProject
Project("{FAE04EC0-301F-11D3-BF4B-00C04F79EFBC}") = "NovaNPCTest", "NovaNPCTest\NovaNPCTest.csproj", "{03C0C719-0365-49AF-B45A-16C38D767F01}"
EndProject
Project("{FAE04EC0-301F-11D3-BF4B-00C04F79EFBC}") = "PokeBerries", "PokeBerries\PokeBerries.csproj", "{30385075-E142-4D12-9741-47191CF3ABDE}"
EndProject
Global
	GlobalSection(SolutionConfigurationPlatforms) = preSolution
		Debug|Any CPU = Debug|Any CPU
		Release|Any CPU = Release|Any CPU
	EndGlobalSection
	GlobalSection(ProjectConfigurationPlatforms) = postSolution
		{ADEAC784-5C0D-4C5C-8AF3-583C5922DF9C}.Debug|Any CPU.ActiveCfg = Debug|Any CPU
		{ADEAC784-5C0D-4C5C-8AF3-583C5922DF9C}.Debug|Any CPU.Build.0 = Debug|Any CPU
		{ADEAC784-5C0D-4C5C-8AF3-583C5922DF9C}.Release|Any CPU.ActiveCfg = Release|Any CPU
		{ADEAC784-5C0D-4C5C-8AF3-583C5922DF9C}.Release|Any CPU.Build.0 = Release|Any CPU
		{5815ABD0-0749-46B2-8A19-1D6DCEAA0864}.Debug|Any CPU.ActiveCfg = Debug|Any CPU
		{5815ABD0-0749-46B2-8A19-1D6DCEAA0864}.Debug|Any CPU.Build.0 = Debug|Any CPU
		{5815ABD0-0749-46B2-8A19-1D6DCEAA0864}.Release|Any CPU.ActiveCfg = Release|Any CPU
		{5815ABD0-0749-46B2-8A19-1D6DCEAA0864}.Release|Any CPU.Build.0 = Release|Any CPU
		{AEAA0E76-B879-4B57-9018-763B644E9B5F}.Debug|Any CPU.ActiveCfg = Debug|Any CPU
		{AEAA0E76-B879-4B57-9018-763B644E9B5F}.Debug|Any CPU.Build.0 = Debug|Any CPU
		{AEAA0E76-B879-4B57-9018-763B644E9B5F}.Release|Any CPU.ActiveCfg = Release|Any CPU
		{AEAA0E76-B879-4B57-9018-763B644E9B5F}.Release|Any CPU.Build.0 = Release|Any CPU
		{CCE19AF6-9247-4C2B-9FDD-3780CB34673D}.Debug|Any CPU.ActiveCfg = Debug|Any CPU
		{CCE19AF6-9247-4C2B-9FDD-3780CB34673D}.Debug|Any CPU.Build.0 = Debug|Any CPU
		{CCE19AF6-9247-4C2B-9FDD-3780CB34673D}.Release|Any CPU.ActiveCfg = Release|Any CPU
		{CCE19AF6-9247-4C2B-9FDD-3780CB34673D}.Release|Any CPU.Build.0 = Release|Any CPU
		{BA1490F8-81FB-46AD-B171-AFD05610CD78}.Debug|Any CPU.ActiveCfg = Debug|Any CPU
		{BA1490F8-81FB-46AD-B171-AFD05610CD78}.Debug|Any CPU.Build.0 = Debug|Any CPU
		{BA1490F8-81FB-46AD-B171-AFD05610CD78}.Release|Any CPU.ActiveCfg = Release|Any CPU
		{BA1490F8-81FB-46AD-B171-AFD05610CD78}.Release|Any CPU.Build.0 = Release|Any CPU
		{8BC9B253-C88B-4C91-AE0C-2789850EAC9B}.Debug|Any CPU.ActiveCfg = Debug|Any CPU
		{8BC9B253-C88B-4C91-AE0C-2789850EAC9B}.Debug|Any CPU.Build.0 = Debug|Any CPU
		{8BC9B253-C88B-4C91-AE0C-2789850EAC9B}.Release|Any CPU.ActiveCfg = Release|Any CPU
		{8BC9B253-C88B-4C91-AE0C-2789850EAC9B}.Release|Any CPU.Build.0 = Release|Any CPU
		{620B2C9C-CE6A-48BD-A221-556EABAD1621}.Debug|Any CPU.ActiveCfg = Debug|Any CPU
		{620B2C9C-CE6A-48BD-A221-556EABAD1621}.Debug|Any CPU.Build.0 = Debug|Any CPU
		{620B2C9C-CE6A-48BD-A221-556EABAD1621}.Release|Any CPU.ActiveCfg = Release|Any CPU
		{620B2C9C-CE6A-48BD-A221-556EABAD1621}.Release|Any CPU.Build.0 = Release|Any CPU
		{3B016280-A267-4C67-AFFE-999C2B25E527}.Debug|Any CPU.ActiveCfg = Debug|Any CPU
		{3B016280-A267-4C67-AFFE-999C2B25E527}.Debug|Any CPU.Build.0 = Debug|Any CPU
		{3B016280-A267-4C67-AFFE-999C2B25E527}.Release|Any CPU.ActiveCfg = Release|Any CPU
		{3B016280-A267-4C67-AFFE-999C2B25E527}.Release|Any CPU.Build.0 = Release|Any CPU
		{F0D52926-6F5F-45B8-8188-C95A51D383B4}.Debug|Any CPU.ActiveCfg = Debug|Any CPU
		{F0D52926-6F5F-45B8-8188-C95A51D383B4}.Debug|Any CPU.Build.0 = Debug|Any CPU
		{F0D52926-6F5F-45B8-8188-C95A51D383B4}.Release|Any CPU.ActiveCfg = Release|Any CPU
		{F0D52926-6F5F-45B8-8188-C95A51D383B4}.Release|Any CPU.Build.0 = Release|Any CPU
		{B4A3BB5F-F849-46CD-B673-461249466F78}.Debug|Any CPU.ActiveCfg = Debug|Any CPU
		{B4A3BB5F-F849-46CD-B673-461249466F78}.Debug|Any CPU.Build.0 = Debug|Any CPU
		{B4A3BB5F-F849-46CD-B673-461249466F78}.Release|Any CPU.ActiveCfg = Release|Any CPU
		{B4A3BB5F-F849-46CD-B673-461249466F78}.Release|Any CPU.Build.0 = Release|Any CPU
		{3876B9B7-AA50-460C-9F95-A9F75F49E707}.Debug|Any CPU.ActiveCfg = Debug|Any CPU
		{3876B9B7-AA50-460C-9F95-A9F75F49E707}.Debug|Any CPU.Build.0 = Debug|Any CPU
		{3876B9B7-AA50-460C-9F95-A9F75F49E707}.Release|Any CPU.ActiveCfg = Release|Any CPU
		{3876B9B7-AA50-460C-9F95-A9F75F49E707}.Release|Any CPU.Build.0 = Release|Any CPU
		{D4CD232B-B8E8-4F5F-94AB-0060B615585A}.Debug|Any CPU.ActiveCfg = Debug|Any CPU
		{D4CD232B-B8E8-4F5F-94AB-0060B615585A}.Debug|Any CPU.Build.0 = Debug|Any CPU
		{D4CD232B-B8E8-4F5F-94AB-0060B615585A}.Release|Any CPU.ActiveCfg = Release|Any CPU
		{D4CD232B-B8E8-4F5F-94AB-0060B615585A}.Release|Any CPU.Build.0 = Release|Any CPU
		{B20A0783-1E71-4315-825B-41DCA64D6B97}.Debug|Any CPU.ActiveCfg = Debug|Any CPU
		{B20A0783-1E71-4315-825B-41DCA64D6B97}.Debug|Any CPU.Build.0 = Debug|Any CPU
		{B20A0783-1E71-4315-825B-41DCA64D6B97}.Release|Any CPU.ActiveCfg = Release|Any CPU
		{B20A0783-1E71-4315-825B-41DCA64D6B97}.Release|Any CPU.Build.0 = Release|Any CPU
		{F238C35A-BAE7-491A-AE07-5B38B5ADAE7E}.Debug|Any CPU.ActiveCfg = Debug|Any CPU
		{F238C35A-BAE7-491A-AE07-5B38B5ADAE7E}.Debug|Any CPU.Build.0 = Debug|Any CPU
		{F238C35A-BAE7-491A-AE07-5B38B5ADAE7E}.Release|Any CPU.ActiveCfg = Release|Any CPU
		{F238C35A-BAE7-491A-AE07-5B38B5ADAE7E}.Release|Any CPU.Build.0 = Release|Any CPU
		{2CC4A5D6-D722-48C7-9E89-6A5B9D773A16}.Debug|Any CPU.ActiveCfg = Debug|Any CPU
		{2CC4A5D6-D722-48C7-9E89-6A5B9D773A16}.Debug|Any CPU.Build.0 = Debug|Any CPU
		{2CC4A5D6-D722-48C7-9E89-6A5B9D773A16}.Release|Any CPU.ActiveCfg = Release|Any CPU
		{2CC4A5D6-D722-48C7-9E89-6A5B9D773A16}.Release|Any CPU.Build.0 = Release|Any CPU
		{34E7D5AA-F3C2-43CC-8AFC-E74FA02E6637}.Debug|Any CPU.ActiveCfg = Debug|Any CPU
		{34E7D5AA-F3C2-43CC-8AFC-E74FA02E6637}.Debug|Any CPU.Build.0 = Debug|Any CPU
		{34E7D5AA-F3C2-43CC-8AFC-E74FA02E6637}.Release|Any CPU.ActiveCfg = Release|Any CPU
		{34E7D5AA-F3C2-43CC-8AFC-E74FA02E6637}.Release|Any CPU.Build.0 = Release|Any CPU
		{ED8AD8FC-061F-4F58-82D4-7FE255AFD1CE}.Debug|Any CPU.ActiveCfg = Debug|Any CPU
		{ED8AD8FC-061F-4F58-82D4-7FE255AFD1CE}.Debug|Any CPU.Build.0 = Debug|Any CPU
		{ED8AD8FC-061F-4F58-82D4-7FE255AFD1CE}.Release|Any CPU.ActiveCfg = Release|Any CPU
		{ED8AD8FC-061F-4F58-82D4-7FE255AFD1CE}.Release|Any CPU.Build.0 = Release|Any CPU
		{8F84A6B4-A93B-48F4-A785-49998D40983D}.Debug|Any CPU.ActiveCfg = Debug|Any CPU
		{8F84A6B4-A93B-48F4-A785-49998D40983D}.Debug|Any CPU.Build.0 = Debug|Any CPU
		{8F84A6B4-A93B-48F4-A785-49998D40983D}.Release|Any CPU.ActiveCfg = Release|Any CPU
		{8F84A6B4-A93B-48F4-A785-49998D40983D}.Release|Any CPU.Build.0 = Release|Any CPU
		{EBE7DA5A-E418-4A44-987D-393E2C4244CA}.Debug|Any CPU.ActiveCfg = Debug|Any CPU
		{EBE7DA5A-E418-4A44-987D-393E2C4244CA}.Debug|Any CPU.Build.0 = Debug|Any CPU
		{EBE7DA5A-E418-4A44-987D-393E2C4244CA}.Release|Any CPU.ActiveCfg = Release|Any CPU
		{EBE7DA5A-E418-4A44-987D-393E2C4244CA}.Release|Any CPU.Build.0 = Release|Any CPU
		{475A9E44-3A6B-4E3E-927D-7626AFD10A7C}.Debug|Any CPU.ActiveCfg = Debug|Any CPU
		{475A9E44-3A6B-4E3E-927D-7626AFD10A7C}.Debug|Any CPU.Build.0 = Debug|Any CPU
		{475A9E44-3A6B-4E3E-927D-7626AFD10A7C}.Release|Any CPU.ActiveCfg = Release|Any CPU
		{475A9E44-3A6B-4E3E-927D-7626AFD10A7C}.Release|Any CPU.Build.0 = Release|Any CPU
		{A7F5E995-F627-4987-8F20-FAB1E4866691}.Debug|Any CPU.ActiveCfg = Debug|Any CPU
		{A7F5E995-F627-4987-8F20-FAB1E4866691}.Debug|Any CPU.Build.0 = Debug|Any CPU
		{A7F5E995-F627-4987-8F20-FAB1E4866691}.Release|Any CPU.ActiveCfg = Release|Any CPU
		{A7F5E995-F627-4987-8F20-FAB1E4866691}.Release|Any CPU.Build.0 = Release|Any CPU
		{7127755B-9473-4FF9-B736-8DD46DE1E0BF}.Debug|Any CPU.ActiveCfg = Debug|Any CPU
		{7127755B-9473-4FF9-B736-8DD46DE1E0BF}.Debug|Any CPU.Build.0 = Debug|Any CPU
		{7127755B-9473-4FF9-B736-8DD46DE1E0BF}.Release|Any CPU.ActiveCfg = Release|Any CPU
		{7127755B-9473-4FF9-B736-8DD46DE1E0BF}.Release|Any CPU.Build.0 = Release|Any CPU
		{87CB4C6C-FD1B-490F-8ABC-F25DF6107D71}.Debug|Any CPU.ActiveCfg = Debug|Any CPU
		{87CB4C6C-FD1B-490F-8ABC-F25DF6107D71}.Debug|Any CPU.Build.0 = Debug|Any CPU
		{87CB4C6C-FD1B-490F-8ABC-F25DF6107D71}.Release|Any CPU.ActiveCfg = Release|Any CPU
		{87CB4C6C-FD1B-490F-8ABC-F25DF6107D71}.Release|Any CPU.Build.0 = Release|Any CPU
		{C0414845-029D-4179-A4DE-BF002AACC8B3}.Debug|Any CPU.ActiveCfg = Debug|Any CPU
		{C0414845-029D-4179-A4DE-BF002AACC8B3}.Debug|Any CPU.Build.0 = Debug|Any CPU
		{C0414845-029D-4179-A4DE-BF002AACC8B3}.Release|Any CPU.ActiveCfg = Release|Any CPU
		{C0414845-029D-4179-A4DE-BF002AACC8B3}.Release|Any CPU.Build.0 = Release|Any CPU
		{804B0BC3-6A50-485A-B648-52AC96077F0E}.Debug|Any CPU.ActiveCfg = Debug|Any CPU
		{804B0BC3-6A50-485A-B648-52AC96077F0E}.Debug|Any CPU.Build.0 = Debug|Any CPU
		{804B0BC3-6A50-485A-B648-52AC96077F0E}.Release|Any CPU.ActiveCfg = Release|Any CPU
		{804B0BC3-6A50-485A-B648-52AC96077F0E}.Release|Any CPU.Build.0 = Release|Any CPU
		{D475C23C-8C0F-495A-8035-A73126B90783}.Debug|Any CPU.ActiveCfg = Debug|Any CPU
		{D475C23C-8C0F-495A-8035-A73126B90783}.Debug|Any CPU.Build.0 = Debug|Any CPU
		{D475C23C-8C0F-495A-8035-A73126B90783}.Release|Any CPU.ActiveCfg = Release|Any CPU
		{D475C23C-8C0F-495A-8035-A73126B90783}.Release|Any CPU.Build.0 = Release|Any CPU
		{54F0A691-5B61-4966-9AD5-B6D509E5E201}.Debug|Any CPU.ActiveCfg = Debug|Any CPU
		{54F0A691-5B61-4966-9AD5-B6D509E5E201}.Debug|Any CPU.Build.0 = Debug|Any CPU
		{54F0A691-5B61-4966-9AD5-B6D509E5E201}.Release|Any CPU.ActiveCfg = Release|Any CPU
		{54F0A691-5B61-4966-9AD5-B6D509E5E201}.Release|Any CPU.Build.0 = Release|Any CPU
		{05801588-35B3-41D4-A1C2-1CACE1EA68CD}.Debug|Any CPU.ActiveCfg = Debug|Any CPU
		{05801588-35B3-41D4-A1C2-1CACE1EA68CD}.Debug|Any CPU.Build.0 = Debug|Any CPU
		{05801588-35B3-41D4-A1C2-1CACE1EA68CD}.Release|Any CPU.ActiveCfg = Release|Any CPU
		{05801588-35B3-41D4-A1C2-1CACE1EA68CD}.Release|Any CPU.Build.0 = Release|Any CPU
		{5EBCA94A-ADAF-437B-94CD-79F1AF766022}.Debug|Any CPU.ActiveCfg = Debug|Any CPU
		{5EBCA94A-ADAF-437B-94CD-79F1AF766022}.Debug|Any CPU.Build.0 = Debug|Any CPU
		{5EBCA94A-ADAF-437B-94CD-79F1AF766022}.Release|Any CPU.ActiveCfg = Release|Any CPU
		{5EBCA94A-ADAF-437B-94CD-79F1AF766022}.Release|Any CPU.Build.0 = Release|Any CPU
		{DF32222E-CB54-408E-8DA7-5E6EF6D61EB8}.Debug|Any CPU.ActiveCfg = Debug|Any CPU
		{DF32222E-CB54-408E-8DA7-5E6EF6D61EB8}.Debug|Any CPU.Build.0 = Debug|Any CPU
		{DF32222E-CB54-408E-8DA7-5E6EF6D61EB8}.Release|Any CPU.ActiveCfg = Release|Any CPU
		{DF32222E-CB54-408E-8DA7-5E6EF6D61EB8}.Release|Any CPU.Build.0 = Release|Any CPU
		{5265C6D3-EFAF-4753-938F-64B030411340}.Debug|Any CPU.ActiveCfg = Debug|Any CPU
		{5265C6D3-EFAF-4753-938F-64B030411340}.Debug|Any CPU.Build.0 = Debug|Any CPU
		{5265C6D3-EFAF-4753-938F-64B030411340}.Release|Any CPU.ActiveCfg = Release|Any CPU
		{5265C6D3-EFAF-4753-938F-64B030411340}.Release|Any CPU.Build.0 = Release|Any CPU
		{5720274C-8290-459B-A0C4-BD4076DF0B19}.Debug|Any CPU.ActiveCfg = Debug|Any CPU
		{5720274C-8290-459B-A0C4-BD4076DF0B19}.Debug|Any CPU.Build.0 = Debug|Any CPU
		{5720274C-8290-459B-A0C4-BD4076DF0B19}.Release|Any CPU.ActiveCfg = Release|Any CPU
		{5720274C-8290-459B-A0C4-BD4076DF0B19}.Release|Any CPU.Build.0 = Release|Any CPU
		{5C5A0F5C-FDF1-4819-9D38-E641C10909BA}.Debug|Any CPU.ActiveCfg = Debug|Any CPU
		{5C5A0F5C-FDF1-4819-9D38-E641C10909BA}.Debug|Any CPU.Build.0 = Debug|Any CPU
		{5C5A0F5C-FDF1-4819-9D38-E641C10909BA}.Release|Any CPU.ActiveCfg = Release|Any CPU
		{5C5A0F5C-FDF1-4819-9D38-E641C10909BA}.Release|Any CPU.Build.0 = Release|Any CPU
		{04FE418D-694E-4314-8B70-1FEB67586C22}.Debug|Any CPU.ActiveCfg = Debug|Any CPU
		{04FE418D-694E-4314-8B70-1FEB67586C22}.Debug|Any CPU.Build.0 = Debug|Any CPU
		{04FE418D-694E-4314-8B70-1FEB67586C22}.Release|Any CPU.ActiveCfg = Release|Any CPU
		{04FE418D-694E-4314-8B70-1FEB67586C22}.Release|Any CPU.Build.0 = Release|Any CPU
		{89FEAEA3-321A-4A36-8054-54D7C0744982}.Debug|Any CPU.ActiveCfg = Debug|Any CPU
		{89FEAEA3-321A-4A36-8054-54D7C0744982}.Debug|Any CPU.Build.0 = Debug|Any CPU
		{89FEAEA3-321A-4A36-8054-54D7C0744982}.Release|Any CPU.ActiveCfg = Release|Any CPU
		{89FEAEA3-321A-4A36-8054-54D7C0744982}.Release|Any CPU.Build.0 = Release|Any CPU
		{D9316E06-84BE-4BCF-B671-83D5C95D71BA}.Debug|Any CPU.ActiveCfg = Debug|Any CPU
		{D9316E06-84BE-4BCF-B671-83D5C95D71BA}.Debug|Any CPU.Build.0 = Debug|Any CPU
		{D9316E06-84BE-4BCF-B671-83D5C95D71BA}.Release|Any CPU.ActiveCfg = Release|Any CPU
		{D9316E06-84BE-4BCF-B671-83D5C95D71BA}.Release|Any CPU.Build.0 = Release|Any CPU
		{A61398DC-4E5F-4DB3-93FE-F462043E57BA}.Debug|Any CPU.ActiveCfg = Debug|Any CPU
		{A61398DC-4E5F-4DB3-93FE-F462043E57BA}.Debug|Any CPU.Build.0 = Debug|Any CPU
		{A61398DC-4E5F-4DB3-93FE-F462043E57BA}.Release|Any CPU.ActiveCfg = Release|Any CPU
		{A61398DC-4E5F-4DB3-93FE-F462043E57BA}.Release|Any CPU.Build.0 = Release|Any CPU
		{8BD4D58A-19B1-4FF8-AB28-57C85FE6EC04}.Debug|Any CPU.ActiveCfg = Debug|Any CPU
		{8BD4D58A-19B1-4FF8-AB28-57C85FE6EC04}.Debug|Any CPU.Build.0 = Debug|Any CPU
		{8BD4D58A-19B1-4FF8-AB28-57C85FE6EC04}.Release|Any CPU.ActiveCfg = Release|Any CPU
		{8BD4D58A-19B1-4FF8-AB28-57C85FE6EC04}.Release|Any CPU.Build.0 = Release|Any CPU
		{23824CB7-4888-42F9-9E30-11993B7D9AE8}.Debug|Any CPU.ActiveCfg = Debug|Any CPU
		{23824CB7-4888-42F9-9E30-11993B7D9AE8}.Debug|Any CPU.Build.0 = Debug|Any CPU
		{23824CB7-4888-42F9-9E30-11993B7D9AE8}.Release|Any CPU.ActiveCfg = Release|Any CPU
		{23824CB7-4888-42F9-9E30-11993B7D9AE8}.Release|Any CPU.Build.0 = Release|Any CPU
		{2583DDEF-6C58-4312-8B9E-419301D3D975}.Debug|Any CPU.ActiveCfg = Debug|Any CPU
		{2583DDEF-6C58-4312-8B9E-419301D3D975}.Debug|Any CPU.Build.0 = Debug|Any CPU
		{2583DDEF-6C58-4312-8B9E-419301D3D975}.Release|Any CPU.ActiveCfg = Release|Any CPU
		{2583DDEF-6C58-4312-8B9E-419301D3D975}.Release|Any CPU.Build.0 = Release|Any CPU
		{6CA7E38C-51E7-411C-86A9-D4406D03D942}.Debug|Any CPU.ActiveCfg = Debug|Any CPU
		{6CA7E38C-51E7-411C-86A9-D4406D03D942}.Debug|Any CPU.Build.0 = Debug|Any CPU
		{6CA7E38C-51E7-411C-86A9-D4406D03D942}.Release|Any CPU.ActiveCfg = Release|Any CPU
		{6CA7E38C-51E7-411C-86A9-D4406D03D942}.Release|Any CPU.Build.0 = Release|Any CPU
		{059511A7-ECC8-4AD6-9322-1FA18AE7DE0B}.Debug|Any CPU.ActiveCfg = Debug|Any CPU
		{059511A7-ECC8-4AD6-9322-1FA18AE7DE0B}.Debug|Any CPU.Build.0 = Debug|Any CPU
		{059511A7-ECC8-4AD6-9322-1FA18AE7DE0B}.Release|Any CPU.ActiveCfg = Release|Any CPU
		{059511A7-ECC8-4AD6-9322-1FA18AE7DE0B}.Release|Any CPU.Build.0 = Release|Any CPU
		{4C663EAD-2C15-49AF-8434-B6541A41E49F}.Debug|Any CPU.ActiveCfg = Debug|Any CPU
		{4C663EAD-2C15-49AF-8434-B6541A41E49F}.Debug|Any CPU.Build.0 = Debug|Any CPU
		{4C663EAD-2C15-49AF-8434-B6541A41E49F}.Release|Any CPU.ActiveCfg = Release|Any CPU
		{4C663EAD-2C15-49AF-8434-B6541A41E49F}.Release|Any CPU.Build.0 = Release|Any CPU
		{50F93997-9C93-48BB-B745-BB59AD29BE19}.Debug|Any CPU.ActiveCfg = Debug|Any CPU
		{50F93997-9C93-48BB-B745-BB59AD29BE19}.Debug|Any CPU.Build.0 = Debug|Any CPU
		{50F93997-9C93-48BB-B745-BB59AD29BE19}.Release|Any CPU.ActiveCfg = Release|Any CPU
		{50F93997-9C93-48BB-B745-BB59AD29BE19}.Release|Any CPU.Build.0 = Release|Any CPU
		{6932AA8F-D4B7-4322-894E-00426002A8A5}.Debug|Any CPU.ActiveCfg = Debug|Any CPU
		{6932AA8F-D4B7-4322-894E-00426002A8A5}.Debug|Any CPU.Build.0 = Debug|Any CPU
		{6932AA8F-D4B7-4322-894E-00426002A8A5}.Release|Any CPU.ActiveCfg = Release|Any CPU
		{6932AA8F-D4B7-4322-894E-00426002A8A5}.Release|Any CPU.Build.0 = Release|Any CPU
		{A55D6E3F-B6C1-4AEC-ADB8-B52E9AEAC9CA}.Debug|Any CPU.ActiveCfg = Debug|Any CPU
		{A55D6E3F-B6C1-4AEC-ADB8-B52E9AEAC9CA}.Debug|Any CPU.Build.0 = Debug|Any CPU
		{A55D6E3F-B6C1-4AEC-ADB8-B52E9AEAC9CA}.Release|Any CPU.ActiveCfg = Release|Any CPU
		{A55D6E3F-B6C1-4AEC-ADB8-B52E9AEAC9CA}.Release|Any CPU.Build.0 = Release|Any CPU
		{A6A3834A-337A-4D8C-849E-1D335A3D2D5D}.Debug|Any CPU.ActiveCfg = Debug|Any CPU
		{A6A3834A-337A-4D8C-849E-1D335A3D2D5D}.Debug|Any CPU.Build.0 = Debug|Any CPU
		{A6A3834A-337A-4D8C-849E-1D335A3D2D5D}.Release|Any CPU.ActiveCfg = Release|Any CPU
		{A6A3834A-337A-4D8C-849E-1D335A3D2D5D}.Release|Any CPU.Build.0 = Release|Any CPU
		{BDD2422A-52C7-4025-ABEA-2F878495F0EF}.Debug|Any CPU.ActiveCfg = Debug|Any CPU
		{BDD2422A-52C7-4025-ABEA-2F878495F0EF}.Debug|Any CPU.Build.0 = Debug|Any CPU
		{BDD2422A-52C7-4025-ABEA-2F878495F0EF}.Release|Any CPU.ActiveCfg = Release|Any CPU
		{BDD2422A-52C7-4025-ABEA-2F878495F0EF}.Release|Any CPU.Build.0 = Release|Any CPU
		{03C0C719-0365-49AF-B45A-16C38D767F01}.Debug|Any CPU.ActiveCfg = Debug|Any CPU
		{03C0C719-0365-49AF-B45A-16C38D767F01}.Debug|Any CPU.Build.0 = Debug|Any CPU
		{03C0C719-0365-49AF-B45A-16C38D767F01}.Release|Any CPU.ActiveCfg = Release|Any CPU
		{03C0C719-0365-49AF-B45A-16C38D767F01}.Release|Any CPU.Build.0 = Release|Any CPU
		{30385075-E142-4D12-9741-47191CF3ABDE}.Debug|Any CPU.ActiveCfg = Debug|Any CPU
		{30385075-E142-4D12-9741-47191CF3ABDE}.Debug|Any CPU.Build.0 = Debug|Any CPU
		{30385075-E142-4D12-9741-47191CF3ABDE}.Release|Any CPU.ActiveCfg = Release|Any CPU
		{30385075-E142-4D12-9741-47191CF3ABDE}.Release|Any CPU.Build.0 = Release|Any CPU
	EndGlobalSection
	GlobalSection(SolutionProperties) = preSolution
		HideSolutionNode = FALSE
	EndGlobalSection
	GlobalSection(ExtensibilityGlobals) = postSolution
		SolutionGuid = {D2799BF4-19A3-4855-A5FB-847B5FF8611D}
	EndGlobalSection
	GlobalSection(SharedMSBuildProjectFiles) = preSolution
		AtraBase\AtraBase\AtraBase.projitems*{2db924cc-3230-4c0a-8e9b-967cdeda2e23}*SharedItemsImports = 13
		AtraBase\AtraBase\AtraBase.projitems*{3b016280-a267-4c67-affe-999c2b25e527}*SharedItemsImports = 5
		AtraShared\AtraShared.projitems*{3b016280-a267-4c67-affe-999c2b25e527}*SharedItemsImports = 5
		AtraShared\AtraShared.projitems*{7119b285-0356-4ce5-adca-cc008e9315da}*SharedItemsImports = 13
	EndGlobalSection
EndGlobal
