
Microsoft Visual Studio Solution File, Format Version 12.00
# Visual Studio 15
VisualStudioVersion = 15.0.28307.329
MinimumVisualStudioVersion = 10.0.40219.1
Project("{FAE04EC0-301F-11D3-BF4B-00C04F79EFBC}") = "BeyondTheValley", "BeyondTheValley\BeyondTheValley.csproj", "{D86664F0-2C79-4D2D-AB3C-8C42C68BAD4B}"
EndProject
Global
	GlobalSection(SolutionConfigurationPlatforms) = preSolution
		Debug|Any CPU = Debug|Any CPU
		Release|Any CPU = Release|Any CPU
	EndGlobalSection
	GlobalSection(ProjectConfigurationPlatforms) = postSolution
		{D86664F0-2C79-4D2D-AB3C-8C42C68BAD4B}.Debug|Any CPU.ActiveCfg = Debug|Any CPU
		{D86664F0-2C79-4D2D-AB3C-8C42C68BAD4B}.Debug|Any CPU.Build.0 = Debug|Any CPU
		{D86664F0-2C79-4D2D-AB3C-8C42C68BAD4B}.Release|Any CPU.ActiveCfg = Release|Any CPU
		{D86664F0-2C79-4D2D-AB3C-8C42C68BAD4B}.Release|Any CPU.Build.0 = Release|Any CPU
	EndGlobalSection
	GlobalSection(SolutionProperties) = preSolution
		HideSolutionNode = FALSE
	EndGlobalSection
	GlobalSection(ExtensibilityGlobals) = postSolution
		SolutionGuid = {11055BE3-00D8-451A-92A8-27D718EA284E}
	EndGlobalSection
EndGlobal
