
Microsoft Visual Studio Solution File, Format Version 12.00
# Visual Studio Version 17
VisualStudioVersion = 17.0.32112.339
MinimumVisualStudioVersion = 10.0.40219.1
Project("{9A19103F-16F7-4668-BE54-9A1E7A4F7556}") = "MultiplayerPrairieKing", "MultiplayerPrairieKing.csproj", "{71BA7EF4-DC64-405B-A4D0-3D9BB8D28235}"
EndProject
Project("{9A19103F-16F7-4668-BE54-9A1E7A4F7556}") = "Stardew-Valley", "..\StardewValley\Stardew-Valley.csproj", "{50A8C31E-3BF6-4F23-BCA1-2D7ACB0518C2}"
EndProject
Global
	GlobalSection(SolutionConfigurationPlatforms) = preSolution
		Debug|Any CPU = Debug|Any CPU
		Release|Any CPU = Release|Any CPU
	EndGlobalSection
	GlobalSection(ProjectConfigurationPlatforms) = postSolution
		{71BA7EF4-DC64-405B-A4D0-3D9BB8D28235}.Debug|Any CPU.ActiveCfg = Debug|Any CPU
		{71BA7EF4-DC64-405B-A4D0-3D9BB8D28235}.Debug|Any CPU.Build.0 = Debug|Any CPU
		{71BA7EF4-DC64-405B-A4D0-3D9BB8D28235}.Release|Any CPU.ActiveCfg = Release|Any CPU
		{71BA7EF4-DC64-405B-A4D0-3D9BB8D28235}.Release|Any CPU.Build.0 = Release|Any CPU
		{50A8C31E-3BF6-4F23-BCA1-2D7ACB0518C2}.Debug|Any CPU.ActiveCfg = Debug|Any CPU
		{50A8C31E-3BF6-4F23-BCA1-2D7ACB0518C2}.Debug|Any CPU.Build.0 = Debug|Any CPU
		{50A8C31E-3BF6-4F23-BCA1-2D7ACB0518C2}.Release|Any CPU.ActiveCfg = Release|Any CPU
		{50A8C31E-3BF6-4F23-BCA1-2D7ACB0518C2}.Release|Any CPU.Build.0 = Release|Any CPU
	EndGlobalSection
	GlobalSection(SolutionProperties) = preSolution
		HideSolutionNode = FALSE
	EndGlobalSection
	GlobalSection(ExtensibilityGlobals) = postSolution
		SolutionGuid = {EB77FF40-2D82-4DFC-A4C5-9DD358B63595}
	EndGlobalSection
EndGlobal
