
Microsoft Visual Studio Solution File, Format Version 12.00
# Visual Studio Version 16
VisualStudioVersion = 16.0.809.7
MinimumVisualStudioVersion = 10.0.40219.1
Project("{FAE04EC0-301F-11D3-BF4B-00C04F79EFBC}") = "PersonalEffects", "PersonalEffects.csproj", "{F2ECB5E9-E051-4B77-8592-75A2E4B2F685}"
EndProject
Global
	GlobalSection(SolutionConfigurationPlatforms) = preSolution
		Debug|Any CPU = Debug|Any CPU
		Release|Any CPU = Release|Any CPU
	EndGlobalSection
	GlobalSection(ProjectConfigurationPlatforms) = postSolution
		{F2ECB5E9-E051-4B77-8592-75A2E4B2F685}.Debug|Any CPU.ActiveCfg = Debug|Any CPU
		{F2ECB5E9-E051-4B77-8592-75A2E4B2F685}.Debug|Any CPU.Build.0 = Debug|Any CPU
		{F2ECB5E9-E051-4B77-8592-75A2E4B2F685}.Release|Any CPU.ActiveCfg = Release|Any CPU
		{F2ECB5E9-E051-4B77-8592-75A2E4B2F685}.Release|Any CPU.Build.0 = Release|Any CPU
		{675AE538-5394-4A45-85E2-EB71EBF81568}.Debug|Any CPU.ActiveCfg = Debug|Any CPU
		{675AE538-5394-4A45-85E2-EB71EBF81568}.Debug|Any CPU.Build.0 = Debug|Any CPU
		{675AE538-5394-4A45-85E2-EB71EBF81568}.Release|Any CPU.ActiveCfg = Release|Any CPU
		{675AE538-5394-4A45-85E2-EB71EBF81568}.Release|Any CPU.Build.0 = Release|Any CPU
	EndGlobalSection
	GlobalSection(SolutionProperties) = preSolution
		HideSolutionNode = FALSE
	EndGlobalSection
	GlobalSection(ExtensibilityGlobals) = postSolution
		SolutionGuid = {AC90E9C2-ABB6-4ED0-ACF6-B76F69EA0AE5}
	EndGlobalSection
EndGlobal
