
Microsoft Visual Studio Solution File, Format Version 12.00
# Visual Studio Version 16
VisualStudioVersion = 16.0.29920.165
MinimumVisualStudioVersion = 10.0.40219.1
Project("{FAE04EC0-301F-11D3-BF4B-00C04F79EFBC}") = "DeluxeGrabberRedux", "DeluxeGrabberRedux\DeluxeGrabberRedux.csproj", "{47796857-A165-4A3D-A333-1CA3CDA434BD}"
EndProject
Project("{FAE04EC0-301F-11D3-BF4B-00C04F79EFBC}") = "ApiTest", "ApiTest\ApiTest.csproj", "{1A009F0A-432D-48DC-8C2C-67D134814F6E}"
EndProject
Project("{FAE04EC0-301F-11D3-BF4B-00C04F79EFBC}") = "CoalCartRegen", "CoalCartRegen\CoalCartRegen.csproj", "{630AC3C0-D982-482F-A2E1-0928FB3E0427}"
EndProject
Project("{FAE04EC0-301F-11D3-BF4B-00C04F79EFBC}") = "MineralCraftingRecipes", "MineralCraftingRecipes\MineralCraftingRecipes.csproj", "{F257FA41-968E-492C-A36D-2F332B722AB7}"
EndProject
Project("{FAE04EC0-301F-11D3-BF4B-00C04F79EFBC}") = "StackToMapChests", "StackToMapChests\StackToMapChests.csproj", "{B1016E5D-8276-4F79-A7B0-E9A4F1720298}"
EndProject
Project("{FAE04EC0-301F-11D3-BF4B-00C04F79EFBC}") = "FishingBubblesTracker", "FishingBubblesTracker\FishingBubblesTracker.csproj", "{E2879BBB-70B4-473B-B4E5-57BC275F58EC}"
EndProject
Global
	GlobalSection(SolutionConfigurationPlatforms) = preSolution
		Debug|Any CPU = Debug|Any CPU
		Release|Any CPU = Release|Any CPU
	EndGlobalSection
	GlobalSection(ProjectConfigurationPlatforms) = postSolution
		{47796857-A165-4A3D-A333-1CA3CDA434BD}.Debug|Any CPU.ActiveCfg = Debug|Any CPU
		{47796857-A165-4A3D-A333-1CA3CDA434BD}.Debug|Any CPU.Build.0 = Debug|Any CPU
		{47796857-A165-4A3D-A333-1CA3CDA434BD}.Release|Any CPU.ActiveCfg = Release|Any CPU
		{47796857-A165-4A3D-A333-1CA3CDA434BD}.Release|Any CPU.Build.0 = Release|Any CPU
		{1A009F0A-432D-48DC-8C2C-67D134814F6E}.Debug|Any CPU.ActiveCfg = Debug|Any CPU
		{1A009F0A-432D-48DC-8C2C-67D134814F6E}.Debug|Any CPU.Build.0 = Debug|Any CPU
		{1A009F0A-432D-48DC-8C2C-67D134814F6E}.Release|Any CPU.ActiveCfg = Release|Any CPU
		{1A009F0A-432D-48DC-8C2C-67D134814F6E}.Release|Any CPU.Build.0 = Release|Any CPU
		{630AC3C0-D982-482F-A2E1-0928FB3E0427}.Debug|Any CPU.ActiveCfg = Debug|Any CPU
		{630AC3C0-D982-482F-A2E1-0928FB3E0427}.Debug|Any CPU.Build.0 = Debug|Any CPU
		{630AC3C0-D982-482F-A2E1-0928FB3E0427}.Release|Any CPU.ActiveCfg = Release|Any CPU
		{630AC3C0-D982-482F-A2E1-0928FB3E0427}.Release|Any CPU.Build.0 = Release|Any CPU
		{F257FA41-968E-492C-A36D-2F332B722AB7}.Debug|Any CPU.ActiveCfg = Debug|Any CPU
		{F257FA41-968E-492C-A36D-2F332B722AB7}.Debug|Any CPU.Build.0 = Debug|Any CPU
		{F257FA41-968E-492C-A36D-2F332B722AB7}.Release|Any CPU.ActiveCfg = Release|Any CPU
		{F257FA41-968E-492C-A36D-2F332B722AB7}.Release|Any CPU.Build.0 = Release|Any CPU
		{B1016E5D-8276-4F79-A7B0-E9A4F1720298}.Debug|Any CPU.ActiveCfg = Debug|Any CPU
		{B1016E5D-8276-4F79-A7B0-E9A4F1720298}.Debug|Any CPU.Build.0 = Debug|Any CPU
		{B1016E5D-8276-4F79-A7B0-E9A4F1720298}.Release|Any CPU.ActiveCfg = Release|Any CPU
		{B1016E5D-8276-4F79-A7B0-E9A4F1720298}.Release|Any CPU.Build.0 = Release|Any CPU
		{E2879BBB-70B4-473B-B4E5-57BC275F58EC}.Debug|Any CPU.ActiveCfg = Debug|Any CPU
		{E2879BBB-70B4-473B-B4E5-57BC275F58EC}.Debug|Any CPU.Build.0 = Debug|Any CPU
		{E2879BBB-70B4-473B-B4E5-57BC275F58EC}.Release|Any CPU.ActiveCfg = Release|Any CPU
		{E2879BBB-70B4-473B-B4E5-57BC275F58EC}.Release|Any CPU.Build.0 = Release|Any CPU
	EndGlobalSection
	GlobalSection(SolutionProperties) = preSolution
		HideSolutionNode = FALSE
	EndGlobalSection
	GlobalSection(ExtensibilityGlobals) = postSolution
		SolutionGuid = {2D2FB77C-D64C-48F8-AB6D-04D270384F57}
	EndGlobalSection
EndGlobal
