
Microsoft Visual Studio Solution File, Format Version 12.00
# Visual Studio Version 16
VisualStudioVersion = 16.0.29709.97
MinimumVisualStudioVersion = 10.0.40219.1
Project("{FAE04EC0-301F-11D3-BF4B-00C04F79EFBC}") = "ToolUpgradeDelivery", "ToolUpgradeDelivery\ToolUpgradeDelivery.csproj", "{608673FD-C68B-4268-B7E5-68C65D17F59F}"
EndProject
Global
	GlobalSection(SolutionConfigurationPlatforms) = preSolution
		Debug|Any CPU = Debug|Any CPU
		Release|Any CPU = Release|Any CPU
	EndGlobalSection
	GlobalSection(ProjectConfigurationPlatforms) = postSolution
		{608673FD-C68B-4268-B7E5-68C65D17F59F}.Debug|Any CPU.ActiveCfg = Debug|Any CPU
		{608673FD-C68B-4268-B7E5-68C65D17F59F}.Debug|Any CPU.Build.0 = Debug|Any CPU
		{608673FD-C68B-4268-B7E5-68C65D17F59F}.Release|Any CPU.ActiveCfg = Release|Any CPU
		{608673FD-C68B-4268-B7E5-68C65D17F59F}.Release|Any CPU.Build.0 = Release|Any CPU
	EndGlobalSection
	GlobalSection(SolutionProperties) = preSolution
		HideSolutionNode = FALSE
	EndGlobalSection
	GlobalSection(ExtensibilityGlobals) = postSolution
		SolutionGuid = {97460721-85EB-4903-9C1A-A0401B172883}
	EndGlobalSection
EndGlobal
