
Microsoft Visual Studio Solution File, Format Version 12.00
# Visual Studio Version 17
VisualStudioVersion = 17.9.34714.143
MinimumVisualStudioVersion = 10.0.40219.1
Project("{FAE04EC0-301F-11D3-BF4B-00C04F79EFBC}") = "MaxCastStamina", "MaxCastStamina\MaxCastStamina.csproj", "{AAE0DF9B-446A-43C1-954D-91CAF61E7BC3}"
EndProject
Global
	GlobalSection(SolutionConfigurationPlatforms) = preSolution
		Debug|Any CPU = Debug|Any CPU
		Release|Any CPU = Release|Any CPU
	EndGlobalSection
	GlobalSection(ProjectConfigurationPlatforms) = postSolution
		{AAE0DF9B-446A-43C1-954D-91CAF61E7BC3}.Debug|Any CPU.ActiveCfg = Debug|Any CPU
		{AAE0DF9B-446A-43C1-954D-91CAF61E7BC3}.Debug|Any CPU.Build.0 = Debug|Any CPU
		{AAE0DF9B-446A-43C1-954D-91CAF61E7BC3}.Release|Any CPU.ActiveCfg = Release|Any CPU
		{AAE0DF9B-446A-43C1-954D-91CAF61E7BC3}.Release|Any CPU.Build.0 = Release|Any CPU
	EndGlobalSection
	GlobalSection(SolutionProperties) = preSolution
		HideSolutionNode = FALSE
	EndGlobalSection
	GlobalSection(ExtensibilityGlobals) = postSolution
		SolutionGuid = {5DB83A72-D245-41AA-98D4-2DB8422F04E2}
	EndGlobalSection
EndGlobal
