
Microsoft Visual Studio Solution File, Format Version 12.00
# Visual Studio Version 16
VisualStudioVersion = 16.0.30204.135
MinimumVisualStudioVersion = 10.0.40219.1
Project("{FAE04EC0-301F-11D3-BF4B-00C04F79EFBC}") = "iTile", "iTile.csproj", "{A5250991-D92E-40A1-B39A-A9192E1673AE}"
EndProject
Global
	GlobalSection(SolutionConfigurationPlatforms) = preSolution
		Debug|Any CPU = Debug|Any CPU
		Release|Any CPU = Release|Any CPU
	EndGlobalSection
	GlobalSection(ProjectConfigurationPlatforms) = postSolution
		{A5250991-D92E-40A1-B39A-A9192E1673AE}.Debug|Any CPU.ActiveCfg = Debug|Any CPU
		{A5250991-D92E-40A1-B39A-A9192E1673AE}.Debug|Any CPU.Build.0 = Debug|Any CPU
		{A5250991-D92E-40A1-B39A-A9192E1673AE}.Release|Any CPU.ActiveCfg = Release|Any CPU
		{A5250991-D92E-40A1-B39A-A9192E1673AE}.Release|Any CPU.Build.0 = Release|Any CPU
	EndGlobalSection
	GlobalSection(SolutionProperties) = preSolution
		HideSolutionNode = FALSE
	EndGlobalSection
	GlobalSection(ExtensibilityGlobals) = postSolution
		SolutionGuid = {7985498B-6A21-4293-9835-F7214D5307B4}
	EndGlobalSection
EndGlobal
