
Microsoft Visual Studio Solution File, Format Version 12.00
# Visual Studio 15
VisualStudioVersion = 15.0.27428.2043
MinimumVisualStudioVersion = 10.0.40219.1
Project("{FAE04EC0-301F-11D3-BF4B-00C04F79EFBC}") = "CleanFarm", "CleanFarm\CleanFarm.csproj", "{95F76A01-0076-42AE-AAD3-6BE10DD0A0FA}"
EndProject
Global
	GlobalSection(SolutionConfigurationPlatforms) = preSolution
		Debug|Any CPU = Debug|Any CPU
		Release|Any CPU = Release|Any CPU
	EndGlobalSection
	GlobalSection(ProjectConfigurationPlatforms) = postSolution
		{95F76A01-0076-42AE-AAD3-6BE10DD0A0FA}.Debug|Any CPU.ActiveCfg = Debug|Any CPU
		{95F76A01-0076-42AE-AAD3-6BE10DD0A0FA}.Debug|Any CPU.Build.0 = Debug|Any CPU
		{95F76A01-0076-42AE-AAD3-6BE10DD0A0FA}.Release|Any CPU.ActiveCfg = Release|Any CPU
		{95F76A01-0076-42AE-AAD3-6BE10DD0A0FA}.Release|Any CPU.Build.0 = Release|Any CPU
	EndGlobalSection
	GlobalSection(SolutionProperties) = preSolution
		HideSolutionNode = FALSE
	EndGlobalSection
	GlobalSection(ExtensibilityGlobals) = postSolution
		SolutionGuid = {CC61AD24-04F9-4F01-A094-AFB0927A0D7E}
	EndGlobalSection
EndGlobal
