
Microsoft Visual Studio Solution File, Format Version 12.00
# Visual Studio Version 17
VisualStudioVersion = 17.3.32922.545
MinimumVisualStudioVersion = 10.0.40219.1
Project("{D954291E-2A0B-460D-934E-DC6B0785DB48}") = "MoonShared", "MoonShared\MoonShared.shproj", "{8F13906D-7E88-45B4-ABBC-617437970163}"
EndProject
Project("{2150E333-8FDC-42A3-9474-1A3956D46DE8}") = "_root", "_root", "{7BB5EFE4-05AA-48E1-BA1C-5F7F0599381E}"
	ProjectSection(SolutionItems) = preProject
		.editorconfig = .editorconfig
		.gitignore = .gitignore
		common-contentpatcher.targets = common-contentpatcher.targets
		common.targets = common.targets
		LICENSE.txt = LICENSE.txt
		README.md = README.md
	EndProjectSection
EndProject
Project("{D954291E-2A0B-460D-934E-DC6B0785DB48}") = "MoonSharedSpaceCore", "MoonSharedSpaceCore\MoonSharedSpaceCore.shproj", "{19CEDB88-A912-48DA-B35D-FCE2509E70E6}"
EndProject
Project("{9A19103F-16F7-4668-BE54-9A1E7A4F7556}") = "CookingSkillCode", "CookingSkillRedux\CookingSkillCode.csproj", "{B4835048-A339-456F-B0ED-64CFE03C4C29}"
EndProject
Project("{9A19103F-16F7-4668-BE54-9A1E7A4F7556}") = "ArchaeologySkillCode", "ExcavationSkill\ArchaeologySkillCode.csproj", "{56651B71-984E-463C-BD0C-027917E96089}"
EndProject
Project("{9A19103F-16F7-4668-BE54-9A1E7A4F7556}") = "ShovelToolUpgrades", "ShovelToolUpgrades\ShovelToolUpgrades.csproj", "{CA7454A3-0D10-4F64-876E-A62C6423860B}"
EndProject
Project("{9A19103F-16F7-4668-BE54-9A1E7A4F7556}") = "LuckSkillCode", "LuckSkillCode\LuckSkillCode.csproj", "{582E2861-2BF8-4704-8F5E-1AB9BAE2B572}"
EndProject
Project("{9A19103F-16F7-4668-BE54-9A1E7A4F7556}") = "ManaBar", "ManaAPI\ManaBar.csproj", "{1E50C395-2BE4-4F79-B919-02ED7BA9FD42}"
EndProject
Project("{9A19103F-16F7-4668-BE54-9A1E7A4F7556}") = "MagicSkillCode", "MagicSkillCode\MagicSkillCode.csproj", "{03CE7DB8-DBCA-4EED-8878-83BDDA475241}"
EndProject
Project("{9A19103F-16F7-4668-BE54-9A1E7A4F7556}") = "SpookySkillCode", "SpookySkillCode\SpookySkillCode.csproj", "{2D854387-8148-4ACF-8EF1-BFB3A5EC6716}"
EndProject
Project("{9A19103F-16F7-4668-BE54-9A1E7A4F7556}") = "ExpControl", "ExpControl\ExpControl.csproj", "{AEB84F1F-25D1-41DB-8D54-B7A364776F8B}"
EndProject
Project("{9A19103F-16F7-4668-BE54-9A1E7A4F7556}") = "BuffProfessions", "BuffProfessions\BuffProfessions.csproj", "{F4336B68-283A-4775-92AC-E327548D3D0D}"
EndProject
Global
	GlobalSection(SolutionConfigurationPlatforms) = preSolution
		Debug|Any CPU = Debug|Any CPU
		Release|Any CPU = Release|Any CPU
	EndGlobalSection
	GlobalSection(ProjectConfigurationPlatforms) = postSolution
		{B4835048-A339-456F-B0ED-64CFE03C4C29}.Debug|Any CPU.ActiveCfg = Debug|Any CPU
		{B4835048-A339-456F-B0ED-64CFE03C4C29}.Debug|Any CPU.Build.0 = Debug|Any CPU
		{B4835048-A339-456F-B0ED-64CFE03C4C29}.Release|Any CPU.ActiveCfg = Release|Any CPU
		{B4835048-A339-456F-B0ED-64CFE03C4C29}.Release|Any CPU.Build.0 = Release|Any CPU
		{56651B71-984E-463C-BD0C-027917E96089}.Debug|Any CPU.ActiveCfg = Debug|Any CPU
		{56651B71-984E-463C-BD0C-027917E96089}.Debug|Any CPU.Build.0 = Debug|Any CPU
		{56651B71-984E-463C-BD0C-027917E96089}.Release|Any CPU.ActiveCfg = Release|Any CPU
		{56651B71-984E-463C-BD0C-027917E96089}.Release|Any CPU.Build.0 = Release|Any CPU
		{582E2861-2BF8-4704-8F5E-1AB9BAE2B572}.Debug|Any CPU.ActiveCfg = Debug|Any CPU
		{582E2861-2BF8-4704-8F5E-1AB9BAE2B572}.Debug|Any CPU.Build.0 = Debug|Any CPU
		{582E2861-2BF8-4704-8F5E-1AB9BAE2B572}.Release|Any CPU.ActiveCfg = Release|Any CPU
		{582E2861-2BF8-4704-8F5E-1AB9BAE2B572}.Release|Any CPU.Build.0 = Release|Any CPU
		{1E50C395-2BE4-4F79-B919-02ED7BA9FD42}.Debug|Any CPU.ActiveCfg = Debug|Any CPU
		{1E50C395-2BE4-4F79-B919-02ED7BA9FD42}.Debug|Any CPU.Build.0 = Debug|Any CPU
		{1E50C395-2BE4-4F79-B919-02ED7BA9FD42}.Release|Any CPU.ActiveCfg = Release|Any CPU
		{1E50C395-2BE4-4F79-B919-02ED7BA9FD42}.Release|Any CPU.Build.0 = Release|Any CPU
		{03CE7DB8-DBCA-4EED-8878-83BDDA475241}.Debug|Any CPU.ActiveCfg = Debug|Any CPU
		{03CE7DB8-DBCA-4EED-8878-83BDDA475241}.Debug|Any CPU.Build.0 = Debug|Any CPU
		{03CE7DB8-DBCA-4EED-8878-83BDDA475241}.Release|Any CPU.ActiveCfg = Release|Any CPU
		{03CE7DB8-DBCA-4EED-8878-83BDDA475241}.Release|Any CPU.Build.0 = Release|Any CPU
		{2D854387-8148-4ACF-8EF1-BFB3A5EC6716}.Debug|Any CPU.ActiveCfg = Debug|Any CPU
		{2D854387-8148-4ACF-8EF1-BFB3A5EC6716}.Debug|Any CPU.Build.0 = Debug|Any CPU
		{2D854387-8148-4ACF-8EF1-BFB3A5EC6716}.Release|Any CPU.ActiveCfg = Release|Any CPU
		{2D854387-8148-4ACF-8EF1-BFB3A5EC6716}.Release|Any CPU.Build.0 = Release|Any CPU
		{AEB84F1F-25D1-41DB-8D54-B7A364776F8B}.Debug|Any CPU.ActiveCfg = Debug|Any CPU
		{AEB84F1F-25D1-41DB-8D54-B7A364776F8B}.Debug|Any CPU.Build.0 = Debug|Any CPU
		{AEB84F1F-25D1-41DB-8D54-B7A364776F8B}.Release|Any CPU.ActiveCfg = Release|Any CPU
		{AEB84F1F-25D1-41DB-8D54-B7A364776F8B}.Release|Any CPU.Build.0 = Release|Any CPU
		{F4336B68-283A-4775-92AC-E327548D3D0D}.Debug|Any CPU.ActiveCfg = Debug|Any CPU
		{F4336B68-283A-4775-92AC-E327548D3D0D}.Debug|Any CPU.Build.0 = Debug|Any CPU
		{F4336B68-283A-4775-92AC-E327548D3D0D}.Release|Any CPU.ActiveCfg = Release|Any CPU
		{F4336B68-283A-4775-92AC-E327548D3D0D}.Release|Any CPU.Build.0 = Release|Any CPU
	EndGlobalSection
	GlobalSection(SolutionProperties) = preSolution
		HideSolutionNode = FALSE
	EndGlobalSection
	GlobalSection(ExtensibilityGlobals) = postSolution
		SolutionGuid = {2CC4FC86-39C6-4152-8058-FE3B146896A6}
	EndGlobalSection
	GlobalSection(SharedMSBuildProjectFiles) = preSolution
		MoonSharedSpaceCore\MoonSharedSpaceCore.projitems*{03ce7db8-dbca-4eed-8878-83bdda475241}*SharedItemsImports = 5
		MoonShared\MoonShared.projitems*{03ce7db8-dbca-4eed-8878-83bdda475241}*SharedItemsImports = 5
		MoonSharedSpaceCore\MoonSharedSpaceCore.projitems*{19cedb88-a912-48da-b35d-fce2509e70e6}*SharedItemsImports = 13
		MoonSharedSpaceCore\MoonSharedSpaceCore.projitems*{1e50c395-2be4-4f79-b919-02ed7ba9fd42}*SharedItemsImports = 5
		MoonShared\MoonShared.projitems*{1e50c395-2be4-4f79-b919-02ed7ba9fd42}*SharedItemsImports = 5
		MoonSharedSpaceCore\MoonSharedSpaceCore.projitems*{2d854387-8148-4acf-8ef1-bfb3a5ec6716}*SharedItemsImports = 5
		MoonShared\MoonShared.projitems*{2d854387-8148-4acf-8ef1-bfb3a5ec6716}*SharedItemsImports = 5
		MoonSharedSpaceCore\MoonSharedSpaceCore.projitems*{56651b71-984e-463c-bd0c-027917e96089}*SharedItemsImports = 5
		MoonShared\MoonShared.projitems*{56651b71-984e-463c-bd0c-027917e96089}*SharedItemsImports = 5
		MoonShared\MoonShared.projitems*{8f13906d-7e88-45b4-abbc-617437970163}*SharedItemsImports = 13
		MoonSharedSpaceCore\MoonSharedSpaceCore.projitems*{b4835048-a339-456f-b0ed-64cfe03c4c29}*SharedItemsImports = 5
		MoonShared\MoonShared.projitems*{b4835048-a339-456f-b0ed-64cfe03c4c29}*SharedItemsImports = 5
	EndGlobalSection
EndGlobal
