
Microsoft Visual Studio Solution File, Format Version 12.00
# Visual Studio Version 17
VisualStudioVersion = 17.9.34723.18
MinimumVisualStudioVersion = 10.0.40219.1
Project("{9A19103F-16F7-4668-BE54-9A1E7A4F7556}") = "AutoGrabTruffles", "AutoGrabTruffles.csproj", "{EA678B35-FD5E-4A13-B546-439A16F07D0F}"
EndProject
Global
	GlobalSection(SolutionConfigurationPlatforms) = preSolution
		Debug|Any CPU = Debug|Any CPU
		Release|Any CPU = Release|Any CPU
	EndGlobalSection
	GlobalSection(ProjectConfigurationPlatforms) = postSolution
		{EA678B35-FD5E-4A13-B546-439A16F07D0F}.Debug|Any CPU.ActiveCfg = Debug|Any CPU
		{EA678B35-FD5E-4A13-B546-439A16F07D0F}.Debug|Any CPU.Build.0 = Debug|Any CPU
		{EA678B35-FD5E-4A13-B546-439A16F07D0F}.Release|Any CPU.ActiveCfg = Release|Any CPU
		{EA678B35-FD5E-4A13-B546-439A16F07D0F}.Release|Any CPU.Build.0 = Release|Any CPU
	EndGlobalSection
	GlobalSection(SolutionProperties) = preSolution
		HideSolutionNode = FALSE
	EndGlobalSection
	GlobalSection(ExtensibilityGlobals) = postSolution
		SolutionGuid = {D5F21A0D-DCB4-471C-A2BF-8B31B61D25A3}
	EndGlobalSection
EndGlobal
