
Microsoft Visual Studio Solution File, Format Version 12.00
# Visual Studio 15
VisualStudioVersion = 15.0.28307.489
MinimumVisualStudioVersion = 10.0.40219.1
Project("{FAE04EC0-301F-11D3-BF4B-00C04F79EFBC}") = "ChildToNPC", "ChildToNPC\ChildToNPC.csproj", "{53E8DDC4-0689-452F-8A5F-C386F477350F}"
EndProject
Global
	GlobalSection(SolutionConfigurationPlatforms) = preSolution
		Debug|Any CPU = Debug|Any CPU
		Release|Any CPU = Release|Any CPU
	EndGlobalSection
	GlobalSection(ProjectConfigurationPlatforms) = postSolution
		{53E8DDC4-0689-452F-8A5F-C386F477350F}.Debug|Any CPU.ActiveCfg = Debug|Any CPU
		{53E8DDC4-0689-452F-8A5F-C386F477350F}.Debug|Any CPU.Build.0 = Debug|Any CPU
		{53E8DDC4-0689-452F-8A5F-C386F477350F}.Release|Any CPU.ActiveCfg = Release|Any CPU
		{53E8DDC4-0689-452F-8A5F-C386F477350F}.Release|Any CPU.Build.0 = Release|Any CPU
	EndGlobalSection
	GlobalSection(SolutionProperties) = preSolution
		HideSolutionNode = FALSE
	EndGlobalSection
	GlobalSection(ExtensibilityGlobals) = postSolution
		SolutionGuid = {53263F04-1ADD-4B2C-9F76-AAB9C8D05904}
	EndGlobalSection
EndGlobal
