
Microsoft Visual Studio Solution File, Format Version 12.00
# Visual Studio Version 17
VisualStudioVersion = 17.4.33213.308
MinimumVisualStudioVersion = 10.0.40219.1
Project("{9A19103F-16F7-4668-BE54-9A1E7A4F7556}") = "HealthRework", "HealthRework\HealthRework.csproj", "{6273470C-EE90-4D23-ABC9-F11AA302B583}"
EndProject
Global
	GlobalSection(SolutionConfigurationPlatforms) = preSolution
		Debug|Any CPU = Debug|Any CPU
		Release|Any CPU = Release|Any CPU
	EndGlobalSection
	GlobalSection(ProjectConfigurationPlatforms) = postSolution
		{6273470C-EE90-4D23-ABC9-F11AA302B583}.Debug|Any CPU.ActiveCfg = Debug|Any CPU
		{6273470C-EE90-4D23-ABC9-F11AA302B583}.Debug|Any CPU.Build.0 = Debug|Any CPU
		{6273470C-EE90-4D23-ABC9-F11AA302B583}.Release|Any CPU.ActiveCfg = Release|Any CPU
		{6273470C-EE90-4D23-ABC9-F11AA302B583}.Release|Any CPU.Build.0 = Release|Any CPU
	EndGlobalSection
	GlobalSection(SolutionProperties) = preSolution
		HideSolutionNode = FALSE
	EndGlobalSection
	GlobalSection(ExtensibilityGlobals) = postSolution
		SolutionGuid = {329964BE-715C-4095-BB1E-5FC7A8BC9155}
	EndGlobalSection
	GlobalSection(SharedMSBuildProjectFiles) = preSolution
		..\Shared\SharedLibrary\SharedLibrary.projitems*{6273470c-ee90-4d23-abc9-f11aa302b583}*SharedItemsImports = 5
	EndGlobalSection
EndGlobal
