
Microsoft Visual Studio Solution File, Format Version 12.00
# Visual Studio Version 16
VisualStudioVersion = 16.0.31624.102
MinimumVisualStudioVersion = 10.0.40219.1
Project("{FAE04EC0-301F-11D3-BF4B-00C04F79EFBC}") = "StashItems", "StashItems\StashItems.csproj", "{501CBD80-2F6B-4E65-9821-29D36B9C8364}"
EndProject
Global
	GlobalSection(SolutionConfigurationPlatforms) = preSolution
		Debug|Any CPU = Debug|Any CPU
		Release|Any CPU = Release|Any CPU
	EndGlobalSection
	GlobalSection(ProjectConfigurationPlatforms) = postSolution
		{501CBD80-2F6B-4E65-9821-29D36B9C8364}.Debug|Any CPU.ActiveCfg = Debug|Any CPU
		{501CBD80-2F6B-4E65-9821-29D36B9C8364}.Debug|Any CPU.Build.0 = Debug|Any CPU
		{501CBD80-2F6B-4E65-9821-29D36B9C8364}.Release|Any CPU.ActiveCfg = Release|Any CPU
		{501CBD80-2F6B-4E65-9821-29D36B9C8364}.Release|Any CPU.Build.0 = Release|Any CPU
	EndGlobalSection
	GlobalSection(SolutionProperties) = preSolution
		HideSolutionNode = FALSE
	EndGlobalSection
	GlobalSection(ExtensibilityGlobals) = postSolution
		SolutionGuid = {BD0EF991-3D17-4D54-BD2C-3B1B6D312A13}
	EndGlobalSection
EndGlobal
