
Microsoft Visual Studio Solution File, Format Version 12.00
# Visual Studio Version 16
VisualStudioVersion = 16.0.31321.278
MinimumVisualStudioVersion = 10.0.40219.1
Project("{FAE04EC0-301F-11D3-BF4B-00C04F79EFBC}") = "InstantToolUpgrades", "InstantToolUpgrades\InstantToolUpgrades.csproj", "{45E0BB70-D3AA-4950-B460-2FA6EF57F9DE}"
EndProject
Global
	GlobalSection(SolutionConfigurationPlatforms) = preSolution
		Debug|Any CPU = Debug|Any CPU
		Release|Any CPU = Release|Any CPU
	EndGlobalSection
	GlobalSection(ProjectConfigurationPlatforms) = postSolution
		{45E0BB70-D3AA-4950-B460-2FA6EF57F9DE}.Debug|Any CPU.ActiveCfg = Debug|Any CPU
		{45E0BB70-D3AA-4950-B460-2FA6EF57F9DE}.Debug|Any CPU.Build.0 = Debug|Any CPU
		{45E0BB70-D3AA-4950-B460-2FA6EF57F9DE}.Release|Any CPU.ActiveCfg = Release|Any CPU
		{45E0BB70-D3AA-4950-B460-2FA6EF57F9DE}.Release|Any CPU.Build.0 = Release|Any CPU
	EndGlobalSection
	GlobalSection(SolutionProperties) = preSolution
		HideSolutionNode = FALSE
	EndGlobalSection
	GlobalSection(ExtensibilityGlobals) = postSolution
		SolutionGuid = {55CA3BA2-1BA9-43FC-A420-F2A52A93B10D}
	EndGlobalSection
EndGlobal
