
Microsoft Visual Studio Solution File, Format Version 12.00
# Visual Studio 15
VisualStudioVersion = 15.0.26730.16
MinimumVisualStudioVersion = 10.0.40219.1
Project("{FAE04EC0-301F-11D3-BF4B-00C04F79EFBC}") = "NewGamePlus", "NewGamePlus\NewGamePlus.csproj", "{0C0ED630-12E8-4830-AB02-EC72F4B9DAC6}"
EndProject
Project("{FAE04EC0-301F-11D3-BF4B-00C04F79EFBC}") = "EmptyHands", "EmptyHands\EmptyHands.csproj", "{C4BEA490-0A36-4307-B5FF-DA5CC007FCD1}"
EndProject
Global
	GlobalSection(SolutionConfigurationPlatforms) = preSolution
		Debug|Any CPU = Debug|Any CPU
		Release|Any CPU = Release|Any CPU
	EndGlobalSection
	GlobalSection(ProjectConfigurationPlatforms) = postSolution
		{0C0ED630-12E8-4830-AB02-EC72F4B9DAC6}.Debug|Any CPU.ActiveCfg = Debug|Any CPU
		{0C0ED630-12E8-4830-AB02-EC72F4B9DAC6}.Debug|Any CPU.Build.0 = Debug|Any CPU
		{0C0ED630-12E8-4830-AB02-EC72F4B9DAC6}.Release|Any CPU.ActiveCfg = Release|Any CPU
		{0C0ED630-12E8-4830-AB02-EC72F4B9DAC6}.Release|Any CPU.Build.0 = Release|Any CPU
		{C4BEA490-0A36-4307-B5FF-DA5CC007FCD1}.Debug|Any CPU.ActiveCfg = Debug|Any CPU
		{C4BEA490-0A36-4307-B5FF-DA5CC007FCD1}.Debug|Any CPU.Build.0 = Debug|Any CPU
		{C4BEA490-0A36-4307-B5FF-DA5CC007FCD1}.Release|Any CPU.ActiveCfg = Release|Any CPU
		{C4BEA490-0A36-4307-B5FF-DA5CC007FCD1}.Release|Any CPU.Build.0 = Release|Any CPU
	EndGlobalSection
	GlobalSection(SolutionProperties) = preSolution
		HideSolutionNode = FALSE
	EndGlobalSection
EndGlobal
