
Microsoft Visual Studio Solution File, Format Version 12.00
# Visual Studio Version 16
VisualStudioVersion = 16.0.31105.61
MinimumVisualStudioVersion = 10.0.40219.1
Project("{FAE04EC0-301F-11D3-BF4B-00C04F79EFBC}") = "PassiveFriendship", "PassiveFriendship\PassiveFriendship.csproj", "{B106033D-95C6-4246-A4B1-0FC89D662CF1}"
EndProject
Global
	GlobalSection(SolutionConfigurationPlatforms) = preSolution
		Debug|Any CPU = Debug|Any CPU
		Release|Any CPU = Release|Any CPU
	EndGlobalSection
	GlobalSection(ProjectConfigurationPlatforms) = postSolution
		{B106033D-95C6-4246-A4B1-0FC89D662CF1}.Debug|Any CPU.ActiveCfg = Debug|Any CPU
		{B106033D-95C6-4246-A4B1-0FC89D662CF1}.Debug|Any CPU.Build.0 = Debug|Any CPU
		{B106033D-95C6-4246-A4B1-0FC89D662CF1}.Release|Any CPU.ActiveCfg = Release|Any CPU
		{B106033D-95C6-4246-A4B1-0FC89D662CF1}.Release|Any CPU.Build.0 = Release|Any CPU
	EndGlobalSection
	GlobalSection(SolutionProperties) = preSolution
		HideSolutionNode = FALSE
	EndGlobalSection
	GlobalSection(ExtensibilityGlobals) = postSolution
		SolutionGuid = {A24DD305-43E8-4505-9F89-D7B1F1740476}
	EndGlobalSection
EndGlobal
