
Microsoft Visual Studio Solution File, Format Version 12.00
# Visual Studio Version 16
VisualStudioVersion = 16.0.29001.49
MinimumVisualStudioVersion = 10.0.40219.1
Project("{2150E333-8FDC-42A3-9474-1A3956D46DE8}") = "root", "root", "{FBCE1D54-DEF6-453E-8FFB-FEB77025B648}"
	ProjectSection(SolutionItems) = preProject
		.gitattributes = .gitattributes
		.gitignore = .gitignore
		LICENSE = LICENSE
	EndProjectSection
EndProject
Project("{D954291E-2A0B-460D-934E-DC6B0785DB48}") = ".Common", "Common\.Common.shproj", "{EDC6B19B-A212-4692-8318-992A16D4DD44}"
EndProject
Project("{9A19103F-16F7-4668-BE54-9A1E7A4F7556}") = "AnimalSitter", "AnimalSitter\AnimalSitter.csproj", "{88733388-0FD5-4279-92C9-59FDD201DF22}"
EndProject
Project("{9A19103F-16F7-4668-BE54-9A1E7A4F7556}") = "CrabNet", "CrabNet\CrabNet.csproj", "{81F7BEC0-BE0B-42E3-A7B4-6F5F28BCD2CC}"
EndProject
Project("{9A19103F-16F7-4668-BE54-9A1E7A4F7556}") = "MailOrderPigs", "MailOrderPigs\MailOrderPigs.csproj", "{2CC63DA9-C0FF-4922-A816-8CBF6C539839}"
EndProject
Project("{9A19103F-16F7-4668-BE54-9A1E7A4F7556}") = "PelicanFiber", "PelicanFiber\PelicanFiber.csproj", "{5E3FA970-A798-40A7-ADB5-FD6C0B1D5460}"
EndProject
Project("{9A19103F-16F7-4668-BE54-9A1E7A4F7556}") = "PointAndPlant", "PointAndPlant\PointAndPlant.csproj", "{FF0A2FB3-DC84-40A1-A3CE-AB5E77274CE0}"
EndProject
Project("{9A19103F-16F7-4668-BE54-9A1E7A4F7556}") = "Replanter", "Replanter\Replanter.csproj", "{44F105FC-1767-4357-97E2-30145A837B88}"
EndProject
Global
	GlobalSection(SharedMSBuildProjectFiles) = preSolution
		Common\Common.projitems*{2cc63da9-c0ff-4922-a816-8cbf6c539839}*SharedItemsImports = 5
		Common\Common.projitems*{3dbcb972-83eb-42b9-9399-bf45562287f0}*SharedItemsImports = 5
		Common\Common.projitems*{44f105fc-1767-4357-97e2-30145a837b88}*SharedItemsImports = 5
		Common\Common.projitems*{5e3fa970-a798-40a7-adb5-fd6c0b1d5460}*SharedItemsImports = 5
		Common\Common.projitems*{81f7bec0-be0b-42e3-a7b4-6f5f28bcd2cc}*SharedItemsImports = 5
		Common\Common.projitems*{88733388-0fd5-4279-92c9-59fdd201df22}*SharedItemsImports = 5
		Common\Common.projitems*{edc6b19b-a212-4692-8318-992a16d4dd44}*SharedItemsImports = 13
		Common\Common.projitems*{ff0a2fb3-dc84-40a1-a3ce-ab5e77274ce0}*SharedItemsImports = 5
	EndGlobalSection
	GlobalSection(SolutionConfigurationPlatforms) = preSolution
		Debug|Any CPU = Debug|Any CPU
		Release|Any CPU = Release|Any CPU
	EndGlobalSection
	GlobalSection(ProjectConfigurationPlatforms) = postSolution
		{88733388-0FD5-4279-92C9-59FDD201DF22}.Debug|Any CPU.ActiveCfg = Debug|Any CPU
		{88733388-0FD5-4279-92C9-59FDD201DF22}.Debug|Any CPU.Build.0 = Debug|Any CPU
		{88733388-0FD5-4279-92C9-59FDD201DF22}.Release|Any CPU.ActiveCfg = Release|Any CPU
		{88733388-0FD5-4279-92C9-59FDD201DF22}.Release|Any CPU.Build.0 = Release|Any CPU
		{81F7BEC0-BE0B-42E3-A7B4-6F5F28BCD2CC}.Debug|Any CPU.ActiveCfg = Debug|Any CPU
		{81F7BEC0-BE0B-42E3-A7B4-6F5F28BCD2CC}.Debug|Any CPU.Build.0 = Debug|Any CPU
		{81F7BEC0-BE0B-42E3-A7B4-6F5F28BCD2CC}.Release|Any CPU.ActiveCfg = Release|Any CPU
		{81F7BEC0-BE0B-42E3-A7B4-6F5F28BCD2CC}.Release|Any CPU.Build.0 = Release|Any CPU
		{2CC63DA9-C0FF-4922-A816-8CBF6C539839}.Debug|Any CPU.ActiveCfg = Debug|Any CPU
		{2CC63DA9-C0FF-4922-A816-8CBF6C539839}.Debug|Any CPU.Build.0 = Debug|Any CPU
		{2CC63DA9-C0FF-4922-A816-8CBF6C539839}.Release|Any CPU.ActiveCfg = Release|Any CPU
		{2CC63DA9-C0FF-4922-A816-8CBF6C539839}.Release|Any CPU.Build.0 = Release|Any CPU
		{5E3FA970-A798-40A7-ADB5-FD6C0B1D5460}.Debug|Any CPU.ActiveCfg = Debug|Any CPU
		{5E3FA970-A798-40A7-ADB5-FD6C0B1D5460}.Debug|Any CPU.Build.0 = Debug|Any CPU
		{5E3FA970-A798-40A7-ADB5-FD6C0B1D5460}.Release|Any CPU.ActiveCfg = Release|Any CPU
		{5E3FA970-A798-40A7-ADB5-FD6C0B1D5460}.Release|Any CPU.Build.0 = Release|Any CPU
		{FF0A2FB3-DC84-40A1-A3CE-AB5E77274CE0}.Debug|Any CPU.ActiveCfg = Debug|Any CPU
		{FF0A2FB3-DC84-40A1-A3CE-AB5E77274CE0}.Debug|Any CPU.Build.0 = Debug|Any CPU
		{FF0A2FB3-DC84-40A1-A3CE-AB5E77274CE0}.Release|Any CPU.ActiveCfg = Release|Any CPU
		{FF0A2FB3-DC84-40A1-A3CE-AB5E77274CE0}.Release|Any CPU.Build.0 = Release|Any CPU
		{44F105FC-1767-4357-97E2-30145A837B88}.Debug|Any CPU.ActiveCfg = Debug|Any CPU
		{44F105FC-1767-4357-97E2-30145A837B88}.Debug|Any CPU.Build.0 = Debug|Any CPU
		{44F105FC-1767-4357-97E2-30145A837B88}.Release|Any CPU.ActiveCfg = Release|Any CPU
		{44F105FC-1767-4357-97E2-30145A837B88}.Release|Any CPU.Build.0 = Release|Any CPU
	EndGlobalSection
	GlobalSection(SolutionProperties) = preSolution
		HideSolutionNode = FALSE
	EndGlobalSection
	GlobalSection(ExtensibilityGlobals) = postSolution
		SolutionGuid = {A2055FED-6235-4490-B119-C2EEE4671139}
	EndGlobalSection
EndGlobal
