
Microsoft Visual Studio Solution File, Format Version 12.00
# Visual Studio Version 16
VisualStudioVersion = 16.0.30717.126
MinimumVisualStudioVersion = 10.0.40219.1
Project("{FAE04EC0-301F-11D3-BF4B-00C04F79EFBC}") = "SkullCavernToggle", "SkullCavernToggle.csproj", "{5182A484-7CFF-4026-898E-0839010A5B57}"
EndProject
Global
	GlobalSection(SolutionConfigurationPlatforms) = preSolution
		Debug|Any CPU = Debug|Any CPU
		Release|Any CPU = Release|Any CPU
	EndGlobalSection
	GlobalSection(ProjectConfigurationPlatforms) = postSolution
		{5182A484-7CFF-4026-898E-0839010A5B57}.Debug|Any CPU.ActiveCfg = Debug|Any CPU
		{5182A484-7CFF-4026-898E-0839010A5B57}.Debug|Any CPU.Build.0 = Debug|Any CPU
		{5182A484-7CFF-4026-898E-0839010A5B57}.Release|Any CPU.ActiveCfg = Release|Any CPU
		{5182A484-7CFF-4026-898E-0839010A5B57}.Release|Any CPU.Build.0 = Release|Any CPU
	EndGlobalSection
	GlobalSection(SolutionProperties) = preSolution
		HideSolutionNode = FALSE
	EndGlobalSection
	GlobalSection(ExtensibilityGlobals) = postSolution
		SolutionGuid = {E7B03B4C-1BA0-4EF3-9DCF-70B0A27550FA}
	EndGlobalSection
EndGlobal
