
Microsoft Visual Studio Solution File, Format Version 12.00
# Visual Studio 15
VisualStudioVersion = 15.0.28307.645
MinimumVisualStudioVersion = 10.0.40219.1
Project("{FAE04EC0-301F-11D3-BF4B-00C04F79EFBC}") = "Tree Changes", "Tree Changes\Tree Changes.csproj", "{507D1E52-1CA0-4520-84DB-4D78CF754ED9}"
EndProject
Global
	GlobalSection(SolutionConfigurationPlatforms) = preSolution
		Debug|Any CPU = Debug|Any CPU
		Release|Any CPU = Release|Any CPU
	EndGlobalSection
	GlobalSection(ProjectConfigurationPlatforms) = postSolution
		{507D1E52-1CA0-4520-84DB-4D78CF754ED9}.Debug|Any CPU.ActiveCfg = Debug|Any CPU
		{507D1E52-1CA0-4520-84DB-4D78CF754ED9}.Debug|Any CPU.Build.0 = Debug|Any CPU
		{507D1E52-1CA0-4520-84DB-4D78CF754ED9}.Release|Any CPU.ActiveCfg = Release|Any CPU
		{507D1E52-1CA0-4520-84DB-4D78CF754ED9}.Release|Any CPU.Build.0 = Release|Any CPU
	EndGlobalSection
	GlobalSection(SolutionProperties) = preSolution
		HideSolutionNode = FALSE
	EndGlobalSection
	GlobalSection(ExtensibilityGlobals) = postSolution
		SolutionGuid = {694D8C1F-B501-44D5-A95A-9C1252C752CB}
	EndGlobalSection
EndGlobal
