
Microsoft Visual Studio Solution File, Format Version 12.00
# Visual Studio Version 16
VisualStudioVersion = 25.0.1700.5
MinimumVisualStudioVersion = 10.0.40219.1
Project("{FAE04EC0-301F-11D3-BF4B-00C04F79EFBC}") = "DynamicCrops", "DynamicCrops\DynamicCrops.csproj", "{68AED876-1BA3-4B03-8323-D3BD7A8B44A5}"
EndProject
Project("{FAE04EC0-301F-11D3-BF4B-00C04F79EFBC}") = "FineIWillGoMakeMyOwnSeeds", "FineIWillGoMakeMyOwnSeeds\FineIWillGoMakeMyOwnSeeds.csproj", "{5AD75122-C2A1-45D1-A3CD-3E078986EA03}"
EndProject
Project("{2150E333-8FDC-42A3-9474-1A3956D46DE8}") = "Solution Items", "Solution Items", "{05563DE5-0A92-4C42-8DF6-F545996F617F}"
EndProject
Project("{FAE04EC0-301F-11D3-BF4B-00C04F79EFBC}") = "WaterBalloon", "WaterBalloon\WaterBalloon.csproj", "{3A22899F-8D75-4742-8849-582811D37FBC}"
EndProject
Project("{FAE04EC0-301F-11D3-BF4B-00C04F79EFBC}") = "BreakRocksWithWeapon", "BreakRocksWithWeapon\BreakRocksWithWeapon.csproj", "{BD8D08EF-0EEB-493A-A417-7CF3F7DE3F06}"
EndProject
Global
	GlobalSection(SolutionConfigurationPlatforms) = preSolution
		Debug|Any CPU = Debug|Any CPU
		Release|Any CPU = Release|Any CPU
	EndGlobalSection
	GlobalSection(ProjectConfigurationPlatforms) = postSolution
		{68AED876-1BA3-4B03-8323-D3BD7A8B44A5}.Debug|Any CPU.ActiveCfg = Debug|Any CPU
		{68AED876-1BA3-4B03-8323-D3BD7A8B44A5}.Debug|Any CPU.Build.0 = Debug|Any CPU
		{68AED876-1BA3-4B03-8323-D3BD7A8B44A5}.Release|Any CPU.ActiveCfg = Release|Any CPU
		{68AED876-1BA3-4B03-8323-D3BD7A8B44A5}.Release|Any CPU.Build.0 = Release|Any CPU
		{5AD75122-C2A1-45D1-A3CD-3E078986EA03}.Debug|Any CPU.ActiveCfg = Debug|Any CPU
		{5AD75122-C2A1-45D1-A3CD-3E078986EA03}.Debug|Any CPU.Build.0 = Debug|Any CPU
		{5AD75122-C2A1-45D1-A3CD-3E078986EA03}.Release|Any CPU.ActiveCfg = Release|Any CPU
		{5AD75122-C2A1-45D1-A3CD-3E078986EA03}.Release|Any CPU.Build.0 = Release|Any CPU
		{3A22899F-8D75-4742-8849-582811D37FBC}.Debug|Any CPU.ActiveCfg = Debug|Any CPU
		{3A22899F-8D75-4742-8849-582811D37FBC}.Debug|Any CPU.Build.0 = Debug|Any CPU
		{3A22899F-8D75-4742-8849-582811D37FBC}.Release|Any CPU.ActiveCfg = Release|Any CPU
		{3A22899F-8D75-4742-8849-582811D37FBC}.Release|Any CPU.Build.0 = Release|Any CPU
		{BD8D08EF-0EEB-493A-A417-7CF3F7DE3F06}.Debug|Any CPU.ActiveCfg = Debug|Any CPU
		{BD8D08EF-0EEB-493A-A417-7CF3F7DE3F06}.Debug|Any CPU.Build.0 = Debug|Any CPU
		{BD8D08EF-0EEB-493A-A417-7CF3F7DE3F06}.Release|Any CPU.ActiveCfg = Release|Any CPU
		{BD8D08EF-0EEB-493A-A417-7CF3F7DE3F06}.Release|Any CPU.Build.0 = Release|Any CPU
	EndGlobalSection
	GlobalSection(SolutionProperties) = preSolution
		HideSolutionNode = FALSE
	EndGlobalSection
	GlobalSection(ExtensibilityGlobals) = postSolution
		SolutionGuid = {6C4EA7BD-F373-4627-BDD9-9E7939FC3632}
	EndGlobalSection
EndGlobal
