
Microsoft Visual Studio Solution File, Format Version 12.00
# Visual Studio Version 17
VisualStudioVersion = 17.0.31919.166
MinimumVisualStudioVersion = 10.0.40219.1
Project("{FAE04EC0-301F-11D3-BF4B-00C04F79EFBC}") = "MoreFertilizers", "MoreFertilizers\MoreFertilizers.csproj", "{3889D0FF-5DC5-4C34-AFB5-63691A20DFF9}"
EndProject
Project("{D954291E-2A0B-460D-934E-DC6B0785DB48}") = "AtraShared", "..\AtraShared\AtraShared.shproj", "{7119B285-0356-4CE5-ADCA-CC008E9315DA}"
EndProject
Project("{D954291E-2A0B-460D-934E-DC6B0785DB48}") = "AtraBase", "..\AtraBase\AtraBase.shproj", "{2DB924CC-3230-4C0A-8E9B-967CDEDA2E23}"
EndProject
Global
	GlobalSection(SharedMSBuildProjectFiles) = preSolution
		..\AtraBase\AtraBase.projitems*{2db924cc-3230-4c0a-8e9b-967cdeda2e23}*SharedItemsImports = 13
		..\AtraBase\AtraBase.projitems*{3889d0ff-5dc5-4c34-afb5-63691a20dff9}*SharedItemsImports = 5
		..\AtraShared\AtraShared.projitems*{3889d0ff-5dc5-4c34-afb5-63691a20dff9}*SharedItemsImports = 5
		..\AtraShared\AtraShared.projitems*{7119b285-0356-4ce5-adca-cc008e9315da}*SharedItemsImports = 13
	EndGlobalSection
	GlobalSection(SolutionConfigurationPlatforms) = preSolution
		Debug|Any CPU = Debug|Any CPU
		Release|Any CPU = Release|Any CPU
	EndGlobalSection
	GlobalSection(ProjectConfigurationPlatforms) = postSolution
		{3889D0FF-5DC5-4C34-AFB5-63691A20DFF9}.Debug|Any CPU.ActiveCfg = Debug|Any CPU
		{3889D0FF-5DC5-4C34-AFB5-63691A20DFF9}.Debug|Any CPU.Build.0 = Debug|Any CPU
		{3889D0FF-5DC5-4C34-AFB5-63691A20DFF9}.Release|Any CPU.ActiveCfg = Release|Any CPU
		{3889D0FF-5DC5-4C34-AFB5-63691A20DFF9}.Release|Any CPU.Build.0 = Release|Any CPU
	EndGlobalSection
	GlobalSection(SolutionProperties) = preSolution
		HideSolutionNode = FALSE
	EndGlobalSection
	GlobalSection(ExtensibilityGlobals) = postSolution
		SolutionGuid = {66173483-B2C1-4B13-95A1-6EA4FD7D06B7}
	EndGlobalSection
EndGlobal
