
Microsoft Visual Studio Solution File, Format Version 12.00
# Visual Studio Version 16
VisualStudioVersion = 16.0.29020.237
MinimumVisualStudioVersion = 10.0.40219.1
Project("{9A19103F-16F7-4668-BE54-9A1E7A4F7556}") = "ReadersDigest", "readersdigest\ReadersDigest.csproj", "{4A82A9D7-A702-4C81-B988-B6F0ECF6AAA1}"
EndProject
Global
	GlobalSection(SolutionConfigurationPlatforms) = preSolution
		Debug|x86 = Debug|x86
		Release|x86 = Release|x86
	EndGlobalSection
	GlobalSection(ProjectConfigurationPlatforms) = postSolution
		{4A82A9D7-A702-4C81-B988-B6F0ECF6AAA1}.Debug|x86.ActiveCfg = Debug|x86
		{4A82A9D7-A702-4C81-B988-B6F0ECF6AAA1}.Debug|x86.Build.0 = Debug|x86
		{4A82A9D7-A702-4C81-B988-B6F0ECF6AAA1}.Release|x86.ActiveCfg = Release|x86
		{4A82A9D7-A702-4C81-B988-B6F0ECF6AAA1}.Release|x86.Build.0 = Release|x86
	EndGlobalSection
	GlobalSection(SolutionProperties) = preSolution
		HideSolutionNode = FALSE
	EndGlobalSection
	GlobalSection(ExtensibilityGlobals) = postSolution
		SolutionGuid = {1F012752-7F3B-4573-8676-DE626C6AFA80}
	EndGlobalSection
EndGlobal
