
Microsoft Visual Studio Solution File, Format Version 12.00
# Visual Studio Version 16
VisualStudioVersion = 16.0.30717.126
MinimumVisualStudioVersion = 10.0.40219.1
Project("{FAE04EC0-301F-11D3-BF4B-00C04F79EFBC}") = "StardewValleyDRP", "StardewValleyDRP\StardewValleyDRP.csproj", "{4410AEE3-1025-4292-9979-F200E84E8C10}"
EndProject
Global
	GlobalSection(SolutionConfigurationPlatforms) = preSolution
		Debug|Any CPU = Debug|Any CPU
		Release|Any CPU = Release|Any CPU
	EndGlobalSection
	GlobalSection(ProjectConfigurationPlatforms) = postSolution
		{4410AEE3-1025-4292-9979-F200E84E8C10}.Debug|Any CPU.ActiveCfg = Debug|Any CPU
		{4410AEE3-1025-4292-9979-F200E84E8C10}.Debug|Any CPU.Build.0 = Debug|Any CPU
		{4410AEE3-1025-4292-9979-F200E84E8C10}.Release|Any CPU.ActiveCfg = Release|Any CPU
		{4410AEE3-1025-4292-9979-F200E84E8C10}.Release|Any CPU.Build.0 = Release|Any CPU
	EndGlobalSection
	GlobalSection(SolutionProperties) = preSolution
		HideSolutionNode = FALSE
	EndGlobalSection
	GlobalSection(ExtensibilityGlobals) = postSolution
		SolutionGuid = {6041C372-0569-48C3-BDD8-3B06BD8396CC}
	EndGlobalSection
EndGlobal
