Microsoft Visual Studio Solution File, Format Version 12.00
# Visual Studio Version 17
VisualStudioVersion = 17.5.33530.505
MinimumVisualStudioVersion = 10.0.40219.1
Project("{9A19103F-16F7-4668-BE54-9A1E7A4F7556}") = "AutoGate", "AutoGate\AutoGate.csproj", "{81DADD9E-64CA-48AB-8712-3582227CA7F8}"
EndProject
Project("{9A19103F-16F7-4668-BE54-9A1E7A4F7556}") = "InventoryCycle", "InventoryCycle\InventoryCycle.csproj", "{2C185793-14A0-420B-969F-958E1F7B9F3E}"
EndProject
Project("{9A19103F-16F7-4668-BE54-9A1E7A4F7556}") = "RopeBridge", "RopeBridge\RopeBridge.csproj", "{10498F04-C89F-41E6-AAA6-975931B66C92}"
EndProject
Project("{2150E333-8FDC-42A3-9474-1A3956D46DE8}") = ".root", ".root", "{AD012FFC-C998-48CE-9480-B7EB153AEE42}"
	ProjectSection(SolutionItems) = preProject
		.editorconfig = .editorconfig
		.gitattributes = .gitattributes
		.gitignore = .gitignore
		LICENSE = LICENSE
		README.md = README.md
	EndProjectSection
EndProject
Project("{D954291E-2A0B-460D-934E-DC6B0785DB48}") = "_Common", "_Common\_Common.shproj", "{EA5B9180-1C04-46CA-9997-A3ACFABDB532}"
EndProject
Global
	GlobalSection(SolutionConfigurationPlatforms) = preSolution
		Debug|Any CPU = Debug|Any CPU
		Release|Any CPU = Release|Any CPU
	EndGlobalSection
	GlobalSection(ProjectConfigurationPlatforms) = postSolution
		{81DADD9E-64CA-48AB-8712-3582227CA7F8}.Debug|Any CPU.ActiveCfg = Debug|Any CPU
		{81DADD9E-64CA-48AB-8712-3582227CA7F8}.Debug|Any CPU.Build.0 = Debug|Any CPU
		{81DADD9E-64CA-48AB-8712-3582227CA7F8}.Release|Any CPU.ActiveCfg = Release|Any CPU
		{81DADD9E-64CA-48AB-8712-3582227CA7F8}.Release|Any CPU.Build.0 = Release|Any CPU
		{2C185793-14A0-420B-969F-958E1F7B9F3E}.Debug|Any CPU.ActiveCfg = Debug|Any CPU
		{2C185793-14A0-420B-969F-958E1F7B9F3E}.Debug|Any CPU.Build.0 = Debug|Any CPU
		{2C185793-14A0-420B-969F-958E1F7B9F3E}.Release|Any CPU.ActiveCfg = Release|Any CPU
		{2C185793-14A0-420B-969F-958E1F7B9F3E}.Release|Any CPU.Build.0 = Release|Any CPU
		{10498F04-C89F-41E6-AAA6-975931B66C92}.Debug|Any CPU.ActiveCfg = Debug|Any CPU
		{10498F04-C89F-41E6-AAA6-975931B66C92}.Debug|Any CPU.Build.0 = Debug|Any CPU
		{10498F04-C89F-41E6-AAA6-975931B66C92}.Release|Any CPU.ActiveCfg = Release|Any CPU
		{10498F04-C89F-41E6-AAA6-975931B66C92}.Release|Any CPU.Build.0 = Release|Any CPU
	EndGlobalSection
	GlobalSection(SolutionProperties) = preSolution
		HideSolutionNode = FALSE
	EndGlobalSection
	GlobalSection(ExtensibilityGlobals) = postSolution
		SolutionGuid = {E00FCE90-6ABE-4799-B2C6-4BCB5EF39C8D}
	EndGlobalSection
	GlobalSection(SharedMSBuildProjectFiles) = preSolution
		_Common\_Common.projitems*{10498f04-c89f-41e6-aaa6-975931b66c92}*SharedItemsImports = 5
		_Common\_Common.projitems*{2c185793-14a0-420b-969f-958e1f7b9f3e}*SharedItemsImports = 5
		_Common\_Common.projitems*{81dadd9e-64ca-48ab-8712-3582227ca7f8}*SharedItemsImports = 5
		_Common\_Common.projitems*{ea5b9180-1c04-46ca-9997-a3acfabdb532}*SharedItemsImports = 13
	EndGlobalSection
EndGlobal
