
Microsoft Visual Studio Solution File, Format Version 12.00
# Visual Studio Version 17
VisualStudioVersion = 17.6.33829.357
MinimumVisualStudioVersion = 10.0.40219.1
Project("{9A19103F-16F7-4668-BE54-9A1E7A4F7556}") = "BinningSkill", "BinningSkill\BinningSkill.csproj", "{80C3C0C2-F6B1-4F42-93C2-78D72C435978}"
EndProject
Project("{9A19103F-16F7-4668-BE54-9A1E7A4F7556}") = "PanningUpgrades", "PanningUpgrades\PanningUpgrades.csproj", "{6B0AA4ED-834C-4AF1-A64B-0EFC01A02A61}"
EndProject
Project("{9A19103F-16F7-4668-BE54-9A1E7A4F7556}") = "RanchingToolUpgrades", "RanchingToolUpgrades\RanchingToolUpgrades.csproj", "{D77594C7-ED2D-48B1-9F39-373F20F1B7E9}"
EndProject
Project("{2150E333-8FDC-42A3-9474-1A3956D46DE8}") = "_root", "_root", "{7BB5EFE4-05AA-48E1-BA1C-5F7F0599381E}"
	ProjectSection(SolutionItems) = preProject
		.editorconfig = .editorconfig
		.gitignore = .gitignore
		common-contentpatcher.targets = common-contentpatcher.targets
		common-spacecore.targets = common-spacecore.targets
		common.targets = common.targets
		LICENSE.txt = LICENSE.txt
		README.md = README.md
	EndProjectSection
EndProject
Project("{9A19103F-16F7-4668-BE54-9A1E7A4F7556}") = "SocializingSkill", "SocializingSkill\SocializingSkill.csproj", "{20FAF7EA-1817-4A07-84B1-7AA7CF08536A}"
EndProject
Project("{9A19103F-16F7-4668-BE54-9A1E7A4F7556}") = "WinterStarSpouse", "WinterStarSpouse\WinterStarSpouse.csproj", "{797A1209-B2E4-4BC9-8503-354F32B3ABF9}"
EndProject
Project("{9A19103F-16F7-4668-BE54-9A1E7A4F7556}") = "BetterFestivalNotifications", "BetterFestivalNotifications\BetterFestivalNotifications.csproj", "{BCFF64B5-9EA5-4CCD-972D-108A97F389E4}"
EndProject
Project("{D954291E-2A0B-460D-934E-DC6B0785DB48}") = "BirbSharedSpaceCore", "BirbSharedSpaceCore\BirbSharedSpaceCore.shproj", "{19CEDB88-A912-48DA-B35D-FCE2509E70E6}"
EndProject
Project("{9A19103F-16F7-4668-BE54-9A1E7A4F7556}") = "JunimoKartGlobalRankings", "JunimoKartGlobalRankings\JunimoKartGlobalRankings.csproj", "{4C0316A5-1EC3-423D-9CA7-4BC95EAEB983}"
EndProject
Project("{9A19103F-16F7-4668-BE54-9A1E7A4F7556}") = "LeaderboardLibrary", "LeaderboardLibrary\LeaderboardLibrary.csproj", "{11798AF2-2E08-4283-8232-6FCB5997D109}"
EndProject
Project("{9A19103F-16F7-4668-BE54-9A1E7A4F7556}") = "GameboyArcade", "GameboyArcade\GameboyArcade.csproj", "{8EC72E05-8280-4CA2-983F-D1FB714B988B}"
EndProject
Project("{9A19103F-16F7-4668-BE54-9A1E7A4F7556}") = "LookToTheSky", "LookToTheSky\LookToTheSky.csproj", "{DC696FFF-95A2-4AEE-BBBF-A5AF4EFFEE4F}"
EndProject
Project("{9A19103F-16F7-4668-BE54-9A1E7A4F7556}") = "SlimingSkill", "SlimingSkill\SlimingSkill.csproj", "{CFE328E9-D6C0-4565-8168-504B8506C25C}"
EndProject
Project("{9A19103F-16F7-4668-BE54-9A1E7A4F7556}") = "MagicSkillPageIcon", "MagicSkillPageIcon\MagicSkillPageIcon.csproj", "{18BDA79E-C6BB-49B3-90F0-D85C1048ADCE}"
EndProject
Project("{9A19103F-16F7-4668-BE54-9A1E7A4F7556}") = "RealtimeFramework", "RealtimeTokens\RealtimeFramework.csproj", "{A8419860-CE08-4545-A5E7-3BA1F41FFF2C}"
EndProject
Project("{D954291E-2A0B-460D-934E-DC6B0785DB48}") = "HalloweenSeason", "HalloweenSeason\HalloweenSeason.shproj", "{100172ED-9F1B-4D78-8B4F-BB5C4F72537B}"
EndProject
Project("{9A19103F-16F7-4668-BE54-9A1E7A4F7556}") = "BirbCore", "BirbCore\BirbCore.csproj", "{8223E80F-03F0-4527-80A9-0D2E7B76A7EE}"
EndProject
Project("{D954291E-2A0B-460D-934E-DC6B0785DB48}") = "GameboyArcadeTests", "GameboyArcadeTests\GameboyArcadeTests.shproj", "{B091A772-70C1-4AA6-B2C2-93E9E06B8C07}"
EndProject
Project("{D954291E-2A0B-460D-934E-DC6B0785DB48}") = "GameboyArcadeTemplate", "GameboyArcadeTemplate\GameboyArcadeTemplate.shproj", "{65C1A80E-01D8-4652-A109-3FB1FCC789BF}"
EndProject
Project("{FAE04EC0-301F-11D3-BF4B-00C04F79EFBC}") = "PuzzleFloor", "PuzzleFloor\PuzzleFloor.csproj", "{854F3EA8-FB39-4079-A258-BA468822126E}"
EndProject
Global
	GlobalSection(SolutionConfigurationPlatforms) = preSolution
		Debug|Any CPU = Debug|Any CPU
		Release|Any CPU = Release|Any CPU
	EndGlobalSection
	GlobalSection(ProjectConfigurationPlatforms) = postSolution
		{80C3C0C2-F6B1-4F42-93C2-78D72C435978}.Debug|Any CPU.ActiveCfg = Debug|Any CPU
		{80C3C0C2-F6B1-4F42-93C2-78D72C435978}.Debug|Any CPU.Build.0 = Debug|Any CPU
		{80C3C0C2-F6B1-4F42-93C2-78D72C435978}.Release|Any CPU.ActiveCfg = Release|Any CPU
		{80C3C0C2-F6B1-4F42-93C2-78D72C435978}.Release|Any CPU.Build.0 = Release|Any CPU
		{6B0AA4ED-834C-4AF1-A64B-0EFC01A02A61}.Debug|Any CPU.ActiveCfg = Debug|Any CPU
		{6B0AA4ED-834C-4AF1-A64B-0EFC01A02A61}.Debug|Any CPU.Build.0 = Debug|Any CPU
		{6B0AA4ED-834C-4AF1-A64B-0EFC01A02A61}.Release|Any CPU.ActiveCfg = Release|Any CPU
		{6B0AA4ED-834C-4AF1-A64B-0EFC01A02A61}.Release|Any CPU.Build.0 = Release|Any CPU
		{D77594C7-ED2D-48B1-9F39-373F20F1B7E9}.Debug|Any CPU.ActiveCfg = Debug|Any CPU
		{D77594C7-ED2D-48B1-9F39-373F20F1B7E9}.Debug|Any CPU.Build.0 = Debug|Any CPU
		{D77594C7-ED2D-48B1-9F39-373F20F1B7E9}.Release|Any CPU.ActiveCfg = Release|Any CPU
		{D77594C7-ED2D-48B1-9F39-373F20F1B7E9}.Release|Any CPU.Build.0 = Release|Any CPU
		{20FAF7EA-1817-4A07-84B1-7AA7CF08536A}.Debug|Any CPU.ActiveCfg = Debug|Any CPU
		{20FAF7EA-1817-4A07-84B1-7AA7CF08536A}.Debug|Any CPU.Build.0 = Debug|Any CPU
		{20FAF7EA-1817-4A07-84B1-7AA7CF08536A}.Release|Any CPU.ActiveCfg = Release|Any CPU
		{20FAF7EA-1817-4A07-84B1-7AA7CF08536A}.Release|Any CPU.Build.0 = Release|Any CPU
		{797A1209-B2E4-4BC9-8503-354F32B3ABF9}.Debug|Any CPU.ActiveCfg = Debug|Any CPU
		{797A1209-B2E4-4BC9-8503-354F32B3ABF9}.Debug|Any CPU.Build.0 = Debug|Any CPU
		{797A1209-B2E4-4BC9-8503-354F32B3ABF9}.Release|Any CPU.ActiveCfg = Release|Any CPU
		{797A1209-B2E4-4BC9-8503-354F32B3ABF9}.Release|Any CPU.Build.0 = Release|Any CPU
		{BCFF64B5-9EA5-4CCD-972D-108A97F389E4}.Debug|Any CPU.ActiveCfg = Debug|Any CPU
		{BCFF64B5-9EA5-4CCD-972D-108A97F389E4}.Debug|Any CPU.Build.0 = Debug|Any CPU
		{BCFF64B5-9EA5-4CCD-972D-108A97F389E4}.Release|Any CPU.ActiveCfg = Release|Any CPU
		{BCFF64B5-9EA5-4CCD-972D-108A97F389E4}.Release|Any CPU.Build.0 = Release|Any CPU
		{4C0316A5-1EC3-423D-9CA7-4BC95EAEB983}.Debug|Any CPU.ActiveCfg = Debug|Any CPU
		{4C0316A5-1EC3-423D-9CA7-4BC95EAEB983}.Debug|Any CPU.Build.0 = Debug|Any CPU
		{4C0316A5-1EC3-423D-9CA7-4BC95EAEB983}.Release|Any CPU.ActiveCfg = Release|Any CPU
		{4C0316A5-1EC3-423D-9CA7-4BC95EAEB983}.Release|Any CPU.Build.0 = Release|Any CPU
		{11798AF2-2E08-4283-8232-6FCB5997D109}.Debug|Any CPU.ActiveCfg = Debug|Any CPU
		{11798AF2-2E08-4283-8232-6FCB5997D109}.Debug|Any CPU.Build.0 = Debug|Any CPU
		{11798AF2-2E08-4283-8232-6FCB5997D109}.Release|Any CPU.ActiveCfg = Release|Any CPU
		{11798AF2-2E08-4283-8232-6FCB5997D109}.Release|Any CPU.Build.0 = Release|Any CPU
		{8EC72E05-8280-4CA2-983F-D1FB714B988B}.Debug|Any CPU.ActiveCfg = Debug|Any CPU
		{8EC72E05-8280-4CA2-983F-D1FB714B988B}.Debug|Any CPU.Build.0 = Debug|Any CPU
		{8EC72E05-8280-4CA2-983F-D1FB714B988B}.Release|Any CPU.ActiveCfg = Release|Any CPU
		{8EC72E05-8280-4CA2-983F-D1FB714B988B}.Release|Any CPU.Build.0 = Release|Any CPU
		{DC696FFF-95A2-4AEE-BBBF-A5AF4EFFEE4F}.Debug|Any CPU.ActiveCfg = Debug|Any CPU
		{DC696FFF-95A2-4AEE-BBBF-A5AF4EFFEE4F}.Debug|Any CPU.Build.0 = Debug|Any CPU
		{DC696FFF-95A2-4AEE-BBBF-A5AF4EFFEE4F}.Release|Any CPU.ActiveCfg = Release|Any CPU
		{DC696FFF-95A2-4AEE-BBBF-A5AF4EFFEE4F}.Release|Any CPU.Build.0 = Release|Any CPU
		{CFE328E9-D6C0-4565-8168-504B8506C25C}.Debug|Any CPU.ActiveCfg = Debug|Any CPU
		{CFE328E9-D6C0-4565-8168-504B8506C25C}.Debug|Any CPU.Build.0 = Debug|Any CPU
		{CFE328E9-D6C0-4565-8168-504B8506C25C}.Release|Any CPU.ActiveCfg = Release|Any CPU
		{CFE328E9-D6C0-4565-8168-504B8506C25C}.Release|Any CPU.Build.0 = Release|Any CPU
		{18BDA79E-C6BB-49B3-90F0-D85C1048ADCE}.Debug|Any CPU.ActiveCfg = Debug|Any CPU
		{18BDA79E-C6BB-49B3-90F0-D85C1048ADCE}.Debug|Any CPU.Build.0 = Debug|Any CPU
		{18BDA79E-C6BB-49B3-90F0-D85C1048ADCE}.Release|Any CPU.ActiveCfg = Release|Any CPU
		{18BDA79E-C6BB-49B3-90F0-D85C1048ADCE}.Release|Any CPU.Build.0 = Release|Any CPU
		{A8419860-CE08-4545-A5E7-3BA1F41FFF2C}.Debug|Any CPU.ActiveCfg = Debug|Any CPU
		{A8419860-CE08-4545-A5E7-3BA1F41FFF2C}.Debug|Any CPU.Build.0 = Debug|Any CPU
		{A8419860-CE08-4545-A5E7-3BA1F41FFF2C}.Release|Any CPU.ActiveCfg = Release|Any CPU
		{A8419860-CE08-4545-A5E7-3BA1F41FFF2C}.Release|Any CPU.Build.0 = Release|Any CPU
		{8223E80F-03F0-4527-80A9-0D2E7B76A7EE}.Debug|Any CPU.ActiveCfg = Debug|Any CPU
		{8223E80F-03F0-4527-80A9-0D2E7B76A7EE}.Debug|Any CPU.Build.0 = Debug|Any CPU
		{8223E80F-03F0-4527-80A9-0D2E7B76A7EE}.Release|Any CPU.ActiveCfg = Release|Any CPU
		{8223E80F-03F0-4527-80A9-0D2E7B76A7EE}.Release|Any CPU.Build.0 = Release|Any CPU
		{854F3EA8-FB39-4079-A258-BA468822126E}.Debug|Any CPU.ActiveCfg = Debug|Any CPU
		{854F3EA8-FB39-4079-A258-BA468822126E}.Debug|Any CPU.Build.0 = Debug|Any CPU
		{854F3EA8-FB39-4079-A258-BA468822126E}.Release|Any CPU.ActiveCfg = Release|Any CPU
		{854F3EA8-FB39-4079-A258-BA468822126E}.Release|Any CPU.Build.0 = Release|Any CPU
	EndGlobalSection
	GlobalSection(SolutionProperties) = preSolution
		HideSolutionNode = FALSE
	EndGlobalSection
	GlobalSection(ExtensibilityGlobals) = postSolution
		SolutionGuid = {2CC4FC86-39C6-4152-8058-FE3B146896A6}
	EndGlobalSection
	GlobalSection(SharedMSBuildProjectFiles) = preSolution
		HalloweenSeason\HalloweenSeason.projitems*{100172ed-9f1b-4d78-8b4f-bb5c4f72537b}*SharedItemsImports = 13
		BirbSharedSpaceCore\BirbSharedSpaceCore.projitems*{19cedb88-a912-48da-b35d-fce2509e70e6}*SharedItemsImports = 13
		GameboyArcadeTemplate\GameboyArcadeTemplate.projitems*{65c1a80e-01d8-4652-a109-3fb1fcc789bf}*SharedItemsImports = 13
		GameboyArcadeTests\GameboyArcadeTests.projitems*{b091a772-70c1-4aa6-b2c2-93e9e06b8c07}*SharedItemsImports = 13
	EndGlobalSection
EndGlobal
