
Microsoft Visual Studio Solution File, Format Version 12.00
# Visual Studio Version 16
VisualStudioVersion = 16.0.30002.166
MinimumVisualStudioVersion = 10.0.40219.1
Project("{FAE04EC0-301F-11D3-BF4B-00C04F79EFBC}") = "CasualLife", "CasualLife\CasualLife.csproj", "{7E8A1B66-BC05-4C59-92F4-869612E0EB8B}"
EndProject
Global
	GlobalSection(SolutionConfigurationPlatforms) = preSolution
		Debug|Any CPU = Debug|Any CPU
		Release|Any CPU = Release|Any CPU
	EndGlobalSection
	GlobalSection(ProjectConfigurationPlatforms) = postSolution
		{7E8A1B66-BC05-4C59-92F4-869612E0EB8B}.Debug|Any CPU.ActiveCfg = Debug|Any CPU
		{7E8A1B66-BC05-4C59-92F4-869612E0EB8B}.Debug|Any CPU.Build.0 = Debug|Any CPU
		{7E8A1B66-BC05-4C59-92F4-869612E0EB8B}.Release|Any CPU.ActiveCfg = Release|Any CPU
		{7E8A1B66-BC05-4C59-92F4-869612E0EB8B}.Release|Any CPU.Build.0 = Release|Any CPU
	EndGlobalSection
	GlobalSection(SolutionProperties) = preSolution
		HideSolutionNode = FALSE
	EndGlobalSection
	GlobalSection(ExtensibilityGlobals) = postSolution
		SolutionGuid = {8D5C60F8-5234-4A3B-8309-4A68020292F6}
	EndGlobalSection
EndGlobal
