
Microsoft Visual Studio Solution File, Format Version 12.00
# Visual Studio Version 17
VisualStudioVersion = 17.7.34202.233
MinimumVisualStudioVersion = 10.0.40219.1
Project("{9A19103F-16F7-4668-BE54-9A1E7A4F7556}") = "AllowBeachSprinklers", "AllowBeachSprinklers\AllowBeachSprinklers.csproj", "{965CEE22-9B66-4885-8A43-ACA4243D7D78}"
EndProject
Project("{9A19103F-16F7-4668-BE54-9A1E7A4F7556}") = "AutoShaker", "AutoShaker\AutoShaker.csproj", "{E2E65BA0-EDF0-4DD1-BCF1-524B92C2377C}"
EndProject
Global
	GlobalSection(SolutionConfigurationPlatforms) = preSolution
		Debug|Any CPU = Debug|Any CPU
		Release|Any CPU = Release|Any CPU
	EndGlobalSection
	GlobalSection(ProjectConfigurationPlatforms) = postSolution
		{965CEE22-9B66-4885-8A43-ACA4243D7D78}.Debug|Any CPU.ActiveCfg = Debug|Any CPU
		{965CEE22-9B66-4885-8A43-ACA4243D7D78}.Debug|Any CPU.Build.0 = Debug|Any CPU
		{965CEE22-9B66-4885-8A43-ACA4243D7D78}.Release|Any CPU.ActiveCfg = Release|Any CPU
		{965CEE22-9B66-4885-8A43-ACA4243D7D78}.Release|Any CPU.Build.0 = Release|Any CPU
		{E2E65BA0-EDF0-4DD1-BCF1-524B92C2377C}.Debug|Any CPU.ActiveCfg = Debug|Any CPU
		{E2E65BA0-EDF0-4DD1-BCF1-524B92C2377C}.Debug|Any CPU.Build.0 = Debug|Any CPU
		{E2E65BA0-EDF0-4DD1-BCF1-524B92C2377C}.Release|Any CPU.ActiveCfg = Release|Any CPU
		{E2E65BA0-EDF0-4DD1-BCF1-524B92C2377C}.Release|Any CPU.Build.0 = Release|Any CPU
	EndGlobalSection
	GlobalSection(SolutionProperties) = preSolution
		HideSolutionNode = FALSE
	EndGlobalSection
	GlobalSection(ExtensibilityGlobals) = postSolution
		SolutionGuid = {0A03CBE3-E271-4626-8494-2FB6A6D9647A}
	EndGlobalSection
EndGlobal
