
Microsoft Visual Studio Solution File, Format Version 12.00
# Visual Studio 15
VisualStudioVersion = 15.0.28010.2050
MinimumVisualStudioVersion = 10.0.40219.1
Project("{FAE04EC0-301F-11D3-BF4B-00C04F79EFBC}") = "BNC", "BNC\BNC.csproj", "{63A7692E-BABE-4B01-A6BE-9F78B5CD1B88}"
EndProject
Global
	GlobalSection(SolutionConfigurationPlatforms) = preSolution
		Debug|Any CPU = Debug|Any CPU
		Release|Any CPU = Release|Any CPU
	EndGlobalSection
	GlobalSection(ProjectConfigurationPlatforms) = postSolution
		{63A7692E-BABE-4B01-A6BE-9F78B5CD1B88}.Debug|Any CPU.ActiveCfg = Debug|Any CPU
		{63A7692E-BABE-4B01-A6BE-9F78B5CD1B88}.Debug|Any CPU.Build.0 = Debug|Any CPU
		{63A7692E-BABE-4B01-A6BE-9F78B5CD1B88}.Release|Any CPU.ActiveCfg = Release|Any CPU
		{63A7692E-BABE-4B01-A6BE-9F78B5CD1B88}.Release|Any CPU.Build.0 = Release|Any CPU
	EndGlobalSection
	GlobalSection(SolutionProperties) = preSolution
		HideSolutionNode = FALSE
	EndGlobalSection
	GlobalSection(ExtensibilityGlobals) = postSolution
		SolutionGuid = {3101A93F-373E-4D31-82B0-CD044A5D59F9}
	EndGlobalSection
EndGlobal
