
Microsoft Visual Studio Solution File, Format Version 12.00
# Visual Studio Version 17
VisualStudioVersion = 17.9.34723.18
MinimumVisualStudioVersion = 10.0.40219.1
Project("{FAE04EC0-301F-11D3-BF4B-00C04F79EFBC}") = "SprinklerActivation", "SprinklerActivation.csproj", "{0AB5AB15-5498-423E-A58E-2C5A7404A3CC}"
EndProject
Global
	GlobalSection(SolutionConfigurationPlatforms) = preSolution
		Debug|Any CPU = Debug|Any CPU
		Release|Any CPU = Release|Any CPU
	EndGlobalSection
	GlobalSection(ProjectConfigurationPlatforms) = postSolution
		{0AB5AB15-5498-423E-A58E-2C5A7404A3CC}.Debug|Any CPU.ActiveCfg = Debug|Any CPU
		{0AB5AB15-5498-423E-A58E-2C5A7404A3CC}.Debug|Any CPU.Build.0 = Debug|Any CPU
		{0AB5AB15-5498-423E-A58E-2C5A7404A3CC}.Release|Any CPU.ActiveCfg = Release|Any CPU
		{0AB5AB15-5498-423E-A58E-2C5A7404A3CC}.Release|Any CPU.Build.0 = Release|Any CPU
	EndGlobalSection
	GlobalSection(SolutionProperties) = preSolution
		HideSolutionNode = FALSE
	EndGlobalSection
	GlobalSection(ExtensibilityGlobals) = postSolution
		SolutionGuid = {051A613C-7404-4AA4-A6DF-EDF876932BE3}
	EndGlobalSection
EndGlobal
