
Microsoft Visual Studio Solution File, Format Version 12.00
# Visual Studio Version 17
VisualStudioVersion = 17.5.33414.496
MinimumVisualStudioVersion = 10.0.40219.1
Project("{FAE04EC0-301F-11D3-BF4B-00C04F79EFBC}") = "LightSwitch", "LightSwitch.csproj", "{B82B5FA5-76B9-4C97-BA4F-A8E6D544BF20}"
EndProject
Global
	GlobalSection(SolutionConfigurationPlatforms) = preSolution
		Debug|Any CPU = Debug|Any CPU
		Release|Any CPU = Release|Any CPU
	EndGlobalSection
	GlobalSection(ProjectConfigurationPlatforms) = postSolution
		{B82B5FA5-76B9-4C97-BA4F-A8E6D544BF20}.Debug|Any CPU.ActiveCfg = Debug|Any CPU
		{B82B5FA5-76B9-4C97-BA4F-A8E6D544BF20}.Debug|Any CPU.Build.0 = Debug|Any CPU
		{B82B5FA5-76B9-4C97-BA4F-A8E6D544BF20}.Release|Any CPU.ActiveCfg = Release|Any CPU
		{B82B5FA5-76B9-4C97-BA4F-A8E6D544BF20}.Release|Any CPU.Build.0 = Release|Any CPU
	EndGlobalSection
	GlobalSection(SolutionProperties) = preSolution
		HideSolutionNode = FALSE
	EndGlobalSection
	GlobalSection(ExtensibilityGlobals) = postSolution
		SolutionGuid = {DD7D0569-357B-4EC8-A591-C8F147C09A19}
	EndGlobalSection
EndGlobal
