
Microsoft Visual Studio Solution File, Format Version 12.00
# Visual Studio Version 16
VisualStudioVersion = 16.0.28407.52
MinimumVisualStudioVersion = 10.0.40219.1
Project("{2150E333-8FDC-42A3-9474-1A3956D46DE8}") = "root", "root", "{F5587F0D-F334-41FB-8399-73D1EA59D810}"
	ProjectSection(SolutionItems) = preProject
		.gitattributes = .gitattributes
		.gitignore = .gitignore
		LICENSE = LICENSE
		README.md = README.md
	EndProjectSection
EndProject
Project("{9A19103F-16F7-4668-BE54-9A1E7A4F7556}") = "AllProfessions", "AllProfessions\AllProfessions.csproj", "{61B4E7B9-67AE-4505-8B79-53AA6998BC06}"
EndProject
Project("{9A19103F-16F7-4668-BE54-9A1E7A4F7556}") = "InstantGrowTrees", "InstantGrowTrees\InstantGrowTrees.csproj", "{D136C634-758D-4506-92F2-66F69AC9E9AF}"
EndProject
Project("{9A19103F-16F7-4668-BE54-9A1E7A4F7556}") = "RecatchLegendaryFish", "RecatchLegendaryFish\RecatchLegendaryFish.csproj", "{30501CC8-BACF-4407-87C2-3C14144F0AB2}"
EndProject
Project("{9A19103F-16F7-4668-BE54-9A1E7A4F7556}") = "TimeSpeed", "TimeSpeed\TimeSpeed.csproj", "{2F957F88-C55D-4EE1-AEB5-9A403076C5A9}"
EndProject
Global
	GlobalSection(SolutionConfigurationPlatforms) = preSolution
		Debug|x86 = Debug|x86
		Release|x86 = Release|x86
	EndGlobalSection
	GlobalSection(ProjectConfigurationPlatforms) = postSolution
		{61B4E7B9-67AE-4505-8B79-53AA6998BC06}.Debug|x86.ActiveCfg = Debug|x86
		{61B4E7B9-67AE-4505-8B79-53AA6998BC06}.Debug|x86.Build.0 = Debug|x86
		{61B4E7B9-67AE-4505-8B79-53AA6998BC06}.Release|x86.ActiveCfg = Release|x86
		{61B4E7B9-67AE-4505-8B79-53AA6998BC06}.Release|x86.Build.0 = Release|x86
		{D136C634-758D-4506-92F2-66F69AC9E9AF}.Debug|x86.ActiveCfg = Debug|x86
		{D136C634-758D-4506-92F2-66F69AC9E9AF}.Debug|x86.Build.0 = Debug|x86
		{D136C634-758D-4506-92F2-66F69AC9E9AF}.Release|x86.ActiveCfg = Release|x86
		{D136C634-758D-4506-92F2-66F69AC9E9AF}.Release|x86.Build.0 = Release|x86
		{30501CC8-BACF-4407-87C2-3C14144F0AB2}.Debug|x86.ActiveCfg = Debug|x86
		{30501CC8-BACF-4407-87C2-3C14144F0AB2}.Debug|x86.Build.0 = Debug|x86
		{30501CC8-BACF-4407-87C2-3C14144F0AB2}.Release|x86.ActiveCfg = Release|x86
		{30501CC8-BACF-4407-87C2-3C14144F0AB2}.Release|x86.Build.0 = Release|x86
		{2F957F88-C55D-4EE1-AEB5-9A403076C5A9}.Debug|x86.ActiveCfg = Debug|x86
		{2F957F88-C55D-4EE1-AEB5-9A403076C5A9}.Debug|x86.Build.0 = Debug|x86
		{2F957F88-C55D-4EE1-AEB5-9A403076C5A9}.Release|x86.ActiveCfg = Release|x86
		{2F957F88-C55D-4EE1-AEB5-9A403076C5A9}.Release|x86.Build.0 = Release|x86
	EndGlobalSection
	GlobalSection(SolutionProperties) = preSolution
		HideSolutionNode = FALSE
	EndGlobalSection
	GlobalSection(ExtensibilityGlobals) = postSolution
		SolutionGuid = {6137C2AA-6652-4A74-885B-7A0ADC70765E}
	EndGlobalSection
EndGlobal
