
Microsoft Visual Studio Solution File, Format Version 12.00
# Visual Studio 15
VisualStudioVersion = 15.0.28307.539
MinimumVisualStudioVersion = 10.0.40219.1
Project("{FAE04EC0-301F-11D3-BF4B-00C04F79EFBC}") = "TimeNotifier", "TimeNotifier\TimeNotifier.csproj", "{3529F29C-2832-409E-84D8-408E09651AE5}"
EndProject
Project("{FAE04EC0-301F-11D3-BF4B-00C04F79EFBC}") = "AfkTimer", "AfkTimer\AfkTimer.csproj", "{C332C575-ACFA-438A-AD4E-9AF10344F0A8}"
EndProject
Global
	GlobalSection(SolutionConfigurationPlatforms) = preSolution
		Debug|Any CPU = Debug|Any CPU
		Release|Any CPU = Release|Any CPU
	EndGlobalSection
	GlobalSection(ProjectConfigurationPlatforms) = postSolution
		{3529F29C-2832-409E-84D8-408E09651AE5}.Debug|Any CPU.ActiveCfg = Debug|Any CPU
		{3529F29C-2832-409E-84D8-408E09651AE5}.Debug|Any CPU.Build.0 = Debug|Any CPU
		{3529F29C-2832-409E-84D8-408E09651AE5}.Release|Any CPU.ActiveCfg = Release|Any CPU
		{3529F29C-2832-409E-84D8-408E09651AE5}.Release|Any CPU.Build.0 = Release|Any CPU
		{C332C575-ACFA-438A-AD4E-9AF10344F0A8}.Debug|Any CPU.ActiveCfg = Debug|Any CPU
		{C332C575-ACFA-438A-AD4E-9AF10344F0A8}.Debug|Any CPU.Build.0 = Debug|Any CPU
		{C332C575-ACFA-438A-AD4E-9AF10344F0A8}.Release|Any CPU.ActiveCfg = Release|Any CPU
		{C332C575-ACFA-438A-AD4E-9AF10344F0A8}.Release|Any CPU.Build.0 = Release|Any CPU
	EndGlobalSection
	GlobalSection(SolutionProperties) = preSolution
		HideSolutionNode = FALSE
	EndGlobalSection
	GlobalSection(ExtensibilityGlobals) = postSolution
		SolutionGuid = {3922C0B1-0473-4062-AFA2-A1A42A3CA0E1}
	EndGlobalSection
EndGlobal
