
Microsoft Visual Studio Solution File, Format Version 12.00
# Visual Studio Version 17
VisualStudioVersion = 17.4.33122.133
MinimumVisualStudioVersion = 10.0.40219.1
Project("{FAE04EC0-301F-11D3-BF4B-00C04F79EFBC}") = "SeedMachines", "SeedMachines\SeedMachines.csproj", "{0CBD2889-E5F2-4A7E-9581-4ECD98BD91C8}"
EndProject
Global
	GlobalSection(SolutionConfigurationPlatforms) = preSolution
		Debug|Any CPU = Debug|Any CPU
		Release|Any CPU = Release|Any CPU
	EndGlobalSection
	GlobalSection(ProjectConfigurationPlatforms) = postSolution
		{0CBD2889-E5F2-4A7E-9581-4ECD98BD91C8}.Debug|Any CPU.ActiveCfg = Debug|Any CPU
		{0CBD2889-E5F2-4A7E-9581-4ECD98BD91C8}.Debug|Any CPU.Build.0 = Debug|Any CPU
		{0CBD2889-E5F2-4A7E-9581-4ECD98BD91C8}.Release|Any CPU.ActiveCfg = Release|Any CPU
		{0CBD2889-E5F2-4A7E-9581-4ECD98BD91C8}.Release|Any CPU.Build.0 = Release|Any CPU
	EndGlobalSection
	GlobalSection(SolutionProperties) = preSolution
		HideSolutionNode = FALSE
	EndGlobalSection
	GlobalSection(ExtensibilityGlobals) = postSolution
		SolutionGuid = {46A9DD15-04CE-4995-ABD0-0CDFCCF15259}
	EndGlobalSection
EndGlobal
