
Microsoft Visual Studio Solution File, Format Version 12.00
# Visual Studio 15
VisualStudioVersion = 15.0.27428.2015
MinimumVisualStudioVersion = 10.0.40219.1
Project("{FAE04EC0-301F-11D3-BF4B-00C04F79EFBC}") = "AudioDevices", "AudioDevices\AudioDevices.csproj", "{2E191F52-B921-4091-B7E2-49A8BBCE8F16}"
EndProject
Global
	GlobalSection(SolutionConfigurationPlatforms) = preSolution
		Debug|Any CPU = Debug|Any CPU
		Release|Any CPU = Release|Any CPU
	EndGlobalSection
	GlobalSection(ProjectConfigurationPlatforms) = postSolution
		{2E191F52-B921-4091-B7E2-49A8BBCE8F16}.Debug|Any CPU.ActiveCfg = Debug|Any CPU
		{2E191F52-B921-4091-B7E2-49A8BBCE8F16}.Debug|Any CPU.Build.0 = Debug|Any CPU
		{2E191F52-B921-4091-B7E2-49A8BBCE8F16}.Release|Any CPU.ActiveCfg = Release|Any CPU
		{2E191F52-B921-4091-B7E2-49A8BBCE8F16}.Release|Any CPU.Build.0 = Release|Any CPU
	EndGlobalSection
	GlobalSection(SolutionProperties) = preSolution
		HideSolutionNode = FALSE
	EndGlobalSection
	GlobalSection(ExtensibilityGlobals) = postSolution
		SolutionGuid = {5D539AC7-C4F4-4DD5-9938-33786CBDBD56}
	EndGlobalSection
EndGlobal
