
Microsoft Visual Studio Solution File, Format Version 12.00
# Visual Studio Version 17
VisualStudioVersion = 17.8.34330.188
MinimumVisualStudioVersion = 10.0.40219.1
Project("{FAE04EC0-301F-11D3-BF4B-00C04F79EFBC}") = "CraftAnything", "CraftAnything.csproj", "{803E3A40-0727-4FDA-ADA3-33447A7D87F2}"
EndProject
Global
	GlobalSection(SolutionConfigurationPlatforms) = preSolution
		Debug|Any CPU = Debug|Any CPU
		Release|Any CPU = Release|Any CPU
	EndGlobalSection
	GlobalSection(ProjectConfigurationPlatforms) = postSolution
		{803E3A40-0727-4FDA-ADA3-33447A7D87F2}.Debug|Any CPU.ActiveCfg = Debug|Any CPU
		{803E3A40-0727-4FDA-ADA3-33447A7D87F2}.Debug|Any CPU.Build.0 = Debug|Any CPU
		{803E3A40-0727-4FDA-ADA3-33447A7D87F2}.Release|Any CPU.ActiveCfg = Release|Any CPU
		{803E3A40-0727-4FDA-ADA3-33447A7D87F2}.Release|Any CPU.Build.0 = Release|Any CPU
	EndGlobalSection
	GlobalSection(SolutionProperties) = preSolution
		HideSolutionNode = FALSE
	EndGlobalSection
	GlobalSection(ExtensibilityGlobals) = postSolution
		SolutionGuid = {F82F03C2-4C51-45F2-A628-BC38A727702A}
	EndGlobalSection
EndGlobal
