
Microsoft Visual Studio Solution File, Format Version 12.00
# Visual Studio 15
VisualStudioVersion = 15.0.28307.779
MinimumVisualStudioVersion = 10.0.40219.1
Project("{FAE04EC0-301F-11D3-BF4B-00C04F79EFBC}") = "DailyScreenshotAndroid", "DailyScreenshotAndroid.csproj", "{DD196A2F-C6E1-4FDE-9F05-755114677E16}"
EndProject
Global
	GlobalSection(SolutionConfigurationPlatforms) = preSolution
		Debug|Any CPU = Debug|Any CPU
		Release|Any CPU = Release|Any CPU
	EndGlobalSection
	GlobalSection(ProjectConfigurationPlatforms) = postSolution
		{DD196A2F-C6E1-4FDE-9F05-755114677E16}.Debug|Any CPU.ActiveCfg = Debug|Any CPU
		{DD196A2F-C6E1-4FDE-9F05-755114677E16}.Debug|Any CPU.Build.0 = Debug|Any CPU
		{DD196A2F-C6E1-4FDE-9F05-755114677E16}.Release|Any CPU.ActiveCfg = Release|Any CPU
		{DD196A2F-C6E1-4FDE-9F05-755114677E16}.Release|Any CPU.Build.0 = Release|Any CPU
	EndGlobalSection
	GlobalSection(SolutionProperties) = preSolution
		HideSolutionNode = FALSE
	EndGlobalSection
	GlobalSection(ExtensibilityGlobals) = postSolution
		SolutionGuid = {585FB4A2-3EF6-4888-8C8D-DB02A7967FC2}
	EndGlobalSection
EndGlobal
