
Microsoft Visual Studio Solution File, Format Version 12.00
# Visual Studio 15
VisualStudioVersion = 15.0.27428.2015
MinimumVisualStudioVersion = 10.0.40219.1
Project("{FAE04EC0-301F-11D3-BF4B-00C04F79EFBC}") = "WindowResize", "StardewValleyModResize\WindowResize.csproj", "{282D986A-B393-46BB-8D9E-02DE41F05CB0}"
EndProject
Global
	GlobalSection(SolutionConfigurationPlatforms) = preSolution
		Debug|Any CPU = Debug|Any CPU
		Release|Any CPU = Release|Any CPU
	EndGlobalSection
	GlobalSection(ProjectConfigurationPlatforms) = postSolution
		{282D986A-B393-46BB-8D9E-02DE41F05CB0}.Debug|Any CPU.ActiveCfg = Debug|Any CPU
		{282D986A-B393-46BB-8D9E-02DE41F05CB0}.Debug|Any CPU.Build.0 = Debug|Any CPU
		{282D986A-B393-46BB-8D9E-02DE41F05CB0}.Release|Any CPU.ActiveCfg = Release|Any CPU
		{282D986A-B393-46BB-8D9E-02DE41F05CB0}.Release|Any CPU.Build.0 = Release|Any CPU
	EndGlobalSection
	GlobalSection(SolutionProperties) = preSolution
		HideSolutionNode = FALSE
	EndGlobalSection
	GlobalSection(ExtensibilityGlobals) = postSolution
		SolutionGuid = {244052A8-0AB6-438C-8B69-5DB50ADE6560}
	EndGlobalSection
EndGlobal
