
Microsoft Visual Studio Solution File, Format Version 12.00
# Visual Studio 15
VisualStudioVersion = 15.0.28307.421
MinimumVisualStudioVersion = 10.0.40219.1
Project("{FAE04EC0-301F-11D3-BF4B-00C04F79EFBC}") = "ChildBedConfig", "ChildBedConfig\ChildBedConfig.csproj", "{AA6185BC-9CE9-4AC9-986A-27123EF1E7CB}"
EndProject
Global
	GlobalSection(SolutionConfigurationPlatforms) = preSolution
		Debug|Any CPU = Debug|Any CPU
		Release|Any CPU = Release|Any CPU
	EndGlobalSection
	GlobalSection(ProjectConfigurationPlatforms) = postSolution
		{AA6185BC-9CE9-4AC9-986A-27123EF1E7CB}.Debug|Any CPU.ActiveCfg = Debug|Any CPU
		{AA6185BC-9CE9-4AC9-986A-27123EF1E7CB}.Debug|Any CPU.Build.0 = Debug|Any CPU
		{AA6185BC-9CE9-4AC9-986A-27123EF1E7CB}.Release|Any CPU.ActiveCfg = Release|Any CPU
		{AA6185BC-9CE9-4AC9-986A-27123EF1E7CB}.Release|Any CPU.Build.0 = Release|Any CPU
	EndGlobalSection
	GlobalSection(SolutionProperties) = preSolution
		HideSolutionNode = FALSE
	EndGlobalSection
	GlobalSection(ExtensibilityGlobals) = postSolution
		SolutionGuid = {F458702F-2A16-46F0-BDA4-0635DC96B7AD}
	EndGlobalSection
EndGlobal
