
Microsoft Visual Studio Solution File, Format Version 12.00
# Visual Studio Version 17
VisualStudioVersion = 17.0.31919.166
MinimumVisualStudioVersion = 10.0.40219.1
Project("{FAE04EC0-301F-11D3-BF4B-00C04F79EFBC}") = "ForgeMenuChoice", "ForgeMenuChoice\ForgeMenuChoice.csproj", "{C7BC20B0-502F-40DC-922A-B6A3203A4BF4}"
EndProject
Project("{D954291E-2A0B-460D-934E-DC6B0785DB48}") = "AtraBase", "..\AtraBase\AtraBase.shproj", "{2DB924CC-3230-4C0A-8E9B-967CDEDA2E23}"
EndProject
Project("{D954291E-2A0B-460D-934E-DC6B0785DB48}") = "AtraShared", "..\AtraShared\AtraShared.shproj", "{7119B285-0356-4CE5-ADCA-CC008E9315DA}"
EndProject
Global
	GlobalSection(SharedMSBuildProjectFiles) = preSolution
		..\AtraBase\AtraBase.projitems*{2db924cc-3230-4c0a-8e9b-967cdeda2e23}*SharedItemsImports = 13
		..\AtraShared\AtraShared.projitems*{7119b285-0356-4ce5-adca-cc008e9315da}*SharedItemsImports = 13
		..\AtraBase\AtraBase.projitems*{c7bc20b0-502f-40dc-922a-b6a3203a4bf4}*SharedItemsImports = 5
		..\AtraShared\AtraShared.projitems*{c7bc20b0-502f-40dc-922a-b6a3203a4bf4}*SharedItemsImports = 5
	EndGlobalSection
	GlobalSection(SolutionConfigurationPlatforms) = preSolution
		Debug|Any CPU = Debug|Any CPU
		Release|Any CPU = Release|Any CPU
	EndGlobalSection
	GlobalSection(ProjectConfigurationPlatforms) = postSolution
		{C7BC20B0-502F-40DC-922A-B6A3203A4BF4}.Debug|Any CPU.ActiveCfg = Debug|Any CPU
		{C7BC20B0-502F-40DC-922A-B6A3203A4BF4}.Debug|Any CPU.Build.0 = Debug|Any CPU
		{C7BC20B0-502F-40DC-922A-B6A3203A4BF4}.Release|Any CPU.ActiveCfg = Release|Any CPU
		{C7BC20B0-502F-40DC-922A-B6A3203A4BF4}.Release|Any CPU.Build.0 = Release|Any CPU
	EndGlobalSection
	GlobalSection(SolutionProperties) = preSolution
		HideSolutionNode = FALSE
	EndGlobalSection
	GlobalSection(ExtensibilityGlobals) = postSolution
		SolutionGuid = {0AB7561B-57FA-45EC-9AD4-DD131C9E3D48}
	EndGlobalSection
EndGlobal
