
Microsoft Visual Studio Solution File, Format Version 12.00
# Visual Studio Version 17
VisualStudioVersion = 17.7.34003.232
MinimumVisualStudioVersion = 10.0.40219.1
Project("{FAE04EC0-301F-11D3-BF4B-00C04F79EFBC}") = "HappyHomeDesigner", "HappyHomeDesigner.csproj", "{7DEB7A16-2E1A-4D08-8F95-B5191648ECDC}"
EndProject
Global
	GlobalSection(SolutionConfigurationPlatforms) = preSolution
		Debug|Any CPU = Debug|Any CPU
		Release|Any CPU = Release|Any CPU
	EndGlobalSection
	GlobalSection(ProjectConfigurationPlatforms) = postSolution
		{7DEB7A16-2E1A-4D08-8F95-B5191648ECDC}.Debug|Any CPU.ActiveCfg = Debug|Any CPU
		{7DEB7A16-2E1A-4D08-8F95-B5191648ECDC}.Debug|Any CPU.Build.0 = Debug|Any CPU
		{7DEB7A16-2E1A-4D08-8F95-B5191648ECDC}.Release|Any CPU.ActiveCfg = Release|Any CPU
		{7DEB7A16-2E1A-4D08-8F95-B5191648ECDC}.Release|Any CPU.Build.0 = Release|Any CPU
	EndGlobalSection
	GlobalSection(SolutionProperties) = preSolution
		HideSolutionNode = FALSE
	EndGlobalSection
	GlobalSection(ExtensibilityGlobals) = postSolution
		SolutionGuid = {2D2B3CF4-BAA7-4ED1-AC2D-F73F4E588AA3}
	EndGlobalSection
EndGlobal
