
Microsoft Visual Studio Solution File, Format Version 12.00
# Visual Studio Version 16
VisualStudioVersion = 25.0.1706.12
MinimumVisualStudioVersion = 10.0.40219.1
Project("{FAE04EC0-301F-11D3-BF4B-00C04F79EFBC}") = "ShroomSpotter", "ShroomSpotter.csproj", "{CC5EA938-C811-4A6B-9926-1EDB33BA4EE1}"
EndProject
Global
	GlobalSection(SolutionConfigurationPlatforms) = preSolution
		Debug|Any CPU = Debug|Any CPU
		Release|Any CPU = Release|Any CPU
	EndGlobalSection
	GlobalSection(ProjectConfigurationPlatforms) = postSolution
		{CC5EA938-C811-4A6B-9926-1EDB33BA4EE1}.Debug|Any CPU.ActiveCfg = Debug|Any CPU
		{CC5EA938-C811-4A6B-9926-1EDB33BA4EE1}.Debug|Any CPU.Build.0 = Debug|Any CPU
		{CC5EA938-C811-4A6B-9926-1EDB33BA4EE1}.Release|Any CPU.ActiveCfg = Release|Any CPU
		{CC5EA938-C811-4A6B-9926-1EDB33BA4EE1}.Release|Any CPU.Build.0 = Release|Any CPU
	EndGlobalSection
	GlobalSection(SolutionProperties) = preSolution
		HideSolutionNode = FALSE
	EndGlobalSection
	GlobalSection(ExtensibilityGlobals) = postSolution
		SolutionGuid = {F8E4A269-715C-4EA1-8774-8F03D2248500}
	EndGlobalSection
EndGlobal
